<?xml version="1.0" encoding="UTF-8"?>
<!DOCTYPE plist PUBLIC "-//Apple//DTD PLIST 1.0//EN" "http://www.apple.com/DTDs/PropertyList-1.0.dtd">
<plist version="1.0">
<dict>
	<key>archiveVersion</key>
	<string>1</string>
	<key>classes</key>
	<dict/>
	<key>objectVersion</key>
	<string>46</string>
	<key>objects</key>
	<dict>
		<key>65065F9E54B24817809E1FA3</key>
		<dict>
			<key>includeInIndex</key>
			<string>1</string>
			<key>isa</key>
			<string>PBXFileReference</string>
			<key>lastKnownFileType</key>
			<string>text.xcconfig</string>
			<key>name</key>
			<string>Pods.xcconfig</string>
			<key>path</key>
			<string>Pods/Pods.xcconfig</string>
			<key>sourceTree</key>
			<string>SOURCE_ROOT</string>
		</dict>
		<key>6819E2A4387D482BA784A8BD</key>
		<dict>
			<key>buildActionMask</key>
			<string>2147483647</string>
			<key>files</key>
			<array/>
			<key>inputPaths</key>
			<array/>
			<key>isa</key>
			<string>PBXShellScriptBuildPhase</string>
			<key>name</key>
			<string>Copy Pods Resources</string>
			<key>outputPaths</key>
			<array/>
			<key>runOnlyForDeploymentPostprocessing</key>
			<string>0</string>
			<key>shellPath</key>
			<string>/bin/sh</string>
			<key>shellScript</key>
			<string>"${SRCROOT}/Pods/Pods-resources.sh"
</string>
		</dict>
		<key>721561863FD544D59576037B</key>
		<dict>
			<key>explicitFileType</key>
			<string>archive.ar</string>
			<key>includeInIndex</key>
			<string>0</string>
			<key>isa</key>
			<string>PBXFileReference</string>
			<key>name</key>
			<string>libPods.a</string>
			<key>path</key>
			<string>libPods.a</string>
			<key>sourceTree</key>
			<string>BUILT_PRODUCTS_DIR</string>
		</dict>
		<key>88E694BD744B476AA888F999</key>
		<dict>
			<key>fileRef</key>
			<string>721561863FD544D59576037B</string>
			<key>isa</key>
			<string>PBXBuildFile</string>
		</dict>
		<key>955229F515DC40C2002CFB1F</key>
		<dict>
			<key>children</key>
			<array>
				<string>95522A0A15DC40C2002CFB1F</string>
				<string>95522A2215DC40C3002CFB1F</string>
				<string>95522A0315DC40C2002CFB1F</string>
				<string>95522A0115DC40C2002CFB1F</string>
				<string>65065F9E54B24817809E1FA3</string>
			</array>
			<key>isa</key>
			<string>PBXGroup</string>
			<key>sourceTree</key>
			<string>&lt;group&gt;</string>
		</dict>
		<key>955229F715DC40C2002CFB1F</key>
		<dict>
			<key>attributes</key>
			<dict>
				<key>CLASSPREFIX</key>
				<string>ORGM</string>
				<key>LastUpgradeCheck</key>
				<string>0440</string>
			</dict>
			<key>buildConfigurationList</key>
			<string>955229FA15DC40C2002CFB1F</string>
			<key>compatibilityVersion</key>
			<string>Xcode 3.2</string>
			<key>developmentRegion</key>
			<string>English</string>
			<key>hasScannedForEncodings</key>
			<string>0</string>
			<key>isa</key>
			<string>PBXProject</string>
			<key>knownRegions</key>
			<array>
				<string>en</string>
			</array>
			<key>mainGroup</key>
			<string>955229F515DC40C2002CFB1F</string>
			<key>productRefGroup</key>
			<string>95522A0115DC40C2002CFB1F</string>
			<key>projectDirPath</key>
			<string></string>
			<key>projectRoot</key>
			<string></string>
			<key>targets</key>
			<array>
				<string>955229FF15DC40C2002CFB1F</string>
				<string>95522A1A15DC40C3002CFB1F</string>
			</array>
		</dict>
		<key>955229FA15DC40C2002CFB1F</key>
		<dict>
			<key>buildConfigurations</key>
			<array>
				<string>95522A2B15DC40C3002CFB1F</string>
				<string>95522A2C15DC40C3002CFB1F</string>
			</array>
			<key>defaultConfigurationIsVisible</key>
			<string>0</string>
			<key>defaultConfigurationName</key>
			<string>Release</string>
			<key>isa</key>
			<string>XCConfigurationList</string>
		</dict>
		<key>955229FC15DC40C2002CFB1F</key>
		<dict>
			<key>buildActionMask</key>
			<string>2147483647</string>
			<key>files</key>
			<array>
				<string>95522A1115DC40C2002CFB1F</string>
				<string>95522A1515DC40C2002CFB1F</string>
			</array>
			<key>isa</key>
			<string>PBXSourcesBuildPhase</string>
			<key>runOnlyForDeploymentPostprocessing</key>
			<string>0</string>
		</dict>
		<key>955229FD15DC40C2002CFB1F</key>
		<dict>
			<key>buildActionMask</key>
			<string>2147483647</string>
			<key>files</key>
			<array>
				<string>95522A0515DC40C2002CFB1F</string>
				<string>95522A0715DC40C2002CFB1F</string>
				<string>95522A0915DC40C2002CFB1F</string>
				<string>88E694BD744B476AA888F999</string>
			</array>
			<key>isa</key>
			<string>PBXFrameworksBuildPhase</string>
			<key>runOnlyForDeploymentPostprocessing</key>
			<string>0</string>
		</dict>
		<key>955229FE15DC40C2002CFB1F</key>
		<dict>
			<key>buildActionMask</key>
			<string>2147483647</string>
			<key>files</key>
			<array>
				<string>95522A0F15DC40C2002CFB1F</string>
			</array>
			<key>isa</key>
			<string>PBXResourcesBuildPhase</string>
			<key>runOnlyForDeploymentPostprocessing</key>
			<string>0</string>
		</dict>
		<key>955229FF15DC40C2002CFB1F</key>
		<dict>
			<key>buildConfigurationList</key>
			<string>95522A2D15DC40C3002CFB1F</string>
			<key>buildPhases</key>
			<array>
				<string>955229FC15DC40C2002CFB1F</string>
				<string>955229FD15DC40C2002CFB1F</string>
				<string>955229FE15DC40C2002CFB1F</string>
				<string>6819E2A4387D482BA784A8BD</string>
			</array>
			<key>buildRules</key>
			<array/>
			<key>dependencies</key>
			<array/>
			<key>isa</key>
			<string>PBXNativeTarget</string>
			<key>name</key>
			<string>Origami</string>
			<key>productName</key>
			<string>Origami</string>
			<key>productReference</key>
			<string>95522A0015DC40C2002CFB1F</string>
			<key>productType</key>
			<string>com.apple.product-type.application</string>
		</dict>
		<key>95522A0015DC40C2002CFB1F</key>
		<dict>
			<key>explicitFileType</key>
			<string>wrapper.application</string>
			<key>includeInIndex</key>
			<string>0</string>
			<key>isa</key>
			<string>PBXFileReference</string>
			<key>name</key>
			<string>Origami.app</string>
			<key>path</key>
			<string>Origami.app</string>
			<key>sourceTree</key>
			<string>BUILT_PRODUCTS_DIR</string>
		</dict>
		<key>95522A0115DC40C2002CFB1F</key>
		<dict>
			<key>children</key>
			<array>
				<string>95522A0015DC40C2002CFB1F</string>
				<string>95522A1B15DC40C3002CFB1F</string>
			</array>
			<key>isa</key>
			<string>PBXGroup</string>
			<key>name</key>
			<string>Products</string>
			<key>sourceTree</key>
			<string>&lt;group&gt;</string>
		</dict>
		<key>95522A0315DC40C2002CFB1F</key>
		<dict>
			<key>children</key>
			<array>
				<string>95522A0415DC40C2002CFB1F</string>
				<string>95522A0615DC40C2002CFB1F</string>
				<string>95522A0815DC40C2002CFB1F</string>
				<string>95522A1C15DC40C3002CFB1F</string>
				<string>721561863FD544D59576037B</string>
			</array>
			<key>isa</key>
			<string>PBXGroup</string>
			<key>name</key>
			<string>Frameworks</string>
			<key>sourceTree</key>
			<string>&lt;group&gt;</string>
		</dict>
		<key>95522A0415DC40C2002CFB1F</key>
		<dict>
			<key>includeInIndex</key>
			<string>1</string>
			<key>isa</key>
			<string>PBXFileReference</string>
			<key>lastKnownFileType</key>
			<string>wrapper.framework</string>
			<key>name</key>
			<string>UIKit.framework</string>
			<key>path</key>
			<string>System/Library/Frameworks/UIKit.framework</string>
			<key>sourceTree</key>
			<string>SDKROOT</string>
		</dict>
		<key>95522A0515DC40C2002CFB1F</key>
		<dict>
			<key>fileRef</key>
			<string>95522A0415DC40C2002CFB1F</string>
			<key>isa</key>
			<string>PBXBuildFile</string>
		</dict>
		<key>95522A0615DC40C2002CFB1F</key>
		<dict>
			<key>includeInIndex</key>
			<string>1</string>
			<key>isa</key>
			<string>PBXFileReference</string>
			<key>lastKnownFileType</key>
			<string>wrapper.framework</string>
			<key>name</key>
			<string>Foundation.framework</string>
			<key>path</key>
			<string>System/Library/Frameworks/Foundation.framework</string>
			<key>sourceTree</key>
			<string>SDKROOT</string>
		</dict>
		<key>95522A0715DC40C2002CFB1F</key>
		<dict>
			<key>fileRef</key>
			<string>95522A0615DC40C2002CFB1F</string>
			<key>isa</key>
			<string>PBXBuildFile</string>
		</dict>
		<key>95522A0815DC40C2002CFB1F</key>
		<dict>
			<key>includeInIndex</key>
			<string>1</string>
			<key>isa</key>
			<string>PBXFileReference</string>
			<key>lastKnownFileType</key>
			<string>wrapper.framework</string>
			<key>name</key>
			<string>CoreGraphics.framework</string>
			<key>path</key>
			<string>System/Library/Frameworks/CoreGraphics.framework</string>
			<key>sourceTree</key>
			<string>SDKROOT</string>
		</dict>
		<key>95522A0915DC40C2002CFB1F</key>
		<dict>
			<key>fileRef</key>
			<string>95522A0815DC40C2002CFB1F</string>
			<key>isa</key>
			<string>PBXBuildFile</string>
		</dict>
		<key>95522A0A15DC40C2002CFB1F</key>
		<dict>
			<key>children</key>
			<array>
				<string>95522A1315DC40C2002CFB1F</string>
				<string>95522A1415DC40C2002CFB1F</string>
				<string>95522A0B15DC40C2002CFB1F</string>
			</array>
			<key>isa</key>
			<string>PBXGroup</string>
			<key>path</key>
			<string>Origami</string>
			<key>sourceTree</key>
			<string>&lt;group&gt;</string>
		</dict>
		<key>95522A0B15DC40C2002CFB1F</key>
		<dict>
			<key>children</key>
			<array>
				<string>95522A0C15DC40C2002CFB1F</string>
				<string>95522A0D15DC40C2002CFB1F</string>
				<string>95522A1015DC40C2002CFB1F</string>
				<string>95522A1215DC40C2002CFB1F</string>
			</array>
			<key>isa</key>
			<string>PBXGroup</string>
			<key>name</key>
			<string>Supporting Files</string>
			<key>sourceTree</key>
			<string>&lt;group&gt;</string>
		</dict>
		<key>95522A0C15DC40C2002CFB1F</key>
		<dict>
			<key>isa</key>
			<string>PBXFileReference</string>
			<key>lastKnownFileType</key>
			<string>text.plist.xml</string>
			<key>path</key>
			<string>Origami-Info.plist</string>
			<key>sourceTree</key>
			<string>&lt;group&gt;</string>
		</dict>
		<key>95522A0D15DC40C2002CFB1F</key>
		<dict>
			<key>children</key>
			<array>
				<string>95522A0E15DC40C2002CFB1F</string>
			</array>
			<key>isa</key>
			<string>PBXVariantGroup</string>
			<key>name</key>
			<string>InfoPlist.strings</string>
			<key>sourceTree</key>
			<string>&lt;group&gt;</string>
		</dict>
		<key>95522A0E15DC40C2002CFB1F</key>
		<dict>
			<key>isa</key>
			<string>PBXFileReference</string>
			<key>lastKnownFileType</key>
			<string>text.plist.strings</string>
			<key>name</key>
			<string>en</string>
			<key>path</key>
			<string>en.lproj/InfoPlist.strings</string>
			<key>sourceTree</key>
			<string>&lt;group&gt;</string>
		</dict>
		<key>95522A0F15DC40C2002CFB1F</key>
		<dict>
			<key>fileRef</key>
			<string>95522A0D15DC40C2002CFB1F</string>
			<key>isa</key>
			<string>PBXBuildFile</string>
		</dict>
		<key>95522A1015DC40C2002CFB1F</key>
		<dict>
			<key>isa</key>
			<string>PBXFileReference</string>
			<key>lastKnownFileType</key>
			<string>sourcecode.c.objc</string>
			<key>path</key>
			<string>main.m</string>
			<key>sourceTree</key>
			<string>&lt;group&gt;</string>
		</dict>
		<key>95522A1115DC40C2002CFB1F</key>
		<dict>
			<key>fileRef</key>
			<string>95522A1015DC40C2002CFB1F</string>
			<key>isa</key>
			<string>PBXBuildFile</string>
		</dict>
		<key>95522A1215DC40C2002CFB1F</key>
		<dict>
			<key>isa</key>
			<string>PBXFileReference</string>
			<key>lastKnownFileType</key>
			<string>sourcecode.c.h</string>
			<key>path</key>
			<string>Origami-Prefix.pch</string>
			<key>sourceTree</key>
			<string>&lt;group&gt;</string>
		</dict>
		<key>95522A1315DC40C2002CFB1F</key>
		<dict>
			<key>isa</key>
			<string>PBXFileReference</string>
			<key>lastKnownFileType</key>
			<string>sourcecode.c.h</string>
			<key>path</key>
			<string>ORGMAppDelegate.h</string>
			<key>sourceTree</key>
			<string>&lt;group&gt;</string>
		</dict>
		<key>95522A1415DC40C2002CFB1F</key>
		<dict>
			<key>isa</key>
			<string>PBXFileReference</string>
			<key>lastKnownFileType</key>
			<string>sourcecode.c.objc</string>
			<key>path</key>
			<string>ORGMAppDelegate.m</string>
			<key>sourceTree</key>
			<string>&lt;group&gt;</string>
		</dict>
		<key>95522A1515DC40C2002CFB1F</key>
		<dict>
			<key>fileRef</key>
			<string>95522A1415DC40C2002CFB1F</string>
			<key>isa</key>
			<string>PBXBuildFile</string>
		</dict>
		<key>95522A1615DC40C3002CFB1F</key>
		<dict>
			<key>buildActionMask</key>
			<string>2147483647</string>
			<key>files</key>
			<array>
				<string>95522A2A15DC40C3002CFB1F</string>
			</array>
			<key>isa</key>
			<string>PBXSourcesBuildPhase</string>
			<key>runOnlyForDeploymentPostprocessing</key>
			<string>0</string>
		</dict>
		<key>95522A1715DC40C3002CFB1F</key>
		<dict>
			<key>buildActionMask</key>
			<string>2147483647</string>
			<key>files</key>
			<array>
				<string>95522A1D15DC40C3002CFB1F</string>
				<string>95522A1E15DC40C3002CFB1F</string>
				<string>95522A1F15DC40C3002CFB1F</string>
			</array>
			<key>isa</key>
			<string>PBXFrameworksBuildPhase</string>
			<key>runOnlyForDeploymentPostprocessing</key>
			<string>0</string>
		</dict>
		<key>95522A1815DC40C3002CFB1F</key>
		<dict>
			<key>buildActionMask</key>
			<string>2147483647</string>
			<key>files</key>
			<array>
				<string>95522A2715DC40C3002CFB1F</string>
			</array>
			<key>isa</key>
			<string>PBXResourcesBuildPhase</string>
			<key>runOnlyForDeploymentPostprocessing</key>
			<string>0</string>
		</dict>
		<key>95522A1915DC40C3002CFB1F</key>
		<dict>
			<key>buildActionMask</key>
			<string>2147483647</string>
			<key>files</key>
			<array/>
			<key>inputPaths</key>
			<array/>
			<key>isa</key>
			<string>PBXShellScriptBuildPhase</string>
			<key>outputPaths</key>
			<array/>
			<key>runOnlyForDeploymentPostprocessing</key>
			<string>0</string>
			<key>shellPath</key>
			<string>/bin/sh</string>
			<key>shellScript</key>
			<string># Run the unit tests in this test bundle.
"${SYSTEM_DEVELOPER_DIR}/Tools/RunUnitTests"
</string>
		</dict>
		<key>95522A1A15DC40C3002CFB1F</key>
		<dict>
			<key>buildConfigurationList</key>
			<string>95522A3015DC40C3002CFB1F</string>
			<key>buildPhases</key>
			<array>
				<string>95522A1615DC40C3002CFB1F</string>
				<string>95522A1715DC40C3002CFB1F</string>
				<string>95522A1815DC40C3002CFB1F</string>
				<string>95522A1915DC40C3002CFB1F</string>
			</array>
			<key>buildRules</key>
			<array/>
			<key>dependencies</key>
			<array>
				<string>95522A2115DC40C3002CFB1F</string>
			</array>
			<key>isa</key>
			<string>PBXNativeTarget</string>
			<key>name</key>
			<string>OrigamiTests</string>
			<key>productName</key>
			<string>OrigamiTests</string>
			<key>productReference</key>
			<string>95522A1B15DC40C3002CFB1F</string>
			<key>productType</key>
			<string>com.apple.product-type.bundle</string>
		</dict>
		<key>95522A1B15DC40C3002CFB1F</key>
		<dict>
			<key>explicitFileType</key>
			<string>wrapper.cfbundle</string>
			<key>includeInIndex</key>
			<string>0</string>
			<key>isa</key>
			<string>PBXFileReference</string>
			<key>name</key>
			<string>OrigamiTests.octest</string>
			<key>path</key>
			<string>OrigamiTests.octest</string>
			<key>sourceTree</key>
			<string>BUILT_PRODUCTS_DIR</string>
		</dict>
		<key>95522A1C15DC40C3002CFB1F</key>
		<dict>
			<key>isa</key>
			<string>PBXFileReference</string>
			<key>lastKnownFileType</key>
			<string>wrapper.framework</string>
			<key>name</key>
			<string>SenTestingKit.framework</string>
			<key>path</key>
			<string>Library/Frameworks/SenTestingKit.framework</string>
			<key>sourceTree</key>
			<string>DEVELOPER_DIR</string>
		</dict>
		<key>95522A1D15DC40C3002CFB1F</key>
		<dict>
			<key>fileRef</key>
			<string>95522A1C15DC40C3002CFB1F</string>
			<key>isa</key>
			<string>PBXBuildFile</string>
		</dict>
		<key>95522A1E15DC40C3002CFB1F</key>
		<dict>
			<key>fileRef</key>
			<string>95522A0415DC40C2002CFB1F</string>
			<key>isa</key>
			<string>PBXBuildFile</string>
		</dict>
		<key>95522A1F15DC40C3002CFB1F</key>
		<dict>
			<key>fileRef</key>
			<string>95522A0615DC40C2002CFB1F</string>
			<key>isa</key>
			<string>PBXBuildFile</string>
		</dict>
		<key>95522A2015DC40C3002CFB1F</key>
		<dict>
			<key>containerPortal</key>
			<string>955229F715DC40C2002CFB1F</string>
			<key>isa</key>
			<string>PBXContainerItemProxy</string>
			<key>proxyType</key>
			<string>1</string>
			<key>remoteGlobalIDString</key>
			<string>955229FF15DC40C2002CFB1F</string>
			<key>remoteInfo</key>
			<string>Origami</string>
		</dict>
		<key>95522A2115DC40C3002CFB1F</key>
		<dict>
			<key>isa</key>
			<string>PBXTargetDependency</string>
			<key>target</key>
			<string>955229FF15DC40C2002CFB1F</string>
			<key>targetProxy</key>
			<string>95522A2015DC40C3002CFB1F</string>
		</dict>
		<key>95522A2215DC40C3002CFB1F</key>
		<dict>
			<key>children</key>
			<array>
				<string>95522A2815DC40C3002CFB1F</string>
				<string>95522A2915DC40C3002CFB1F</string>
				<string>95522A2315DC40C3002CFB1F</string>
			</array>
			<key>isa</key>
			<string>PBXGroup</string>
			<key>path</key>
			<string>OrigamiTests</string>
			<key>sourceTree</key>
			<string>&lt;group&gt;</string>
		</dict>
		<key>95522A2315DC40C3002CFB1F</key>
		<dict>
			<key>children</key>
			<array>
				<string>95522A2415DC40C3002CFB1F</string>
				<string>95522A2515DC40C3002CFB1F</string>
			</array>
			<key>isa</key>
			<string>PBXGroup</string>
			<key>name</key>
			<string>Supporting Files</string>
			<key>sourceTree</key>
			<string>&lt;group&gt;</string>
		</dict>
		<key>95522A2415DC40C3002CFB1F</key>
		<dict>
			<key>isa</key>
			<string>PBXFileReference</string>
			<key>lastKnownFileType</key>
			<string>text.plist.xml</string>
			<key>path</key>
			<string>OrigamiTests-Info.plist</string>
			<key>sourceTree</key>
			<string>&lt;group&gt;</string>
		</dict>
		<key>95522A2515DC40C3002CFB1F</key>
		<dict>
			<key>children</key>
			<array>
				<string>95522A2615DC40C3002CFB1F</string>
			</array>
			<key>isa</key>
			<string>PBXVariantGroup</string>
			<key>name</key>
			<string>InfoPlist.strings</string>
			<key>sourceTree</key>
			<string>&lt;group&gt;</string>
		</dict>
		<key>95522A2615DC40C3002CFB1F</key>
		<dict>
			<key>isa</key>
			<string>PBXFileReference</string>
			<key>lastKnownFileType</key>
			<string>text.plist.strings</string>
			<key>name</key>
			<string>en</string>
			<key>path</key>
			<string>en.lproj/InfoPlist.strings</string>
			<key>sourceTree</key>
			<string>&lt;group&gt;</string>
		</dict>
		<key>95522A2715DC40C3002CFB1F</key>
		<dict>
			<key>fileRef</key>
			<string>95522A2515DC40C3002CFB1F</string>
			<key>isa</key>
			<string>PBXBuildFile</string>
		</dict>
		<key>95522A2815DC40C3002CFB1F</key>
		<dict>
			<key>isa</key>
			<string>PBXFileReference</string>
			<key>lastKnownFileType</key>
			<string>sourcecode.c.h</string>
			<key>path</key>
			<string>OrigamiTests.h</string>
			<key>sourceTree</key>
			<string>&lt;group&gt;</string>
		</dict>
		<key>95522A2915DC40C3002CFB1F</key>
		<dict>
			<key>isa</key>
			<string>PBXFileReference</string>
			<key>lastKnownFileType</key>
			<string>sourcecode.c.objc</string>
			<key>path</key>
			<string>OrigamiTests.m</string>
			<key>sourceTree</key>
			<string>&lt;group&gt;</string>
		</dict>
		<key>95522A2A15DC40C3002CFB1F</key>
		<dict>
			<key>fileRef</key>
			<string>95522A2915DC40C3002CFB1F</string>
			<key>isa</key>
			<string>PBXBuildFile</string>
		</dict>
		<key>95522A2B15DC40C3002CFB1F</key>
		<dict>
			<key>buildSettings</key>
			<dict>
				<key>ALWAYS_SEARCH_USER_PATHS</key>
				<string>NO</string>
				<key>ARCHS</key>
				<string>$(ARCHS_STANDARD_32_BIT)</string>
				<key>CLANG_CXX_LANGUAGE_STANDARD</key>
				<string>gnu++0x</string>
				<key>CLANG_ENABLE_OBJC_ARC</key>
				<string>YES</string>
				<key>CLANG_WARN__DUPLICATE_METHOD_MATCH</key>
				<string>YES</string>
				<key>CODE_SIGN_IDENTITY[sdk=iphoneos*]</key>
				<string>iPhone Developer</string>
				<key>COPY_PHASE_STRIP</key>
				<string>NO</string>
				<key>GCC_C_LANGUAGE_STANDARD</key>
				<string>gnu99</string>
				<key>GCC_DYNAMIC_NO_PIC</key>
				<string>NO</string>
				<key>GCC_OPTIMIZATION_LEVEL</key>
				<string>0</string>
				<key>GCC_PREPROCESSOR_DEFINITIONS</key>
				<array>
					<string>DEBUG=1</string>
					<string>$(inherited)</string>
				</array>
				<key>GCC_SYMBOLS_PRIVATE_EXTERN</key>
				<string>NO</string>
				<key>GCC_VERSION</key>
				<string>com.apple.compilers.llvm.clang.1_0</string>
				<key>GCC_WARN_ABOUT_RETURN_TYPE</key>
				<string>YES</string>
				<key>GCC_WARN_UNINITIALIZED_AUTOS</key>
				<string>YES</string>
				<key>GCC_WARN_UNUSED_VARIABLE</key>
				<string>YES</string>
				<key>IPHONEOS_DEPLOYMENT_TARGET</key>
				<string>5.1</string>
				<key>SDKROOT</key>
				<string>iphoneos</string>
			</dict>
			<key>isa</key>
			<string>XCBuildConfiguration</string>
			<key>name</key>
			<string>Debug</string>
		</dict>
		<key>95522A2C15DC40C3002CFB1F</key>
		<dict>
			<key>buildSettings</key>
			<dict>
				<key>ALWAYS_SEARCH_USER_PATHS</key>
				<string>NO</string>
				<key>ARCHS</key>
				<string>$(ARCHS_STANDARD_32_BIT)</string>
				<key>CLANG_CXX_LANGUAGE_STANDARD</key>
				<string>gnu++0x</string>
				<key>CLANG_ENABLE_OBJC_ARC</key>
				<string>YES</string>
				<key>CLANG_WARN__DUPLICATE_METHOD_MATCH</key>
				<string>YES</string>
				<key>CODE_SIGN_IDENTITY[sdk=iphoneos*]</key>
				<string>iPhone Developer</string>
				<key>COPY_PHASE_STRIP</key>
				<string>YES</string>
				<key>GCC_C_LANGUAGE_STANDARD</key>
				<string>gnu99</string>
				<key>GCC_VERSION</key>
				<string>com.apple.compilers.llvm.clang.1_0</string>
				<key>GCC_WARN_ABOUT_RETURN_TYPE</key>
				<string>YES</string>
				<key>GCC_WARN_UNINITIALIZED_AUTOS</key>
				<string>YES</string>
				<key>GCC_WARN_UNUSED_VARIABLE</key>
				<string>YES</string>
				<key>IPHONEOS_DEPLOYMENT_TARGET</key>
				<string>5.1</string>
				<key>OTHER_CFLAGS</key>
				<string>-DNS_BLOCK_ASSERTIONS=1</string>
				<key>SDKROOT</key>
				<string>iphoneos</string>
				<key>VALIDATE_PRODUCT</key>
				<string>YES</string>
			</dict>
			<key>isa</key>
			<string>XCBuildConfiguration</string>
			<key>name</key>
			<string>Release</string>
		</dict>
		<key>95522A2D15DC40C3002CFB1F</key>
		<dict>
			<key>buildConfigurations</key>
			<array>
				<string>95522A2E15DC40C3002CFB1F</string>
				<string>95522A2F15DC40C3002CFB1F</string>
			</array>
			<key>defaultConfigurationIsVisible</key>
			<string>0</string>
			<key>isa</key>
			<string>XCConfigurationList</string>
		</dict>
		<key>95522A2E15DC40C3002CFB1F</key>
		<dict>
			<key>baseConfigurationReference</key>
			<string>65065F9E54B24817809E1FA3</string>
			<key>buildSettings</key>
			<dict>
				<key>GCC_PRECOMPILE_PREFIX_HEADER</key>
				<string>YES</string>
				<key>GCC_PREFIX_HEADER</key>
				<string>Origami/Origami-Prefix.pch</string>
				<key>INFOPLIST_FILE</key>
				<string>Origami/Origami-Info.plist</string>
				<key>PRODUCT_NAME</key>
				<string>$(TARGET_NAME)</string>
				<key>WRAPPER_EXTENSION</key>
				<string>app</string>
			</dict>
			<key>isa</key>
			<string>XCBuildConfiguration</string>
			<key>name</key>
			<string>Debug</string>
		</dict>
		<key>95522A2F15DC40C3002CFB1F</key>
		<dict>
			<key>baseConfigurationReference</key>
			<string>65065F9E54B24817809E1FA3</string>
			<key>buildSettings</key>
			<dict>
				<key>GCC_PRECOMPILE_PREFIX_HEADER</key>
				<string>YES</string>
				<key>GCC_PREFIX_HEADER</key>
				<string>Origami/Origami-Prefix.pch</string>
				<key>INFOPLIST_FILE</key>
				<string>Origami/Origami-Info.plist</string>
				<key>PRODUCT_NAME</key>
				<string>$(TARGET_NAME)</string>
				<key>WRAPPER_EXTENSION</key>
				<string>app</string>
			</dict>
			<key>isa</key>
			<string>XCBuildConfiguration</string>
			<key>name</key>
			<string>Release</string>
		</dict>
		<key>95522A3015DC40C3002CFB1F</key>
		<dict>
			<key>buildConfigurations</key>
			<array>
				<string>95522A3115DC40C3002CFB1F</string>
				<string>95522A3215DC40C3002CFB1F</string>
			</array>
			<key>defaultConfigurationIsVisible</key>
			<string>0</string>
			<key>isa</key>
			<string>XCConfigurationList</string>
		</dict>
		<key>95522A3115DC40C3002CFB1F</key>
		<dict>
			<key>buildSettings</key>
			<dict>
				<key>BUNDLE_LOADER</key>
				<string>$(BUILT_PRODUCTS_DIR)/Origami.app/Origami</string>
				<key>FRAMEWORK_SEARCH_PATHS</key>
				<array>
					<string>"$(SDKROOT)/Developer/Library/Frameworks"</string>
					<string>"$(DEVELOPER_LIBRARY_DIR)/Frameworks"</string>
				</array>
				<key>GCC_PRECOMPILE_PREFIX_HEADER</key>
				<string>YES</string>
				<key>GCC_PREFIX_HEADER</key>
				<string>Origami/Origami-Prefix.pch</string>
				<key>INFOPLIST_FILE</key>
				<string>OrigamiTests/OrigamiTests-Info.plist</string>
				<key>PRODUCT_NAME</key>
				<string>$(TARGET_NAME)</string>
				<key>TEST_HOST</key>
				<string>$(BUNDLE_LOADER)</string>
				<key>WRAPPER_EXTENSION</key>
				<string>octest</string>
			</dict>
			<key>isa</key>
			<string>XCBuildConfiguration</string>
			<key>name</key>
			<string>Debug</string>
		</dict>
		<key>95522A3215DC40C3002CFB1F</key>
		<dict>
			<key>buildSettings</key>
			<dict>
				<key>BUNDLE_LOADER</key>
				<string>$(BUILT_PRODUCTS_DIR)/Origami.app/Origami</string>
				<key>FRAMEWORK_SEARCH_PATHS</key>
				<array>
					<string>"$(SDKROOT)/Developer/Library/Frameworks"</string>
					<string>"$(DEVELOPER_LIBRARY_DIR)/Frameworks"</string>
				</array>
				<key>GCC_PRECOMPILE_PREFIX_HEADER</key>
				<string>YES</string>
				<key>GCC_PREFIX_HEADER</key>
				<string>Origami/Origami-Prefix.pch</string>
				<key>INFOPLIST_FILE</key>
				<string>OrigamiTests/OrigamiTests-Info.plist</string>
				<key>PRODUCT_NAME</key>
				<string>$(TARGET_NAME)</string>
				<key>TEST_HOST</key>
				<string>$(BUNDLE_LOADER)</string>
				<key>WRAPPER_EXTENSION</key>
				<string>octest</string>
			</dict>
			<key>isa</key>
			<string>XCBuildConfiguration</string>
			<key>name</key>
			<string>Release</string>
		</dict>
	</dict>
	<key>rootObject</key>
	<string>955229F715DC40C2002CFB1F</string>
</dict>
</plist>
