// !$*UTF8*$!
{
	archiveVersion = 1;
	classes = {
	};
	objectVersion = 46;
	objects = {

/* Begin PBXBuildFile section */
		952276EF1429FB3400C8046D /* FLAC.framework in Frameworks */ = {isa = PBXBuildFile; fileRef = 952276EE1429FB3400C8046D /* FLAC.framework */; };
		95E3418E13FC53B000D2D7A5 /* InfoPlist.strings in Resources */ = {isa = PBXBuildFile; fileRef = 95E3418C13FC53B000D2D7A5 /* InfoPlist.strings */; };
		95E341A013FC53ED00D2D7A5 /* FlacDecoder.m in Sources */ = {isa = PBXBuildFile; fileRef = 95E3419F13FC53ED00D2D7A5 /* FlacDecoder.m */; };
		95E341A213FC540200D2D7A5 /* Foundation.framework in Frameworks */ = {isa = PBXBuildFile; fileRef = 95E341A113FC540200D2D7A5 /* Foundation.framework */; };
		95E341A413FC540E00D2D7A5 /* UIKit.framework in Frameworks */ = {isa = PBXBuildFile; fileRef = 95E341A313FC540E00D2D7A5 /* UIKit.framework */; };
/* End PBXBuildFile section */

/* Begin PBXFileReference section */
		952276EE1429FB3400C8046D /* FLAC.framework */ = {isa = PBXFileReference; lastKnownFileType = wrapper.framework; name = FLAC.framework; path = "../../../Audio Frameworks/FLAC/FLAC.framework"; sourceTree = "<group>"; };
		95E3418013FC53B000D2D7A5 /* Flac.bundle */ = {isa = PBXFileReference; explicitFileType = wrapper.cfbundle; includeInIndex = 0; path = Flac.bundle; sourceTree = BUILT_PRODUCTS_DIR; };
		95E3418B13FC53B000D2D7A5 /* Flac-Info.plist */ = {isa = PBXFileReference; lastKnownFileType = text.plist.xml; path = "Flac-Info.plist"; sourceTree = "<group>"; };
		95E3418D13FC53B000D2D7A5 /* en */ = {isa = PBXFileReference; lastKnownFileType = text.plist.strings; name = en; path = en.lproj/InfoPlist.strings; sourceTree = "<group>"; };
		95E3418F13FC53B000D2D7A5 /* Flac-Prefix.pch */ = {isa = PBXFileReference; lastKnownFileType = sourcecode.c.h; path = "Flac-Prefix.pch"; sourceTree = "<group>"; };
		95E3419E13FC53ED00D2D7A5 /* FlacDecoder.h */ = {isa = PBXFileReference; fileEncoding = 4; lastKnownFileType = sourcecode.c.h; path = FlacDecoder.h; sourceTree = "<group>"; };
		95E3419F13FC53ED00D2D7A5 /* FlacDecoder.m */ = {isa = PBXFileReference; fileEncoding = 4; lastKnownFileType = sourcecode.c.objc; path = FlacDecoder.m; sourceTree = "<group>"; };
		95E341A113FC540200D2D7A5 /* Foundation.framework */ = {isa = PBXFileReference; lastKnownFileType = wrapper.framework; name = Foundation.framework; path = System/Library/Frameworks/Foundation.framework; sourceTree = SDKROOT; };
		95E341A313FC540E00D2D7A5 /* UIKit.framework */ = {isa = PBXFileReference; lastKnownFileType = wrapper.framework; name = UIKit.framework; path = System/Library/Frameworks/UIKit.framework; sourceTree = SDKROOT; };
		95E341B913FC545200D2D7A5 /* Plugin.h */ = {isa = PBXFileReference; fileEncoding = 4; lastKnownFileType = sourcecode.c.h; name = Plugin.h; path = ../../../Plugin.h; sourceTree = "<group>"; };
/* End PBXFileReference section */

/* Begin PBXFrameworksBuildPhase section */
		95E3417D13FC53B000D2D7A5 /* Frameworks */ = {
			isa = PBXFrameworksBuildPhase;
			buildActionMask = 2147483647;
			files = (
				952276EF1429FB3400C8046D /* FLAC.framework in Frameworks */,
				95E341A413FC540E00D2D7A5 /* UIKit.framework in Frameworks */,
				95E341A213FC540200D2D7A5 /* Foundation.framework in Frameworks */,
			);
			runOnlyForDeploymentPostprocessing = 0;
		};
/* End PBXFrameworksBuildPhase section */

/* Begin PBXGroup section */
		95E3417513FC53B000D2D7A5 = {
			isa = PBXGroup;
			children = (
				95E3418913FC53B000D2D7A5 /* Flac */,
				95E3418213FC53B000D2D7A5 /* Frameworks */,
				95E3418113FC53B000D2D7A5 /* Products */,
			);
			sourceTree = "<group>";
		};
		95E3418113FC53B000D2D7A5 /* Products */ = {
			isa = PBXGroup;
			children = (
				95E3418013FC53B000D2D7A5 /* Flac.bundle */,
			);
			name = Products;
			sourceTree = "<group>";
		};
		95E3418213FC53B000D2D7A5 /* Frameworks */ = {
			isa = PBXGroup;
			children = (
				95E341A313FC540E00D2D7A5 /* UIKit.framework */,
				95E341A113FC540200D2D7A5 /* Foundation.framework */,
				95E3418513FC53B000D2D7A5 /* Other Frameworks */,
			);
			name = Frameworks;
			sourceTree = "<group>";
		};
		95E3418513FC53B000D2D7A5 /* Other Frameworks */ = {
			isa = PBXGroup;
			children = (
				952276EE1429FB3400C8046D /* FLAC.framework */,
			);
			name = "Other Frameworks";
			sourceTree = "<group>";
		};
		95E3418913FC53B000D2D7A5 /* Flac */ = {
			isa = PBXGroup;
			children = (
				95E341B913FC545200D2D7A5 /* Plugin.h */,
				95E3419E13FC53ED00D2D7A5 /* FlacDecoder.h */,
				95E3419F13FC53ED00D2D7A5 /* FlacDecoder.m */,
				95E3418A13FC53B000D2D7A5 /* Supporting Files */,
			);
			path = Flac;
			sourceTree = "<group>";
		};
		95E3418A13FC53B000D2D7A5 /* Supporting Files */ = {
			isa = PBXGroup;
			children = (
				95E3418B13FC53B000D2D7A5 /* Flac-Info.plist */,
				95E3418C13FC53B000D2D7A5 /* InfoPlist.strings */,
				95E3418F13FC53B000D2D7A5 /* Flac-Prefix.pch */,
			);
			name = "Supporting Files";
			sourceTree = "<group>";
		};
/* End PBXGroup section */

/* Begin PBXNativeTarget section */
		95E3417F13FC53B000D2D7A5 /* FlacDecoder */ = {
			isa = PBXNativeTarget;
			buildConfigurationList = 95E3419213FC53B000D2D7A5 /* Build configuration list for PBXNativeTarget "FlacDecoder" */;
			buildPhases = (
				95E3417C13FC53B000D2D7A5 /* Sources */,
				95E3417D13FC53B000D2D7A5 /* Frameworks */,
				95E3417E13FC53B000D2D7A5 /* Resources */,
			);
			buildRules = (
			);
			dependencies = (
			);
			name = FlacDecoder;
			productName = Flac;
			productReference = 95E3418013FC53B000D2D7A5 /* Flac.bundle */;
			productType = "com.apple.product-type.bundle";
		};
/* End PBXNativeTarget section */

/* Begin PBXProject section */
		95E3417713FC53B000D2D7A5 /* Project object */ = {
			isa = PBXProject;
			attributes = {
				LastUpgradeCheck = 0420;
			};
			buildConfigurationList = 95E3417A13FC53B000D2D7A5 /* Build configuration list for PBXProject "Flac" */;
			compatibilityVersion = "Xcode 3.2";
			developmentRegion = English;
			hasScannedForEncodings = 0;
			knownRegions = (
				en,
			);
			mainGroup = 95E3417513FC53B000D2D7A5;
			productRefGroup = 95E3418113FC53B000D2D7A5 /* Products */;
			projectDirPath = "";
			projectRoot = "";
			targets = (
				95E3417F13FC53B000D2D7A5 /* FlacDecoder */,
			);
		};
/* End PBXProject section */

/* Begin PBXResourcesBuildPhase section */
		95E3417E13FC53B000D2D7A5 /* Resources */ = {
			isa = PBXResourcesBuildPhase;
			buildActionMask = 2147483647;
			files = (
				95E3418E13FC53B000D2D7A5 /* InfoPlist.strings in Resources */,
			);
			runOnlyForDeploymentPostprocessing = 0;
		};
/* End PBXResourcesBuildPhase section */

/* Begin PBXSourcesBuildPhase section */
		95E3417C13FC53B000D2D7A5 /* Sources */ = {
			isa = PBXSourcesBuildPhase;
			buildActionMask = 2147483647;
			files = (
				95E341A013FC53ED00D2D7A5 /* FlacDecoder.m in Sources */,
			);
			runOnlyForDeploymentPostprocessing = 0;
		};
/* End PBXSourcesBuildPhase section */

/* Begin PBXVariantGroup section */
		95E3418C13FC53B000D2D7A5 /* InfoPlist.strings */ = {
			isa = PBXVariantGroup;
			children = (
				95E3418D13FC53B000D2D7A5 /* en */,
			);
			name = InfoPlist.strings;
			sourceTree = "<group>";
		};
/* End PBXVariantGroup section */

/* Begin XCBuildConfiguration section */
		95E3419013FC53B000D2D7A5 /* Debug */ = {
			isa = XCBuildConfiguration;
			buildSettings = {
				ALWAYS_SEARCH_USER_PATHS = NO;
				ARCHS = "$(ARCHS_STANDARD_32_BIT)";
				COPY_PHASE_STRIP = NO;
				GCC_C_LANGUAGE_STANDARD = gnu99;
				GCC_DYNAMIC_NO_PIC = NO;
				GCC_ENABLE_OBJC_EXCEPTIONS = YES;
				GCC_OPTIMIZATION_LEVEL = 0;
				GCC_PREPROCESSOR_DEFINITIONS = (
					"DEBUG=1",
					"$(inherited)",
				);
				GCC_SYMBOLS_PRIVATE_EXTERN = NO;
				GCC_VERSION = com.apple.compilers.llvm.clang.1_0;
				GCC_WARN_64_TO_32_BIT_CONVERSION = YES;
				GCC_WARN_ABOUT_MISSING_PROTOTYPES = YES;
				GCC_WARN_ABOUT_RETURN_TYPE = YES;
				GCC_WARN_UNUSED_VARIABLE = YES;
				MACOSX_DEPLOYMENT_TARGET = 10.7;
				ONLY_ACTIVE_ARCH = YES;
				SDKROOT = iphoneos;
			};
			name = Debug;
		};
		95E3419113FC53B000D2D7A5 /* Release */ = {
			isa = XCBuildConfiguration;
			buildSettings = {
				ALWAYS_SEARCH_USER_PATHS = NO;
				ARCHS = "$(ARCHS_STANDARD_32_BIT)";
				COPY_PHASE_STRIP = YES;
				DEBUG_INFORMATION_FORMAT = "dwarf-with-dsym";
				GCC_C_LANGUAGE_STANDARD = gnu99;
				GCC_ENABLE_OBJC_EXCEPTIONS = YES;
				GCC_VERSION = com.apple.compilers.llvm.clang.1_0;
				GCC_WARN_64_TO_32_BIT_CONVERSION = YES;
				GCC_WARN_ABOUT_MISSING_PROTOTYPES = YES;
				GCC_WARN_ABOUT_RETURN_TYPE = YES;
				GCC_WARN_UNUSED_VARIABLE = YES;
				MACOSX_DEPLOYMENT_TARGET = 10.7;
				SDKROOT = iphoneos;
			};
			name = Release;
		};
		95E3419313FC53B000D2D7A5 /* Debug */ = {
			isa = XCBuildConfiguration;
			buildSettings = {
				FRAMEWORK_SEARCH_PATHS = (
					"$(inherited)",
					"\"$(SRCROOT)/../../../Audio Frameworks/FLAC\"",
				);
				GCC_PRECOMPILE_PREFIX_HEADER = YES;
				GCC_PREFIX_HEADER = "Flac/Flac-Prefix.pch";
				GCC_PREPROCESSOR_DEFINITIONS = (
					"DEBUG=1",
					"$(inherited)",
				);
				GCC_WARN_64_TO_32_BIT_CONVERSION = NO;
				GCC_WARN_ABOUT_MISSING_PROTOTYPES = NO;
				GCC_WARN_ABOUT_POINTER_SIGNEDNESS = YES;
				INFOPLIST_FILE = "Flac/Flac-Info.plist";
				INSTALL_PATH = "$(LOCAL_LIBRARY_DIR)/Bundles";
				PRODUCT_NAME = "$(TARGET_NAME)";
				WRAPPER_EXTENSION = bundle;
			};
			name = Debug;
		};
		95E3419413FC53B000D2D7A5 /* Release */ = {
			isa = XCBuildConfiguration;
			buildSettings = {
				FRAMEWORK_SEARCH_PATHS = (
					"$(inherited)",
					"\"$(SRCROOT)/../../../Audio Frameworks/FLAC\"",
				);
				GCC_PRECOMPILE_PREFIX_HEADER = YES;
				GCC_PREFIX_HEADER = "Flac/Flac-Prefix.pch";
				GCC_WARN_64_TO_32_BIT_CONVERSION = NO;
				GCC_WARN_ABOUT_MISSING_PROTOTYPES = NO;
				GCC_WARN_ABOUT_POINTER_SIGNEDNESS = YES;
				INFOPLIST_FILE = "Flac/Flac-Info.plist";
				INSTALL_PATH = "$(LOCAL_LIBRARY_DIR)/Bundles";
				PRODUCT_NAME = "$(TARGET_NAME)";
				WRAPPER_EXTENSION = bundle;
			};
			name = Release;
		};
/* End XCBuildConfiguration section */

/* Begin XCConfigurationList section */
		95E3417A13FC53B000D2D7A5 /* Build configuration list for PBXProject "Flac" */ = {
			isa = XCConfigurationList;
			buildConfigurations = (
				95E3419013FC53B000D2D7A5 /* Debug */,
				95E3419113FC53B000D2D7A5 /* Release */,
			);
			defaultConfigurationIsVisible = 0;
			defaultConfigurationName = Release;
		};
		95E3419213FC53B000D2D7A5 /* Build configuration list for PBXNativeTarget "FlacDecoder" */ = {
			isa = XCConfigurationList;
			buildConfigurations = (
				95E3419313FC53B000D2D7A5 /* Debug */,
				95E3419413FC53B000D2D7A5 /* Release */,
			);
			defaultConfigurationIsVisible = 0;
			defaultConfigurationName = Release;
		};
/* End XCConfigurationList section */
	};
	rootObject = 95E3417713FC53B000D2D7A5 /* Project object */;
}
