// !$*UTF8*$!
{
	archiveVersion = 1;
	classes = {
	};
	objectVersion = 46;
	objects = {

/* Begin PBXBuildFile section */
		95BB3ACD1402959300B64788 /* InfoPlist.strings in Resources */ = {isa = PBXBuildFile; fileRef = 95BB3ACB1402959300B64788 /* InfoPlist.strings */; };
		95BB3AD5140295CF00B64788 /* UIKit.framework in Frameworks */ = {isa = PBXBuildFile; fileRef = 95BB3AD4140295CF00B64788 /* UIKit.framework */; };
		95BB3AD7140295D600B64788 /* Foundation.framework in Frameworks */ = {isa = PBXBuildFile; fileRef = 95BB3AD6140295D600B64788 /* Foundation.framework */; };
		95BB3AFB1402960600B64788 /* CueSheetContainer.m in Sources */ = {isa = PBXBuildFile; fileRef = 95BB3AF21402960600B64788 /* CueSheetContainer.m */; };
		95BB3AFC1402960600B64788 /* CueSheetDecoder.m in Sources */ = {isa = PBXBuildFile; fileRef = 95BB3AF41402960600B64788 /* CueSheetDecoder.m */; };
		95BB3AFD1402960600B64788 /* CueSheetMetadataReader.m in Sources */ = {isa = PBXBuildFile; fileRef = 95BB3AF61402960600B64788 /* CueSheetMetadataReader.m */; };
		95BB3AFE1402960600B64788 /* CueSheet.m in Sources */ = {isa = PBXBuildFile; fileRef = 95BB3AF81402960600B64788 /* CueSheet.m */; };
		95BB3AFF1402960600B64788 /* CueSheetTrack.m in Sources */ = {isa = PBXBuildFile; fileRef = 95BB3AFA1402960600B64788 /* CueSheetTrack.m */; };
/* End PBXBuildFile section */

/* Begin PBXFileReference section */
		95BB3ABF1402959300B64788 /* CueSheet.bundle */ = {isa = PBXFileReference; explicitFileType = wrapper.cfbundle; includeInIndex = 0; path = CueSheet.bundle; sourceTree = BUILT_PRODUCTS_DIR; };
		95BB3AC51402959300B64788 /* AppKit.framework */ = {isa = PBXFileReference; lastKnownFileType = wrapper.framework; name = AppKit.framework; path = System/Library/Frameworks/AppKit.framework; sourceTree = SDKROOT; };
		95BB3AC61402959300B64788 /* CoreData.framework */ = {isa = PBXFileReference; lastKnownFileType = wrapper.framework; name = CoreData.framework; path = System/Library/Frameworks/CoreData.framework; sourceTree = SDKROOT; };
		95BB3AC71402959300B64788 /* Foundation.framework */ = {isa = PBXFileReference; lastKnownFileType = wrapper.framework; name = Foundation.framework; path = System/Library/Frameworks/Foundation.framework; sourceTree = SDKROOT; };
		95BB3ACA1402959300B64788 /* CueSheet-Info.plist */ = {isa = PBXFileReference; lastKnownFileType = text.plist.xml; path = "CueSheet-Info.plist"; sourceTree = "<group>"; };
		95BB3ACC1402959300B64788 /* en */ = {isa = PBXFileReference; lastKnownFileType = text.plist.strings; name = en; path = en.lproj/InfoPlist.strings; sourceTree = "<group>"; };
		95BB3ACE1402959300B64788 /* CueSheet-Prefix.pch */ = {isa = PBXFileReference; lastKnownFileType = sourcecode.c.h; path = "CueSheet-Prefix.pch"; sourceTree = "<group>"; };
		95BB3AD4140295CF00B64788 /* UIKit.framework */ = {isa = PBXFileReference; lastKnownFileType = wrapper.framework; name = UIKit.framework; path = System/Library/Frameworks/UIKit.framework; sourceTree = SDKROOT; };
		95BB3AD6140295D600B64788 /* Foundation.framework */ = {isa = PBXFileReference; lastKnownFileType = wrapper.framework; name = Foundation.framework; path = System/Library/Frameworks/Foundation.framework; sourceTree = SDKROOT; };
		95BB3AF11402960600B64788 /* CueSheetContainer.h */ = {isa = PBXFileReference; fileEncoding = 4; lastKnownFileType = sourcecode.c.h; path = CueSheetContainer.h; sourceTree = "<group>"; };
		95BB3AF21402960600B64788 /* CueSheetContainer.m */ = {isa = PBXFileReference; fileEncoding = 4; lastKnownFileType = sourcecode.c.objc; path = CueSheetContainer.m; sourceTree = "<group>"; };
		95BB3AF31402960600B64788 /* CueSheetDecoder.h */ = {isa = PBXFileReference; fileEncoding = 4; lastKnownFileType = sourcecode.c.h; path = CueSheetDecoder.h; sourceTree = "<group>"; };
		95BB3AF41402960600B64788 /* CueSheetDecoder.m */ = {isa = PBXFileReference; fileEncoding = 4; lastKnownFileType = sourcecode.c.objc; path = CueSheetDecoder.m; sourceTree = "<group>"; };
		95BB3AF51402960600B64788 /* CueSheetMetadataReader.h */ = {isa = PBXFileReference; fileEncoding = 4; lastKnownFileType = sourcecode.c.h; path = CueSheetMetadataReader.h; sourceTree = "<group>"; };
		95BB3AF61402960600B64788 /* CueSheetMetadataReader.m */ = {isa = PBXFileReference; fileEncoding = 4; lastKnownFileType = sourcecode.c.objc; path = CueSheetMetadataReader.m; sourceTree = "<group>"; };
		95BB3AF71402960600B64788 /* CueSheet.h */ = {isa = PBXFileReference; fileEncoding = 4; lastKnownFileType = sourcecode.c.h; path = CueSheet.h; sourceTree = "<group>"; };
		95BB3AF81402960600B64788 /* CueSheet.m */ = {isa = PBXFileReference; fileEncoding = 4; lastKnownFileType = sourcecode.c.objc; path = CueSheet.m; sourceTree = "<group>"; };
		95BB3AF91402960600B64788 /* CueSheetTrack.h */ = {isa = PBXFileReference; fileEncoding = 4; lastKnownFileType = sourcecode.c.h; path = CueSheetTrack.h; sourceTree = "<group>"; };
		95BB3AFA1402960600B64788 /* CueSheetTrack.m */ = {isa = PBXFileReference; fileEncoding = 4; lastKnownFileType = sourcecode.c.objc; path = CueSheetTrack.m; sourceTree = "<group>"; };
		95BB3B001402961700B64788 /* Plugin.h */ = {isa = PBXFileReference; fileEncoding = 4; lastKnownFileType = sourcecode.c.h; name = Plugin.h; path = ../../../Plugin.h; sourceTree = "<group>"; };
/* End PBXFileReference section */

/* Begin PBXFrameworksBuildPhase section */
		95BB3ABC1402959300B64788 /* Frameworks */ = {
			isa = PBXFrameworksBuildPhase;
			buildActionMask = 2147483647;
			files = (
				95BB3AD7140295D600B64788 /* Foundation.framework in Frameworks */,
				95BB3AD5140295CF00B64788 /* UIKit.framework in Frameworks */,
			);
			runOnlyForDeploymentPostprocessing = 0;
		};
/* End PBXFrameworksBuildPhase section */

/* Begin PBXGroup section */
		95BB3AB41402959300B64788 = {
			isa = PBXGroup;
			children = (
				95BB3AC81402959300B64788 /* CueSheet */,
				95BB3AC11402959300B64788 /* Frameworks */,
				95BB3AC01402959300B64788 /* Products */,
			);
			sourceTree = "<group>";
		};
		95BB3AC01402959300B64788 /* Products */ = {
			isa = PBXGroup;
			children = (
				95BB3ABF1402959300B64788 /* CueSheet.bundle */,
			);
			name = Products;
			sourceTree = "<group>";
		};
		95BB3AC11402959300B64788 /* Frameworks */ = {
			isa = PBXGroup;
			children = (
				95BB3AD6140295D600B64788 /* Foundation.framework */,
				95BB3AD4140295CF00B64788 /* UIKit.framework */,
				95BB3AC41402959300B64788 /* Other Frameworks */,
			);
			name = Frameworks;
			sourceTree = "<group>";
		};
		95BB3AC41402959300B64788 /* Other Frameworks */ = {
			isa = PBXGroup;
			children = (
				95BB3AC51402959300B64788 /* AppKit.framework */,
				95BB3AC61402959300B64788 /* CoreData.framework */,
				95BB3AC71402959300B64788 /* Foundation.framework */,
			);
			name = "Other Frameworks";
			sourceTree = "<group>";
		};
		95BB3AC81402959300B64788 /* CueSheet */ = {
			isa = PBXGroup;
			children = (
				95BB3B001402961700B64788 /* Plugin.h */,
				95BB3AF11402960600B64788 /* CueSheetContainer.h */,
				95BB3AF21402960600B64788 /* CueSheetContainer.m */,
				95BB3AF31402960600B64788 /* CueSheetDecoder.h */,
				95BB3AF41402960600B64788 /* CueSheetDecoder.m */,
				95BB3AF51402960600B64788 /* CueSheetMetadataReader.h */,
				95BB3AF61402960600B64788 /* CueSheetMetadataReader.m */,
				95BB3AF71402960600B64788 /* CueSheet.h */,
				95BB3AF81402960600B64788 /* CueSheet.m */,
				95BB3AF91402960600B64788 /* CueSheetTrack.h */,
				95BB3AFA1402960600B64788 /* CueSheetTrack.m */,
				95BB3AC91402959300B64788 /* Supporting Files */,
			);
			path = CueSheet;
			sourceTree = "<group>";
		};
		95BB3AC91402959300B64788 /* Supporting Files */ = {
			isa = PBXGroup;
			children = (
				95BB3ACA1402959300B64788 /* CueSheet-Info.plist */,
				95BB3ACB1402959300B64788 /* InfoPlist.strings */,
				95BB3ACE1402959300B64788 /* CueSheet-Prefix.pch */,
			);
			name = "Supporting Files";
			sourceTree = "<group>";
		};
/* End PBXGroup section */

/* Begin PBXNativeTarget section */
		95BB3ABE1402959300B64788 /* CueSheet */ = {
			isa = PBXNativeTarget;
			buildConfigurationList = 95BB3AD11402959300B64788 /* Build configuration list for PBXNativeTarget "CueSheet" */;
			buildPhases = (
				95BB3ABB1402959300B64788 /* Sources */,
				95BB3ABC1402959300B64788 /* Frameworks */,
				95BB3ABD1402959300B64788 /* Resources */,
			);
			buildRules = (
			);
			dependencies = (
			);
			name = CueSheet;
			productName = CueSheet;
			productReference = 95BB3ABF1402959300B64788 /* CueSheet.bundle */;
			productType = "com.apple.product-type.bundle";
		};
/* End PBXNativeTarget section */

/* Begin PBXProject section */
		95BB3AB61402959300B64788 /* Project object */ = {
			isa = PBXProject;
			attributes = {
				LastUpgradeCheck = 0420;
			};
			buildConfigurationList = 95BB3AB91402959300B64788 /* Build configuration list for PBXProject "CueSheet" */;
			compatibilityVersion = "Xcode 3.2";
			developmentRegion = English;
			hasScannedForEncodings = 0;
			knownRegions = (
				en,
			);
			mainGroup = 95BB3AB41402959300B64788;
			productRefGroup = 95BB3AC01402959300B64788 /* Products */;
			projectDirPath = "";
			projectRoot = "";
			targets = (
				95BB3ABE1402959300B64788 /* CueSheet */,
			);
		};
/* End PBXProject section */

/* Begin PBXResourcesBuildPhase section */
		95BB3ABD1402959300B64788 /* Resources */ = {
			isa = PBXResourcesBuildPhase;
			buildActionMask = 2147483647;
			files = (
				95BB3ACD1402959300B64788 /* InfoPlist.strings in Resources */,
			);
			runOnlyForDeploymentPostprocessing = 0;
		};
/* End PBXResourcesBuildPhase section */

/* Begin PBXSourcesBuildPhase section */
		95BB3ABB1402959300B64788 /* Sources */ = {
			isa = PBXSourcesBuildPhase;
			buildActionMask = 2147483647;
			files = (
				95BB3AFB1402960600B64788 /* CueSheetContainer.m in Sources */,
				95BB3AFC1402960600B64788 /* CueSheetDecoder.m in Sources */,
				95BB3AFD1402960600B64788 /* CueSheetMetadataReader.m in Sources */,
				95BB3AFE1402960600B64788 /* CueSheet.m in Sources */,
				95BB3AFF1402960600B64788 /* CueSheetTrack.m in Sources */,
			);
			runOnlyForDeploymentPostprocessing = 0;
		};
/* End PBXSourcesBuildPhase section */

/* Begin PBXVariantGroup section */
		95BB3ACB1402959300B64788 /* InfoPlist.strings */ = {
			isa = PBXVariantGroup;
			children = (
				95BB3ACC1402959300B64788 /* en */,
			);
			name = InfoPlist.strings;
			sourceTree = "<group>";
		};
/* End PBXVariantGroup section */

/* Begin XCBuildConfiguration section */
		95BB3ACF1402959300B64788 /* Debug */ = {
			isa = XCBuildConfiguration;
			buildSettings = {
				ALWAYS_SEARCH_USER_PATHS = NO;
				ARCHS = "$(ARCHS_STANDARD_32_BIT)";
				COPY_PHASE_STRIP = NO;
				GCC_C_LANGUAGE_STANDARD = gnu99;
				GCC_DYNAMIC_NO_PIC = NO;
				GCC_ENABLE_OBJC_EXCEPTIONS = YES;
				GCC_OPTIMIZATION_LEVEL = 0;
				GCC_PREPROCESSOR_DEFINITIONS = (
					"DEBUG=1",
					"$(inherited)",
				);
				GCC_SYMBOLS_PRIVATE_EXTERN = NO;
				GCC_VERSION = com.apple.compilers.llvm.clang.1_0;
				GCC_WARN_64_TO_32_BIT_CONVERSION = YES;
				GCC_WARN_ABOUT_MISSING_PROTOTYPES = YES;
				GCC_WARN_ABOUT_RETURN_TYPE = YES;
				GCC_WARN_UNUSED_VARIABLE = YES;
				MACOSX_DEPLOYMENT_TARGET = 10.7;
				ONLY_ACTIVE_ARCH = YES;
				SDKROOT = iphoneos;
			};
			name = Debug;
		};
		95BB3AD01402959300B64788 /* Release */ = {
			isa = XCBuildConfiguration;
			buildSettings = {
				ALWAYS_SEARCH_USER_PATHS = NO;
				ARCHS = "$(ARCHS_STANDARD_32_BIT)";
				COPY_PHASE_STRIP = YES;
				DEBUG_INFORMATION_FORMAT = "dwarf-with-dsym";
				GCC_C_LANGUAGE_STANDARD = gnu99;
				GCC_ENABLE_OBJC_EXCEPTIONS = YES;
				GCC_VERSION = com.apple.compilers.llvm.clang.1_0;
				GCC_WARN_64_TO_32_BIT_CONVERSION = YES;
				GCC_WARN_ABOUT_MISSING_PROTOTYPES = YES;
				GCC_WARN_ABOUT_RETURN_TYPE = YES;
				GCC_WARN_UNUSED_VARIABLE = YES;
				MACOSX_DEPLOYMENT_TARGET = 10.7;
				SDKROOT = iphoneos;
			};
			name = Release;
		};
		95BB3AD21402959300B64788 /* Debug */ = {
			isa = XCBuildConfiguration;
			buildSettings = {
				GCC_PRECOMPILE_PREFIX_HEADER = YES;
				GCC_PREFIX_HEADER = "CueSheet/CueSheet-Prefix.pch";
				INFOPLIST_FILE = "CueSheet/CueSheet-Info.plist";
				INSTALL_PATH = "$(LOCAL_LIBRARY_DIR)/Bundles";
				PRODUCT_NAME = "$(TARGET_NAME)";
				WRAPPER_EXTENSION = bundle;
			};
			name = Debug;
		};
		95BB3AD31402959300B64788 /* Release */ = {
			isa = XCBuildConfiguration;
			buildSettings = {
				GCC_PRECOMPILE_PREFIX_HEADER = YES;
				GCC_PREFIX_HEADER = "CueSheet/CueSheet-Prefix.pch";
				INFOPLIST_FILE = "CueSheet/CueSheet-Info.plist";
				INSTALL_PATH = "$(LOCAL_LIBRARY_DIR)/Bundles";
				PRODUCT_NAME = "$(TARGET_NAME)";
				WRAPPER_EXTENSION = bundle;
			};
			name = Release;
		};
/* End XCBuildConfiguration section */

/* Begin XCConfigurationList section */
		95BB3AB91402959300B64788 /* Build configuration list for PBXProject "CueSheet" */ = {
			isa = XCConfigurationList;
			buildConfigurations = (
				95BB3ACF1402959300B64788 /* Debug */,
				95BB3AD01402959300B64788 /* Release */,
			);
			defaultConfigurationIsVisible = 0;
			defaultConfigurationName = Release;
		};
		95BB3AD11402959300B64788 /* Build configuration list for PBXNativeTarget "CueSheet" */ = {
			isa = XCConfigurationList;
			buildConfigurations = (
				95BB3AD21402959300B64788 /* Debug */,
				95BB3AD31402959300B64788 /* Release */,
			);
			defaultConfigurationIsVisible = 0;
			defaultConfigurationName = Release;
		};
/* End XCConfigurationList section */
	};
	rootObject = 95BB3AB61402959300B64788 /* Project object */;
}
