// !$*UTF8*$!
{
	archiveVersion = 1;
	classes = {
	};
	objectVersion = 46;
	objects = {

/* Begin PBXBuildFile section */
		3201088596B4756681693705 /* libThree20UICommon.a in Frameworks */ = {isa = PBXBuildFile; fileRef = 3201088596B4756681693704 /* libThree20UICommon.a */; };
		320A2827FEC940B25BC42C65 /* libThree20Core.a in Frameworks */ = {isa = PBXBuildFile; fileRef = 320A2827FEC940B25BC42C64 /* libThree20Core.a */; };
		320A5A189C235877202780D5 /* libThree20Network.a in Frameworks */ = {isa = PBXBuildFile; fileRef = 320A5A189C235877202780D4 /* libThree20Network.a */; };
		320A737074758E53BA54BE95 /* libThree20UINavigator.a in Frameworks */ = {isa = PBXBuildFile; fileRef = 320A737074758E53BA54BE94 /* libThree20UINavigator.a */; };
		320AF8492C47A4D819F7C451 /* QuartzCore.framework in Frameworks */ = {isa = PBXBuildFile; fileRef = 320AF8492C47A4D819F7C450 /* QuartzCore.framework */; };
		320B6C86F11D9990244A9731 /* Three20.bundle in Resources */ = {isa = PBXBuildFile; fileRef = 320B6C86F11D9990244A9730 /* Three20.bundle */; };
		320CC833B8AF0ACFD35E6225 /* libThree20Style.a in Frameworks */ = {isa = PBXBuildFile; fileRef = 320CC833B8AF0ACFD35E6224 /* libThree20Style.a */; settings = {ATTRIBUTES = (Required, ); }; };
		320D7DCCE32703ACAB9A45E5 /* libThree20.a in Frameworks */ = {isa = PBXBuildFile; fileRef = 320D7DCCE32703ACAB9A45E4 /* libThree20.a */; };
		320F2C48872C2E2C4DF86205 /* libThree20UI.a in Frameworks */ = {isa = PBXBuildFile; fileRef = 320F2C48872C2E2C4DF86204 /* libThree20UI.a */; };
		9517286613FD38A10089AE61 /* UIKit.framework in Frameworks */ = {isa = PBXBuildFile; fileRef = 9517286513FD38A10089AE61 /* UIKit.framework */; };
		9517286813FD38A10089AE61 /* Foundation.framework in Frameworks */ = {isa = PBXBuildFile; fileRef = 9517286713FD38A10089AE61 /* Foundation.framework */; };
		9517286A13FD38A10089AE61 /* CoreGraphics.framework in Frameworks */ = {isa = PBXBuildFile; fileRef = 9517286913FD38A10089AE61 /* CoreGraphics.framework */; };
		9517287013FD38A10089AE61 /* InfoPlist.strings in Resources */ = {isa = PBXBuildFile; fileRef = 9517286E13FD38A10089AE61 /* InfoPlist.strings */; };
		9517287213FD38A10089AE61 /* main.m in Sources */ = {isa = PBXBuildFile; fileRef = 9517287113FD38A10089AE61 /* main.m */; };
		9517287613FD38A10089AE61 /* OrigamiAppDelegate.m in Sources */ = {isa = PBXBuildFile; fileRef = 9517287513FD38A10089AE61 /* OrigamiAppDelegate.m */; };
		9517287913FD38A10089AE61 /* MainWindow.xib in Resources */ = {isa = PBXBuildFile; fileRef = 9517287713FD38A10089AE61 /* MainWindow.xib */; };
		9517291E13FD3CC80089AE61 /* AudioToolbox.framework in Frameworks */ = {isa = PBXBuildFile; fileRef = 9517291B13FD3CC80089AE61 /* AudioToolbox.framework */; };
		9517292013FD3CC80089AE61 /* CoreAudio.framework in Frameworks */ = {isa = PBXBuildFile; fileRef = 9517291D13FD3CC80089AE61 /* CoreAudio.framework */; };
		9517344A1419F2F1004E51CE /* Reachability.m in Sources */ = {isa = PBXBuildFile; fileRef = 951734491419F2F1004E51CE /* Reachability.m */; };
		9517344C1419F474004E51CE /* SystemConfiguration.framework in Frameworks */ = {isa = PBXBuildFile; fileRef = 9517344B1419F474004E51CE /* SystemConfiguration.framework */; };
		951D00B814095C320059ED65 /* cue@2x.png in Resources */ = {isa = PBXBuildFile; fileRef = 951D00B514095C320059ED65 /* cue@2x.png */; };
		951D00B914095C320059ED65 /* flac@2x.png in Resources */ = {isa = PBXBuildFile; fileRef = 951D00B614095C320059ED65 /* flac@2x.png */; };
		951D00BA14095C320059ED65 /* m3u@2x.png in Resources */ = {isa = PBXBuildFile; fileRef = 951D00B714095C320059ED65 /* m3u@2x.png */; };
		951D00BD140961F20059ED65 /* CustomApp.m in Sources */ = {isa = PBXBuildFile; fileRef = 951D00BC140961F20059ED65 /* CustomApp.m */; };
		9522C425140A47DB007FC3F7 /* libxml2.2.dylib in Frameworks */ = {isa = PBXBuildFile; fileRef = 9522C424140A47DA007FC3F7 /* libxml2.2.dylib */; };
		9522C44B140A684C007FC3F7 /* UPNPHelper.m in Sources */ = {isa = PBXBuildFile; fileRef = 9522C44A140A684C007FC3F7 /* UPNPHelper.m */; };
		9537AAAA1403D64500FBBBDE /* ContainerController.m in Sources */ = {isa = PBXBuildFile; fileRef = 9537AAA81403D64500FBBBDE /* ContainerController.m */; };
		9537AAAF1403D83200FBBBDE /* TableUrlItem.m in Sources */ = {isa = PBXBuildFile; fileRef = 9537AAAE1403D83200FBBBDE /* TableUrlItem.m */; };
		9537AABB1403DD5300FBBBDE /* AVFoundation.framework in Frameworks */ = {isa = PBXBuildFile; fileRef = 9537AABA1403DD5300FBBBDE /* AVFoundation.framework */; };
		9537ACB01404E33C00FBBBDE /* NSString+URLEncode.m in Sources */ = {isa = PBXBuildFile; fileRef = 9537ACAF1404E33C00FBBBDE /* NSString+URLEncode.m */; };
		9537AD111404F6FD00FBBBDE /* MediaLibrary.xcdatamodeld in Sources */ = {isa = PBXBuildFile; fileRef = 9537AD0F1404F6FD00FBBBDE /* MediaLibrary.xcdatamodeld */; };
		9537AD151404FA1500FBBBDE /* LibraryController.m in Sources */ = {isa = PBXBuildFile; fileRef = 9537AD131404FA1500FBBBDE /* LibraryController.m */; };
		9537ADAD140502BD00FBBBDE /* MediaLibraryDataSource.m in Sources */ = {isa = PBXBuildFile; fileRef = 9537ADAC140502BC00FBBBDE /* MediaLibraryDataSource.m */; };
		9537ADAF14050B7700FBBBDE /* CoreData.framework in Frameworks */ = {isa = PBXBuildFile; fileRef = 9537ADAE14050B7600FBBBDE /* CoreData.framework */; };
		9537AE0D14050FAE00FBBBDE /* LibraryModelCommon.m in Sources */ = {isa = PBXBuildFile; fileRef = 9537AE0C14050FAE00FBBBDE /* LibraryModelCommon.m */; };
		95608648140662110099B6AF /* StyleSheet.m in Sources */ = {isa = PBXBuildFile; fileRef = 95608647140662110099B6AF /* StyleSheet.m */; };
		9560864A140674820099B6AF /* segoeui.TTF in Resources */ = {isa = PBXBuildFile; fileRef = 95608649140674820099B6AF /* segoeui.TTF */; };
		956086CD14067B1B0099B6AF /* AlbumView.m in Sources */ = {isa = PBXBuildFile; fileRef = 956086CC14067B1B0099B6AF /* AlbumView.m */; };
		95608724140694A30099B6AF /* CustomTableFlushViewCell.m in Sources */ = {isa = PBXBuildFile; fileRef = 95608723140694A20099B6AF /* CustomTableFlushViewCell.m */; };
		956088441406D45B0099B6AF /* TrackView.m in Sources */ = {isa = PBXBuildFile; fileRef = 956088431406D45A0099B6AF /* TrackView.m */; };
		956E066514052A0F001C53E1 /* TableTrackItem.m in Sources */ = {isa = PBXBuildFile; fileRef = 956E066414052A0F001C53E1 /* TableTrackItem.m */; };
		958D2396140779FC00B11133 /* NowPlayingViewController.m in Sources */ = {isa = PBXBuildFile; fileRef = 958D2394140779FC00B11133 /* NowPlayingViewController.m */; };
		958D2397140779FC00B11133 /* NowPlayingViewController.xib in Resources */ = {isa = PBXBuildFile; fileRef = 958D2395140779FC00B11133 /* NowPlayingViewController.xib */; };
		958D23FF1407A9EB00B11133 /* PlayerControlView.m in Sources */ = {isa = PBXBuildFile; fileRef = 958D23FE1407A9EA00B11133 /* PlayerControlView.m */; };
		959BD40314122F9D00C2CBC8 /* icon@2x.png in Resources */ = {isa = PBXBuildFile; fileRef = 959BD40214122F9C00C2CBC8 /* icon@2x.png */; };
		959BD40514122FB700C2CBC8 /* icon.png in Resources */ = {isa = PBXBuildFile; fileRef = 959BD40414122FB700C2CBC8 /* icon.png */; };
		95ADE34F14DD467100F65A91 /* TagLibMetadataReader.mm in Sources */ = {isa = PBXBuildFile; fileRef = 95ADE32014DD467100F65A91 /* TagLibMetadataReader.mm */; };
		95ADE35014DD467100F65A91 /* FileSource.m in Sources */ = {isa = PBXBuildFile; fileRef = 95ADE32214DD467100F65A91 /* FileSource.m */; };
		95ADE35114DD467100F65A91 /* CueSheetContainer.m in Sources */ = {isa = PBXBuildFile; fileRef = 95ADE32414DD467100F65A91 /* CueSheetContainer.m */; };
		95ADE35214DD467100F65A91 /* CueSheetDecoder.m in Sources */ = {isa = PBXBuildFile; fileRef = 95ADE32614DD467100F65A91 /* CueSheetDecoder.m */; };
		95ADE35314DD467100F65A91 /* CueSheetMetadataReader.m in Sources */ = {isa = PBXBuildFile; fileRef = 95ADE32814DD467100F65A91 /* CueSheetMetadataReader.m */; };
		95ADE35414DD467100F65A91 /* CueSheet.m in Sources */ = {isa = PBXBuildFile; fileRef = 95ADE32A14DD467100F65A91 /* CueSheet.m */; };
		95ADE35514DD467100F65A91 /* CueSheetTrack.m in Sources */ = {isa = PBXBuildFile; fileRef = 95ADE32C14DD467100F65A91 /* CueSheetTrack.m */; };
		95ADE35614DD467100F65A91 /* PlsContainer.m in Sources */ = {isa = PBXBuildFile; fileRef = 95ADE32E14DD467100F65A91 /* PlsContainer.m */; };
		95ADE35714DD467100F65A91 /* M3uContainer.m in Sources */ = {isa = PBXBuildFile; fileRef = 95ADE33014DD467100F65A91 /* M3uContainer.m */; };
		95ADE35814DD467100F65A91 /* HTTPSource.m in Sources */ = {isa = PBXBuildFile; fileRef = 95ADE33214DD467100F65A91 /* HTTPSource.m */; };
		95ADE35914DD467100F65A91 /* CoreAudioDecoder.m in Sources */ = {isa = PBXBuildFile; fileRef = 95ADE33414DD467100F65A91 /* CoreAudioDecoder.m */; };
		95ADE35A14DD467100F65A91 /* FlacDecoder.m in Sources */ = {isa = PBXBuildFile; fileRef = 95ADE33614DD467100F65A91 /* FlacDecoder.m */; };
		95ADE35B14DD467100F65A91 /* AudioPlayer.m in Sources */ = {isa = PBXBuildFile; fileRef = 95ADE30814DD467100F65A91 /* AudioPlayer.m */; };
		95ADE35C14DD467100F65A91 /* AudioContainer.m in Sources */ = {isa = PBXBuildFile; fileRef = 95ADE30A14DD467100F65A91 /* AudioContainer.m */; };
		95ADE35D14DD467100F65A91 /* AudioDecoder.m in Sources */ = {isa = PBXBuildFile; fileRef = 95ADE30C14DD467100F65A91 /* AudioDecoder.m */; };
		95ADE35E14DD467100F65A91 /* AudioMetadataReader.m in Sources */ = {isa = PBXBuildFile; fileRef = 95ADE30E14DD467100F65A91 /* AudioMetadataReader.m */; };
		95ADE35F14DD467100F65A91 /* AudioMetadataWriter.m in Sources */ = {isa = PBXBuildFile; fileRef = 95ADE31014DD467100F65A91 /* AudioMetadataWriter.m */; };
		95ADE36014DD467100F65A91 /* AudioPropertiesReader.m in Sources */ = {isa = PBXBuildFile; fileRef = 95ADE31214DD467100F65A91 /* AudioPropertiesReader.m */; };
		95ADE36114DD467100F65A91 /* AudioSource.m in Sources */ = {isa = PBXBuildFile; fileRef = 95ADE31414DD467100F65A91 /* AudioSource.m */; };
		95ADE36214DD467100F65A91 /* PluginController.m in Sources */ = {isa = PBXBuildFile; fileRef = 95ADE31614DD467100F65A91 /* PluginController.m */; };
		95ADE36314DD467100F65A91 /* Helper.m in Sources */ = {isa = PBXBuildFile; fileRef = 95ADE31914DD467100F65A91 /* Helper.m */; };
		95ADE36414DD467100F65A91 /* OutputCoreAudio.m in Sources */ = {isa = PBXBuildFile; fileRef = 95ADE33814DD467100F65A91 /* OutputCoreAudio.m */; };
		95ADE36514DD467100F65A91 /* CoreAudioUtils.m in Sources */ = {isa = PBXBuildFile; fileRef = 95ADE33C14DD467100F65A91 /* CoreAudioUtils.m */; };
		95ADE36614DD467100F65A91 /* VirtualRingBuffer.m in Sources */ = {isa = PBXBuildFile; fileRef = 95ADE33E14DD467100F65A91 /* VirtualRingBuffer.m */; };
		95ADE36714DD467100F65A91 /* Semaphore.m in Sources */ = {isa = PBXBuildFile; fileRef = 95ADE34014DD467100F65A91 /* Semaphore.m */; };
		95ADE36814DD467100F65A91 /* BufferChain.m in Sources */ = {isa = PBXBuildFile; fileRef = 95ADE34214DD467100F65A91 /* BufferChain.m */; };
		95ADE36914DD467100F65A91 /* ConverterNode.m in Sources */ = {isa = PBXBuildFile; fileRef = 95ADE34414DD467100F65A91 /* ConverterNode.m */; };
		95ADE36A14DD467100F65A91 /* InputNode.m in Sources */ = {isa = PBXBuildFile; fileRef = 95ADE34614DD467100F65A91 /* InputNode.m */; };
		95ADE36B14DD467100F65A91 /* Node.m in Sources */ = {isa = PBXBuildFile; fileRef = 95ADE34814DD467100F65A91 /* Node.m */; };
		95ADE36C14DD467100F65A91 /* OutputNode.m in Sources */ = {isa = PBXBuildFile; fileRef = 95ADE34A14DD467100F65A91 /* OutputNode.m */; };
		95ADE37314DD478100F65A91 /* libz.dylib in Frameworks */ = {isa = PBXBuildFile; fileRef = 95ADE37214DD478100F65A91 /* libz.dylib */; };
		95ADE37514DD488700F65A91 /* CyberLink.framework in Frameworks */ = {isa = PBXBuildFile; fileRef = 95ADE37414DD488600F65A91 /* CyberLink.framework */; };
		95ADE37A14DD48A100F65A91 /* FLAC.framework in Frameworks */ = {isa = PBXBuildFile; fileRef = 95ADE37914DD48A100F65A91 /* FLAC.framework */; };
		95ADE37C14DD48D000F65A91 /* TagLib.framework in Frameworks */ = {isa = PBXBuildFile; fileRef = 95ADE37B14DD48D000F65A91 /* TagLib.framework */; };
		95BB3DE61403957000B64788 /* DirectoryNavigationController.m in Sources */ = {isa = PBXBuildFile; fileRef = 95BB3DE41403957000B64788 /* DirectoryNavigationController.m */; };
		95BB3DEA140395CA00B64788 /* DirectoryNavigationModel.m in Sources */ = {isa = PBXBuildFile; fileRef = 95BB3DE9140395CA00B64788 /* DirectoryNavigationModel.m */; };
		95BB3E551403ADD300B64788 /* OOAudioPlayer.m in Sources */ = {isa = PBXBuildFile; fileRef = 95BB3E541403ADD300B64788 /* OOAudioPlayer.m */; };
		95BB3E7A1403CE2600B64788 /* FilePlayerController.m in Sources */ = {isa = PBXBuildFile; fileRef = 95BB3E781403CE2600B64788 /* FilePlayerController.m */; };
		95F6DBF41408E879000F3557 /* cd.png in Resources */ = {isa = PBXBuildFile; fileRef = 95F6DBDD1408E879000F3557 /* cd.png */; };
		95F6DBF61408E879000F3557 /* disc.png in Resources */ = {isa = PBXBuildFile; fileRef = 95F6DBDF1408E879000F3557 /* disc.png */; };
		95F6DBF81408E879000F3557 /* highlight.png in Resources */ = {isa = PBXBuildFile; fileRef = 95F6DBE11408E879000F3557 /* highlight.png */; };
		95F6DC031408E879000F3557 /* splitter.png in Resources */ = {isa = PBXBuildFile; fileRef = 95F6DBEC1408E879000F3557 /* splitter.png */; };
		95F6DC0A1408EA43000F3557 /* flac.png in Resources */ = {isa = PBXBuildFile; fileRef = 95F6DC091408EA43000F3557 /* flac.png */; };
		95F6DC181408ED3A000F3557 /* cue.png in Resources */ = {isa = PBXBuildFile; fileRef = 95F6DC161408ED3A000F3557 /* cue.png */; };
		95F6DC191408ED3A000F3557 /* m3u.png in Resources */ = {isa = PBXBuildFile; fileRef = 95F6DC171408ED3A000F3557 /* m3u.png */; };
		95F6DC1C1408F6E3000F3557 /* MediaLibrary.m in Sources */ = {isa = PBXBuildFile; fileRef = 95F6DC1B1408F6E3000F3557 /* MediaLibrary.m */; };
		95F6DC1F1408F6E4000F3557 /* Track.m in Sources */ = {isa = PBXBuildFile; fileRef = 95F6DC1E1408F6E4000F3557 /* Track.m */; };
/* End PBXBuildFile section */

/* Begin PBXContainerItemProxy section */
		3201088596B4756681693702 /* PBXContainerItemProxy */ = {
			isa = PBXContainerItemProxy;
			containerPortal = 3201088596B4756681693700 /* Three20UICommon.xcodeproj */;
			proxyType = 1;
			remoteGlobalIDString = BEF31F390F352DF5000DE5D2;
			remoteInfo = Three20UICommon;
		};
		3201088596B4756681693706 /* PBXContainerItemProxy */ = {
			isa = PBXContainerItemProxy;
			containerPortal = 3201088596B4756681693700 /* Three20UICommon.xcodeproj */;
			proxyType = 2;
			remoteGlobalIDString = BEF31F3A0F352DF5000DE5D2;
			remoteInfo = Three20UICommon;
		};
		320A2827FEC940B25BC42C62 /* PBXContainerItemProxy */ = {
			isa = PBXContainerItemProxy;
			containerPortal = 320A2827FEC940B25BC42C60 /* Three20Core.xcodeproj */;
			proxyType = 1;
			remoteGlobalIDString = BEF31F390F352DF5000DE5D2;
			remoteInfo = Three20Core;
		};
		320A2827FEC940B25BC42C66 /* PBXContainerItemProxy */ = {
			isa = PBXContainerItemProxy;
			containerPortal = 320A2827FEC940B25BC42C60 /* Three20Core.xcodeproj */;
			proxyType = 2;
			remoteGlobalIDString = BEF31F3A0F352DF5000DE5D2;
			remoteInfo = Three20Core;
		};
		320A5A189C235877202780D2 /* PBXContainerItemProxy */ = {
			isa = PBXContainerItemProxy;
			containerPortal = 320A5A189C235877202780D0 /* Three20Network.xcodeproj */;
			proxyType = 1;
			remoteGlobalIDString = BEF31F390F352DF5000DE5D2;
			remoteInfo = Three20Network;
		};
		320A5A189C235877202780D6 /* PBXContainerItemProxy */ = {
			isa = PBXContainerItemProxy;
			containerPortal = 320A5A189C235877202780D0 /* Three20Network.xcodeproj */;
			proxyType = 2;
			remoteGlobalIDString = BEF31F3A0F352DF5000DE5D2;
			remoteInfo = Three20Network;
		};
		320A737074758E53BA54BE92 /* PBXContainerItemProxy */ = {
			isa = PBXContainerItemProxy;
			containerPortal = 320A737074758E53BA54BE90 /* Three20UINavigator.xcodeproj */;
			proxyType = 1;
			remoteGlobalIDString = BEF31F390F352DF5000DE5D2;
			remoteInfo = Three20UINavigator;
		};
		320A737074758E53BA54BE96 /* PBXContainerItemProxy */ = {
			isa = PBXContainerItemProxy;
			containerPortal = 320A737074758E53BA54BE90 /* Three20UINavigator.xcodeproj */;
			proxyType = 2;
			remoteGlobalIDString = BEF31F3A0F352DF5000DE5D2;
			remoteInfo = Three20UINavigator;
		};
		320CC833B8AF0ACFD35E6222 /* PBXContainerItemProxy */ = {
			isa = PBXContainerItemProxy;
			containerPortal = 320CC833B8AF0ACFD35E6220 /* Three20Style.xcodeproj */;
			proxyType = 1;
			remoteGlobalIDString = BEF31F390F352DF5000DE5D2;
			remoteInfo = Three20Style;
		};
		320CC833B8AF0ACFD35E6226 /* PBXContainerItemProxy */ = {
			isa = PBXContainerItemProxy;
			containerPortal = 320CC833B8AF0ACFD35E6220 /* Three20Style.xcodeproj */;
			proxyType = 2;
			remoteGlobalIDString = BEF31F3A0F352DF5000DE5D2;
			remoteInfo = Three20Style;
		};
		320D7DCCE32703ACAB9A45E2 /* PBXContainerItemProxy */ = {
			isa = PBXContainerItemProxy;
			containerPortal = 320D7DCCE32703ACAB9A45E0 /* Three20.xcodeproj */;
			proxyType = 1;
			remoteGlobalIDString = BEF31F390F352DF5000DE5D2;
			remoteInfo = Three20;
		};
		320D7DCCE32703ACAB9A45E6 /* PBXContainerItemProxy */ = {
			isa = PBXContainerItemProxy;
			containerPortal = 320D7DCCE32703ACAB9A45E0 /* Three20.xcodeproj */;
			proxyType = 2;
			remoteGlobalIDString = BEF31F3A0F352DF5000DE5D2;
			remoteInfo = Three20;
		};
		320F2C48872C2E2C4DF86202 /* PBXContainerItemProxy */ = {
			isa = PBXContainerItemProxy;
			containerPortal = 320F2C48872C2E2C4DF86200 /* Three20UI.xcodeproj */;
			proxyType = 1;
			remoteGlobalIDString = BEF31F390F352DF5000DE5D2;
			remoteInfo = Three20UI;
		};
		320F2C48872C2E2C4DF86206 /* PBXContainerItemProxy */ = {
			isa = PBXContainerItemProxy;
			containerPortal = 320F2C48872C2E2C4DF86200 /* Three20UI.xcodeproj */;
			proxyType = 2;
			remoteGlobalIDString = BEF31F3A0F352DF5000DE5D2;
			remoteInfo = Three20UI;
		};
		9586CED514DD26390055BA11 /* PBXContainerItemProxy */ = {
			isa = PBXContainerItemProxy;
			containerPortal = 320D7DCCE32703ACAB9A45E0 /* Three20.xcodeproj */;
			proxyType = 2;
			remoteGlobalIDString = EB9E6C6210B6A8F800DE563C;
			remoteInfo = Three20UnitTests;
		};
		9586CED814DD26390055BA11 /* PBXContainerItemProxy */ = {
			isa = PBXContainerItemProxy;
			containerPortal = 320A2827FEC940B25BC42C60 /* Three20Core.xcodeproj */;
			proxyType = 2;
			remoteGlobalIDString = EB9E6C6210B6A8F800DE563C;
			remoteInfo = Three20CoreUnitTests;
		};
		9586CEDB14DD26390055BA11 /* PBXContainerItemProxy */ = {
			isa = PBXContainerItemProxy;
			containerPortal = 320A5A189C235877202780D0 /* Three20Network.xcodeproj */;
			proxyType = 2;
			remoteGlobalIDString = EB9E6C6210B6A8F800DE563C;
			remoteInfo = Three20NetworkUnitTests;
		};
		9586CEDE14DD26390055BA11 /* PBXContainerItemProxy */ = {
			isa = PBXContainerItemProxy;
			containerPortal = 320CC833B8AF0ACFD35E6220 /* Three20Style.xcodeproj */;
			proxyType = 2;
			remoteGlobalIDString = EB9E6C6210B6A8F800DE563C;
			remoteInfo = Three20StyleUnitTests;
		};
		9586CEE114DD26390055BA11 /* PBXContainerItemProxy */ = {
			isa = PBXContainerItemProxy;
			containerPortal = 320F2C48872C2E2C4DF86200 /* Three20UI.xcodeproj */;
			proxyType = 2;
			remoteGlobalIDString = EB9E6C6210B6A8F800DE563C;
			remoteInfo = Three20UIUnitTests;
		};
		9586CEE414DD26390055BA11 /* PBXContainerItemProxy */ = {
			isa = PBXContainerItemProxy;
			containerPortal = 3201088596B4756681693700 /* Three20UICommon.xcodeproj */;
			proxyType = 2;
			remoteGlobalIDString = EB9E6C6210B6A8F800DE563C;
			remoteInfo = Three20UICommonUnitTests;
		};
		9586CEE714DD26390055BA11 /* PBXContainerItemProxy */ = {
			isa = PBXContainerItemProxy;
			containerPortal = 320A737074758E53BA54BE90 /* Three20UINavigator.xcodeproj */;
			proxyType = 2;
			remoteGlobalIDString = EB9E6C6210B6A8F800DE563C;
			remoteInfo = Three20UINavigatorUnitTests;
		};
/* End PBXContainerItemProxy section */

/* Begin PBXCopyFilesBuildPhase section */
		9517289C13FD39090089AE61 /* CopyFiles */ = {
			isa = PBXCopyFilesBuildPhase;
			buildActionMask = 2147483647;
			dstPath = "";
			dstSubfolderSpec = 13;
			files = (
			);
			runOnlyForDeploymentPostprocessing = 0;
		};
		951729B413FD3E2E0089AE61 /* CopyFiles */ = {
			isa = PBXCopyFilesBuildPhase;
			buildActionMask = 2147483647;
			dstPath = "";
			dstSubfolderSpec = 10;
			files = (
			);
			runOnlyForDeploymentPostprocessing = 0;
		};
/* End PBXCopyFilesBuildPhase section */

/* Begin PBXFileReference section */
		3201088596B4756681693700 /* Three20UICommon.xcodeproj */ = {isa = PBXFileReference; lastKnownFileType = "wrapper.pb-project"; name = Three20UICommon.xcodeproj; path = ../three20/src/Three20UICommon/Three20UICommon.xcodeproj; sourceTree = SOURCE_ROOT; };
		320A2827FEC940B25BC42C60 /* Three20Core.xcodeproj */ = {isa = PBXFileReference; lastKnownFileType = "wrapper.pb-project"; name = Three20Core.xcodeproj; path = ../three20/src/Three20Core/Three20Core.xcodeproj; sourceTree = SOURCE_ROOT; };
		320A5A189C235877202780D0 /* Three20Network.xcodeproj */ = {isa = PBXFileReference; lastKnownFileType = "wrapper.pb-project"; name = Three20Network.xcodeproj; path = ../three20/src/Three20Network/Three20Network.xcodeproj; sourceTree = SOURCE_ROOT; };
		320A737074758E53BA54BE90 /* Three20UINavigator.xcodeproj */ = {isa = PBXFileReference; lastKnownFileType = "wrapper.pb-project"; name = Three20UINavigator.xcodeproj; path = ../three20/src/Three20UINavigator/Three20UINavigator.xcodeproj; sourceTree = SOURCE_ROOT; };
		320AF8492C47A4D819F7C450 /* QuartzCore.framework */ = {isa = PBXFileReference; lastKnownFileType = wrapper.frameworks; name = QuartzCore.framework; path = System/Library/Frameworks/QuartzCore.framework; sourceTree = SDKROOT; };
		320B6C86F11D9990244A9730 /* Three20.bundle */ = {isa = PBXFileReference; lastKnownFileType = "wrapper.plug-in"; name = Three20.bundle; path = ../three20/src/Three20.bundle; sourceTree = SOURCE_ROOT; };
		320CC833B8AF0ACFD35E6220 /* Three20Style.xcodeproj */ = {isa = PBXFileReference; lastKnownFileType = "wrapper.pb-project"; name = Three20Style.xcodeproj; path = ../three20/src/Three20Style/Three20Style.xcodeproj; sourceTree = SOURCE_ROOT; };
		320D7DCCE32703ACAB9A45E0 /* Three20.xcodeproj */ = {isa = PBXFileReference; lastKnownFileType = "wrapper.pb-project"; name = Three20.xcodeproj; path = ../three20/src/Three20/Three20.xcodeproj; sourceTree = SOURCE_ROOT; };
		320F2C48872C2E2C4DF86200 /* Three20UI.xcodeproj */ = {isa = PBXFileReference; lastKnownFileType = "wrapper.pb-project"; name = Three20UI.xcodeproj; path = ../three20/src/Three20UI/Three20UI.xcodeproj; sourceTree = SOURCE_ROOT; };
		9517286113FD38A10089AE61 /* Origami.app */ = {isa = PBXFileReference; explicitFileType = wrapper.application; includeInIndex = 0; path = Origami.app; sourceTree = BUILT_PRODUCTS_DIR; };
		9517286513FD38A10089AE61 /* UIKit.framework */ = {isa = PBXFileReference; lastKnownFileType = wrapper.framework; name = UIKit.framework; path = System/Library/Frameworks/UIKit.framework; sourceTree = SDKROOT; };
		9517286713FD38A10089AE61 /* Foundation.framework */ = {isa = PBXFileReference; lastKnownFileType = wrapper.framework; name = Foundation.framework; path = System/Library/Frameworks/Foundation.framework; sourceTree = SDKROOT; };
		9517286913FD38A10089AE61 /* CoreGraphics.framework */ = {isa = PBXFileReference; lastKnownFileType = wrapper.framework; name = CoreGraphics.framework; path = System/Library/Frameworks/CoreGraphics.framework; sourceTree = SDKROOT; };
		9517286D13FD38A10089AE61 /* Origami-Info.plist */ = {isa = PBXFileReference; lastKnownFileType = text.plist; path = "Origami-Info.plist"; sourceTree = "<group>"; };
		9517286F13FD38A10089AE61 /* en */ = {isa = PBXFileReference; lastKnownFileType = text.plist.strings; name = en; path = en.lproj/InfoPlist.strings; sourceTree = "<group>"; };
		9517287113FD38A10089AE61 /* main.m */ = {isa = PBXFileReference; lastKnownFileType = sourcecode.c.objc; path = main.m; sourceTree = "<group>"; };
		9517287313FD38A10089AE61 /* Origami-Prefix.pch */ = {isa = PBXFileReference; lastKnownFileType = sourcecode.c.h; path = "Origami-Prefix.pch"; sourceTree = "<group>"; };
		9517287413FD38A10089AE61 /* OrigamiAppDelegate.h */ = {isa = PBXFileReference; lastKnownFileType = sourcecode.c.h; path = OrigamiAppDelegate.h; sourceTree = "<group>"; };
		9517287513FD38A10089AE61 /* OrigamiAppDelegate.m */ = {isa = PBXFileReference; lastKnownFileType = sourcecode.c.objc; path = OrigamiAppDelegate.m; sourceTree = "<group>"; };
		9517287813FD38A10089AE61 /* en */ = {isa = PBXFileReference; lastKnownFileType = file.xib; name = en; path = en.lproj/MainWindow.xib; sourceTree = "<group>"; };
		9517291B13FD3CC80089AE61 /* AudioToolbox.framework */ = {isa = PBXFileReference; lastKnownFileType = wrapper.framework; name = AudioToolbox.framework; path = System/Library/Frameworks/AudioToolbox.framework; sourceTree = SDKROOT; };
		9517291D13FD3CC80089AE61 /* CoreAudio.framework */ = {isa = PBXFileReference; lastKnownFileType = wrapper.framework; name = CoreAudio.framework; path = System/Library/Frameworks/CoreAudio.framework; sourceTree = SDKROOT; };
		951734481419F2F1004E51CE /* Reachability.h */ = {isa = PBXFileReference; fileEncoding = 4; lastKnownFileType = sourcecode.c.h; path = Reachability.h; sourceTree = "<group>"; };
		951734491419F2F1004E51CE /* Reachability.m */ = {isa = PBXFileReference; fileEncoding = 4; lastKnownFileType = sourcecode.c.objc; path = Reachability.m; sourceTree = "<group>"; };
		9517344B1419F474004E51CE /* SystemConfiguration.framework */ = {isa = PBXFileReference; lastKnownFileType = wrapper.framework; name = SystemConfiguration.framework; path = System/Library/Frameworks/SystemConfiguration.framework; sourceTree = SDKROOT; };
		951D00B514095C320059ED65 /* cue@2x.png */ = {isa = PBXFileReference; lastKnownFileType = image.png; path = "cue@2x.png"; sourceTree = "<group>"; };
		951D00B614095C320059ED65 /* flac@2x.png */ = {isa = PBXFileReference; lastKnownFileType = image.png; path = "flac@2x.png"; sourceTree = "<group>"; };
		951D00B714095C320059ED65 /* m3u@2x.png */ = {isa = PBXFileReference; lastKnownFileType = image.png; path = "m3u@2x.png"; sourceTree = "<group>"; };
		951D00BB140961F20059ED65 /* CustomApp.h */ = {isa = PBXFileReference; fileEncoding = 4; lastKnownFileType = sourcecode.c.h; name = CustomApp.h; path = Common/CustomApp.h; sourceTree = "<group>"; };
		951D00BC140961F20059ED65 /* CustomApp.m */ = {isa = PBXFileReference; fileEncoding = 4; lastKnownFileType = sourcecode.c.objc; name = CustomApp.m; path = Common/CustomApp.m; sourceTree = "<group>"; };
		9522C424140A47DA007FC3F7 /* libxml2.2.dylib */ = {isa = PBXFileReference; lastKnownFileType = "compiled.mach-o.dylib"; name = libxml2.2.dylib; path = usr/lib/libxml2.2.dylib; sourceTree = SDKROOT; };
		9522C449140A684C007FC3F7 /* UPNPHelper.h */ = {isa = PBXFileReference; fileEncoding = 4; lastKnownFileType = sourcecode.c.h; name = UPNPHelper.h; path = Common/UPNPHelper.h; sourceTree = "<group>"; };
		9522C44A140A684C007FC3F7 /* UPNPHelper.m */ = {isa = PBXFileReference; fileEncoding = 4; lastKnownFileType = sourcecode.c.objc; name = UPNPHelper.m; path = Common/UPNPHelper.m; sourceTree = "<group>"; };
		9537AAA71403D64500FBBBDE /* ContainerController.h */ = {isa = PBXFileReference; fileEncoding = 4; lastKnownFileType = sourcecode.c.h; name = ContainerController.h; path = Player/ContainerController/ContainerController.h; sourceTree = "<group>"; };
		9537AAA81403D64500FBBBDE /* ContainerController.m */ = {isa = PBXFileReference; fileEncoding = 4; lastKnownFileType = sourcecode.c.objc; name = ContainerController.m; path = Player/ContainerController/ContainerController.m; sourceTree = "<group>"; };
		9537AAAD1403D83200FBBBDE /* TableUrlItem.h */ = {isa = PBXFileReference; fileEncoding = 4; lastKnownFileType = sourcecode.c.h; name = TableUrlItem.h; path = Common/TableUrlItem.h; sourceTree = "<group>"; };
		9537AAAE1403D83200FBBBDE /* TableUrlItem.m */ = {isa = PBXFileReference; fileEncoding = 4; lastKnownFileType = sourcecode.c.objc; name = TableUrlItem.m; path = Common/TableUrlItem.m; sourceTree = "<group>"; };
		9537AABA1403DD5300FBBBDE /* AVFoundation.framework */ = {isa = PBXFileReference; lastKnownFileType = wrapper.framework; name = AVFoundation.framework; path = System/Library/Frameworks/AVFoundation.framework; sourceTree = SDKROOT; };
		9537ACAE1404E33C00FBBBDE /* NSString+URLEncode.h */ = {isa = PBXFileReference; fileEncoding = 4; lastKnownFileType = sourcecode.c.h; name = "NSString+URLEncode.h"; path = "Common/NSString+URLEncode.h"; sourceTree = "<group>"; };
		9537ACAF1404E33C00FBBBDE /* NSString+URLEncode.m */ = {isa = PBXFileReference; fileEncoding = 4; lastKnownFileType = sourcecode.c.objc; name = "NSString+URLEncode.m"; path = "Common/NSString+URLEncode.m"; sourceTree = "<group>"; };
		9537AD101404F6FD00FBBBDE /* MediaLibrary.xcdatamodel */ = {isa = PBXFileReference; lastKnownFileType = wrapper.xcdatamodel; path = MediaLibrary.xcdatamodel; sourceTree = "<group>"; };
		9537AD121404FA1500FBBBDE /* LibraryController.h */ = {isa = PBXFileReference; fileEncoding = 4; lastKnownFileType = sourcecode.c.h; name = LibraryController.h; path = Player/MediaLibrary/LibraryController.h; sourceTree = "<group>"; };
		9537AD131404FA1500FBBBDE /* LibraryController.m */ = {isa = PBXFileReference; fileEncoding = 4; lastKnownFileType = sourcecode.c.objc; name = LibraryController.m; path = Player/MediaLibrary/LibraryController.m; sourceTree = "<group>"; };
		9537ADAB140502BC00FBBBDE /* MediaLibraryDataSource.h */ = {isa = PBXFileReference; fileEncoding = 4; lastKnownFileType = sourcecode.c.h; name = MediaLibraryDataSource.h; path = Player/MediaLibrary/Model/MediaLibraryDataSource.h; sourceTree = "<group>"; };
		9537ADAC140502BC00FBBBDE /* MediaLibraryDataSource.m */ = {isa = PBXFileReference; fileEncoding = 4; lastKnownFileType = sourcecode.c.objc; name = MediaLibraryDataSource.m; path = Player/MediaLibrary/Model/MediaLibraryDataSource.m; sourceTree = "<group>"; };
		9537ADAE14050B7600FBBBDE /* CoreData.framework */ = {isa = PBXFileReference; lastKnownFileType = wrapper.framework; name = CoreData.framework; path = System/Library/Frameworks/CoreData.framework; sourceTree = SDKROOT; };
		9537AE0B14050FAD00FBBBDE /* LibraryModelCommon.h */ = {isa = PBXFileReference; fileEncoding = 4; lastKnownFileType = sourcecode.c.h; name = LibraryModelCommon.h; path = Player/MediaLibrary/Model/LibraryModelCommon.h; sourceTree = "<group>"; };
		9537AE0C14050FAE00FBBBDE /* LibraryModelCommon.m */ = {isa = PBXFileReference; fileEncoding = 4; lastKnownFileType = sourcecode.c.objc; name = LibraryModelCommon.m; path = Player/MediaLibrary/Model/LibraryModelCommon.m; sourceTree = "<group>"; };
		95608646140662110099B6AF /* StyleSheet.h */ = {isa = PBXFileReference; fileEncoding = 4; lastKnownFileType = sourcecode.c.h; path = StyleSheet.h; sourceTree = "<group>"; };
		95608647140662110099B6AF /* StyleSheet.m */ = {isa = PBXFileReference; fileEncoding = 4; lastKnownFileType = sourcecode.c.objc; path = StyleSheet.m; sourceTree = "<group>"; };
		95608649140674820099B6AF /* segoeui.TTF */ = {isa = PBXFileReference; lastKnownFileType = file; path = segoeui.TTF; sourceTree = "<group>"; };
		956086CB14067B1B0099B6AF /* AlbumView.h */ = {isa = PBXFileReference; fileEncoding = 4; lastKnownFileType = sourcecode.c.h; name = AlbumView.h; path = Common/AlbumView.h; sourceTree = "<group>"; };
		956086CC14067B1B0099B6AF /* AlbumView.m */ = {isa = PBXFileReference; fileEncoding = 4; lastKnownFileType = sourcecode.c.objc; name = AlbumView.m; path = Common/AlbumView.m; sourceTree = "<group>"; };
		95608722140694A20099B6AF /* CustomTableFlushViewCell.h */ = {isa = PBXFileReference; fileEncoding = 4; lastKnownFileType = sourcecode.c.h; name = CustomTableFlushViewCell.h; path = Common/CustomTableFlushViewCell.h; sourceTree = "<group>"; };
		95608723140694A20099B6AF /* CustomTableFlushViewCell.m */ = {isa = PBXFileReference; fileEncoding = 4; lastKnownFileType = sourcecode.c.objc; name = CustomTableFlushViewCell.m; path = Common/CustomTableFlushViewCell.m; sourceTree = "<group>"; };
		956088421406D45A0099B6AF /* TrackView.h */ = {isa = PBXFileReference; fileEncoding = 4; lastKnownFileType = sourcecode.c.h; name = TrackView.h; path = Common/TrackView.h; sourceTree = "<group>"; };
		956088431406D45A0099B6AF /* TrackView.m */ = {isa = PBXFileReference; fileEncoding = 4; lastKnownFileType = sourcecode.c.objc; name = TrackView.m; path = Common/TrackView.m; sourceTree = "<group>"; };
		956E066314052A0F001C53E1 /* TableTrackItem.h */ = {isa = PBXFileReference; fileEncoding = 4; lastKnownFileType = sourcecode.c.h; name = TableTrackItem.h; path = Common/TableTrackItem.h; sourceTree = "<group>"; };
		956E066414052A0F001C53E1 /* TableTrackItem.m */ = {isa = PBXFileReference; fileEncoding = 4; lastKnownFileType = sourcecode.c.objc; name = TableTrackItem.m; path = Common/TableTrackItem.m; sourceTree = "<group>"; };
		958D2393140779FC00B11133 /* NowPlayingViewController.h */ = {isa = PBXFileReference; fileEncoding = 4; lastKnownFileType = sourcecode.c.h; name = NowPlayingViewController.h; path = Player/MediaLibrary/NowPlayingViewController.h; sourceTree = "<group>"; };
		958D2394140779FC00B11133 /* NowPlayingViewController.m */ = {isa = PBXFileReference; fileEncoding = 4; lastKnownFileType = sourcecode.c.objc; name = NowPlayingViewController.m; path = Player/MediaLibrary/NowPlayingViewController.m; sourceTree = "<group>"; };
		958D2395140779FC00B11133 /* NowPlayingViewController.xib */ = {isa = PBXFileReference; fileEncoding = 4; lastKnownFileType = file.xib; name = NowPlayingViewController.xib; path = Player/MediaLibrary/NowPlayingViewController.xib; sourceTree = "<group>"; };
		958D23FD1407A9EA00B11133 /* PlayerControlView.h */ = {isa = PBXFileReference; fileEncoding = 4; lastKnownFileType = sourcecode.c.h; name = PlayerControlView.h; path = Common/PlayerControlView.h; sourceTree = "<group>"; };
		958D23FE1407A9EA00B11133 /* PlayerControlView.m */ = {isa = PBXFileReference; fileEncoding = 4; lastKnownFileType = sourcecode.c.objc; name = PlayerControlView.m; path = Common/PlayerControlView.m; sourceTree = "<group>"; };
		959BD40214122F9C00C2CBC8 /* icon@2x.png */ = {isa = PBXFileReference; lastKnownFileType = image.png; path = "icon@2x.png"; sourceTree = "<group>"; };
		959BD40414122FB700C2CBC8 /* icon.png */ = {isa = PBXFileReference; lastKnownFileType = image.png; path = icon.png; sourceTree = "<group>"; };
		95ADE30614DD467100F65A91 /* Plugin.h */ = {isa = PBXFileReference; fileEncoding = 4; lastKnownFileType = sourcecode.c.h; name = Plugin.h; path = ../../Plugin.h; sourceTree = "<group>"; };
		95ADE30714DD467100F65A91 /* AudioPlayer.h */ = {isa = PBXFileReference; fileEncoding = 4; lastKnownFileType = sourcecode.c.h; path = AudioPlayer.h; sourceTree = "<group>"; };
		95ADE30814DD467100F65A91 /* AudioPlayer.m */ = {isa = PBXFileReference; fileEncoding = 4; lastKnownFileType = sourcecode.c.objc; path = AudioPlayer.m; sourceTree = "<group>"; };
		95ADE30914DD467100F65A91 /* AudioContainer.h */ = {isa = PBXFileReference; fileEncoding = 4; lastKnownFileType = sourcecode.c.h; path = AudioContainer.h; sourceTree = "<group>"; };
		95ADE30A14DD467100F65A91 /* AudioContainer.m */ = {isa = PBXFileReference; fileEncoding = 4; lastKnownFileType = sourcecode.c.objc; path = AudioContainer.m; sourceTree = "<group>"; };
		95ADE30B14DD467100F65A91 /* AudioDecoder.h */ = {isa = PBXFileReference; fileEncoding = 4; lastKnownFileType = sourcecode.c.h; path = AudioDecoder.h; sourceTree = "<group>"; };
		95ADE30C14DD467100F65A91 /* AudioDecoder.m */ = {isa = PBXFileReference; fileEncoding = 4; lastKnownFileType = sourcecode.c.objc; path = AudioDecoder.m; sourceTree = "<group>"; };
		95ADE30D14DD467100F65A91 /* AudioMetadataReader.h */ = {isa = PBXFileReference; fileEncoding = 4; lastKnownFileType = sourcecode.c.h; path = AudioMetadataReader.h; sourceTree = "<group>"; };
		95ADE30E14DD467100F65A91 /* AudioMetadataReader.m */ = {isa = PBXFileReference; fileEncoding = 4; lastKnownFileType = sourcecode.c.objc; path = AudioMetadataReader.m; sourceTree = "<group>"; };
		95ADE30F14DD467100F65A91 /* AudioMetadataWriter.h */ = {isa = PBXFileReference; fileEncoding = 4; lastKnownFileType = sourcecode.c.h; path = AudioMetadataWriter.h; sourceTree = "<group>"; };
		95ADE31014DD467100F65A91 /* AudioMetadataWriter.m */ = {isa = PBXFileReference; fileEncoding = 4; lastKnownFileType = sourcecode.c.objc; path = AudioMetadataWriter.m; sourceTree = "<group>"; };
		95ADE31114DD467100F65A91 /* AudioPropertiesReader.h */ = {isa = PBXFileReference; fileEncoding = 4; lastKnownFileType = sourcecode.c.h; path = AudioPropertiesReader.h; sourceTree = "<group>"; };
		95ADE31214DD467100F65A91 /* AudioPropertiesReader.m */ = {isa = PBXFileReference; fileEncoding = 4; lastKnownFileType = sourcecode.c.objc; path = AudioPropertiesReader.m; sourceTree = "<group>"; };
		95ADE31314DD467100F65A91 /* AudioSource.h */ = {isa = PBXFileReference; fileEncoding = 4; lastKnownFileType = sourcecode.c.h; path = AudioSource.h; sourceTree = "<group>"; };
		95ADE31414DD467100F65A91 /* AudioSource.m */ = {isa = PBXFileReference; fileEncoding = 4; lastKnownFileType = sourcecode.c.objc; path = AudioSource.m; sourceTree = "<group>"; };
		95ADE31514DD467100F65A91 /* PluginController.h */ = {isa = PBXFileReference; fileEncoding = 4; lastKnownFileType = sourcecode.c.h; path = PluginController.h; sourceTree = "<group>"; };
		95ADE31614DD467100F65A91 /* PluginController.m */ = {isa = PBXFileReference; fileEncoding = 4; lastKnownFileType = sourcecode.c.objc; path = PluginController.m; sourceTree = "<group>"; };
		95ADE31714DD467100F65A91 /* Status.h */ = {isa = PBXFileReference; fileEncoding = 4; lastKnownFileType = sourcecode.c.h; path = Status.h; sourceTree = "<group>"; };
		95ADE31814DD467100F65A91 /* Helper.h */ = {isa = PBXFileReference; fileEncoding = 4; lastKnownFileType = sourcecode.c.h; path = Helper.h; sourceTree = "<group>"; };
		95ADE31914DD467100F65A91 /* Helper.m */ = {isa = PBXFileReference; fileEncoding = 4; lastKnownFileType = sourcecode.c.objc; path = Helper.m; sourceTree = "<group>"; };
		95ADE31F14DD467100F65A91 /* TagLibMetadataReader.h */ = {isa = PBXFileReference; fileEncoding = 4; lastKnownFileType = sourcecode.c.h; path = TagLibMetadataReader.h; sourceTree = "<group>"; };
		95ADE32014DD467100F65A91 /* TagLibMetadataReader.mm */ = {isa = PBXFileReference; fileEncoding = 4; lastKnownFileType = sourcecode.cpp.objcpp; path = TagLibMetadataReader.mm; sourceTree = "<group>"; };
		95ADE32114DD467100F65A91 /* FileSource.h */ = {isa = PBXFileReference; fileEncoding = 4; lastKnownFileType = sourcecode.c.h; path = FileSource.h; sourceTree = "<group>"; };
		95ADE32214DD467100F65A91 /* FileSource.m */ = {isa = PBXFileReference; fileEncoding = 4; lastKnownFileType = sourcecode.c.objc; path = FileSource.m; sourceTree = "<group>"; };
		95ADE32314DD467100F65A91 /* CueSheetContainer.h */ = {isa = PBXFileReference; fileEncoding = 4; lastKnownFileType = sourcecode.c.h; path = CueSheetContainer.h; sourceTree = "<group>"; };
		95ADE32414DD467100F65A91 /* CueSheetContainer.m */ = {isa = PBXFileReference; fileEncoding = 4; lastKnownFileType = sourcecode.c.objc; path = CueSheetContainer.m; sourceTree = "<group>"; };
		95ADE32514DD467100F65A91 /* CueSheetDecoder.h */ = {isa = PBXFileReference; fileEncoding = 4; lastKnownFileType = sourcecode.c.h; path = CueSheetDecoder.h; sourceTree = "<group>"; };
		95ADE32614DD467100F65A91 /* CueSheetDecoder.m */ = {isa = PBXFileReference; fileEncoding = 4; lastKnownFileType = sourcecode.c.objc; path = CueSheetDecoder.m; sourceTree = "<group>"; };
		95ADE32714DD467100F65A91 /* CueSheetMetadataReader.h */ = {isa = PBXFileReference; fileEncoding = 4; lastKnownFileType = sourcecode.c.h; path = CueSheetMetadataReader.h; sourceTree = "<group>"; };
		95ADE32814DD467100F65A91 /* CueSheetMetadataReader.m */ = {isa = PBXFileReference; fileEncoding = 4; lastKnownFileType = sourcecode.c.objc; path = CueSheetMetadataReader.m; sourceTree = "<group>"; };
		95ADE32914DD467100F65A91 /* CueSheet.h */ = {isa = PBXFileReference; fileEncoding = 4; lastKnownFileType = sourcecode.c.h; path = CueSheet.h; sourceTree = "<group>"; };
		95ADE32A14DD467100F65A91 /* CueSheet.m */ = {isa = PBXFileReference; fileEncoding = 4; lastKnownFileType = sourcecode.c.objc; path = CueSheet.m; sourceTree = "<group>"; };
		95ADE32B14DD467100F65A91 /* CueSheetTrack.h */ = {isa = PBXFileReference; fileEncoding = 4; lastKnownFileType = sourcecode.c.h; path = CueSheetTrack.h; sourceTree = "<group>"; };
		95ADE32C14DD467100F65A91 /* CueSheetTrack.m */ = {isa = PBXFileReference; fileEncoding = 4; lastKnownFileType = sourcecode.c.objc; path = CueSheetTrack.m; sourceTree = "<group>"; };
		95ADE32D14DD467100F65A91 /* PlsContainer.h */ = {isa = PBXFileReference; fileEncoding = 4; lastKnownFileType = sourcecode.c.h; path = PlsContainer.h; sourceTree = "<group>"; };
		95ADE32E14DD467100F65A91 /* PlsContainer.m */ = {isa = PBXFileReference; fileEncoding = 4; lastKnownFileType = sourcecode.c.objc; path = PlsContainer.m; sourceTree = "<group>"; };
		95ADE32F14DD467100F65A91 /* M3uContainer.h */ = {isa = PBXFileReference; fileEncoding = 4; lastKnownFileType = sourcecode.c.h; path = M3uContainer.h; sourceTree = "<group>"; };
		95ADE33014DD467100F65A91 /* M3uContainer.m */ = {isa = PBXFileReference; fileEncoding = 4; lastKnownFileType = sourcecode.c.objc; path = M3uContainer.m; sourceTree = "<group>"; };
		95ADE33114DD467100F65A91 /* HTTPSource.h */ = {isa = PBXFileReference; fileEncoding = 4; lastKnownFileType = sourcecode.c.h; path = HTTPSource.h; sourceTree = "<group>"; };
		95ADE33214DD467100F65A91 /* HTTPSource.m */ = {isa = PBXFileReference; fileEncoding = 4; lastKnownFileType = sourcecode.c.objc; path = HTTPSource.m; sourceTree = "<group>"; };
		95ADE33314DD467100F65A91 /* CoreAudioDecoder.h */ = {isa = PBXFileReference; fileEncoding = 4; lastKnownFileType = sourcecode.c.h; path = CoreAudioDecoder.h; sourceTree = "<group>"; };
		95ADE33414DD467100F65A91 /* CoreAudioDecoder.m */ = {isa = PBXFileReference; fileEncoding = 4; lastKnownFileType = sourcecode.c.objc; path = CoreAudioDecoder.m; sourceTree = "<group>"; };
		95ADE33514DD467100F65A91 /* FlacDecoder.h */ = {isa = PBXFileReference; fileEncoding = 4; lastKnownFileType = sourcecode.c.h; path = FlacDecoder.h; sourceTree = "<group>"; };
		95ADE33614DD467100F65A91 /* FlacDecoder.m */ = {isa = PBXFileReference; fileEncoding = 4; lastKnownFileType = sourcecode.c.objc; path = FlacDecoder.m; sourceTree = "<group>"; };
		95ADE33714DD467100F65A91 /* OutputCoreAudio.h */ = {isa = PBXFileReference; fileEncoding = 4; lastKnownFileType = sourcecode.c.h; path = OutputCoreAudio.h; sourceTree = "<group>"; };
		95ADE33814DD467100F65A91 /* OutputCoreAudio.m */ = {isa = PBXFileReference; fileEncoding = 4; lastKnownFileType = sourcecode.c.objc; path = OutputCoreAudio.m; sourceTree = "<group>"; };
		95ADE33B14DD467100F65A91 /* CoreAudioUtils.h */ = {isa = PBXFileReference; fileEncoding = 4; lastKnownFileType = sourcecode.c.h; path = CoreAudioUtils.h; sourceTree = "<group>"; };
		95ADE33C14DD467100F65A91 /* CoreAudioUtils.m */ = {isa = PBXFileReference; fileEncoding = 4; lastKnownFileType = sourcecode.c.objc; path = CoreAudioUtils.m; sourceTree = "<group>"; };
		95ADE33D14DD467100F65A91 /* VirtualRingBuffer.h */ = {isa = PBXFileReference; fileEncoding = 4; lastKnownFileType = sourcecode.c.h; path = VirtualRingBuffer.h; sourceTree = "<group>"; };
		95ADE33E14DD467100F65A91 /* VirtualRingBuffer.m */ = {isa = PBXFileReference; fileEncoding = 4; lastKnownFileType = sourcecode.c.objc; path = VirtualRingBuffer.m; sourceTree = "<group>"; };
		95ADE33F14DD467100F65A91 /* Semaphore.h */ = {isa = PBXFileReference; fileEncoding = 4; lastKnownFileType = sourcecode.c.h; path = Semaphore.h; sourceTree = "<group>"; };
		95ADE34014DD467100F65A91 /* Semaphore.m */ = {isa = PBXFileReference; fileEncoding = 4; lastKnownFileType = sourcecode.c.objc; path = Semaphore.m; sourceTree = "<group>"; };
		95ADE34114DD467100F65A91 /* BufferChain.h */ = {isa = PBXFileReference; fileEncoding = 4; lastKnownFileType = sourcecode.c.h; path = BufferChain.h; sourceTree = "<group>"; };
		95ADE34214DD467100F65A91 /* BufferChain.m */ = {isa = PBXFileReference; fileEncoding = 4; lastKnownFileType = sourcecode.c.objc; path = BufferChain.m; sourceTree = "<group>"; };
		95ADE34314DD467100F65A91 /* ConverterNode.h */ = {isa = PBXFileReference; fileEncoding = 4; lastKnownFileType = sourcecode.c.h; path = ConverterNode.h; sourceTree = "<group>"; };
		95ADE34414DD467100F65A91 /* ConverterNode.m */ = {isa = PBXFileReference; fileEncoding = 4; lastKnownFileType = sourcecode.c.objc; path = ConverterNode.m; sourceTree = "<group>"; };
		95ADE34514DD467100F65A91 /* InputNode.h */ = {isa = PBXFileReference; fileEncoding = 4; lastKnownFileType = sourcecode.c.h; path = InputNode.h; sourceTree = "<group>"; };
		95ADE34614DD467100F65A91 /* InputNode.m */ = {isa = PBXFileReference; fileEncoding = 4; lastKnownFileType = sourcecode.c.objc; path = InputNode.m; sourceTree = "<group>"; };
		95ADE34714DD467100F65A91 /* Node.h */ = {isa = PBXFileReference; fileEncoding = 4; lastKnownFileType = sourcecode.c.h; path = Node.h; sourceTree = "<group>"; };
		95ADE34814DD467100F65A91 /* Node.m */ = {isa = PBXFileReference; fileEncoding = 4; lastKnownFileType = sourcecode.c.objc; path = Node.m; sourceTree = "<group>"; };
		95ADE34914DD467100F65A91 /* OutputNode.h */ = {isa = PBXFileReference; fileEncoding = 4; lastKnownFileType = sourcecode.c.h; path = OutputNode.h; sourceTree = "<group>"; };
		95ADE34A14DD467100F65A91 /* OutputNode.m */ = {isa = PBXFileReference; fileEncoding = 4; lastKnownFileType = sourcecode.c.objc; path = OutputNode.m; sourceTree = "<group>"; };
		95ADE37214DD478100F65A91 /* libz.dylib */ = {isa = PBXFileReference; lastKnownFileType = "compiled.mach-o.dylib"; name = libz.dylib; path = usr/lib/libz.dylib; sourceTree = SDKROOT; };
		95ADE37414DD488600F65A91 /* CyberLink.framework */ = {isa = PBXFileReference; lastKnownFileType = wrapper.framework; name = CyberLink.framework; path = "../Audio-Frameworks/CyberLink/CyberLink.framework"; sourceTree = "<group>"; };
		95ADE37914DD48A100F65A91 /* FLAC.framework */ = {isa = PBXFileReference; lastKnownFileType = wrapper.framework; name = FLAC.framework; path = "../Audio-Frameworks/FLAC/FLAC.framework"; sourceTree = "<group>"; };
		95ADE37B14DD48D000F65A91 /* TagLib.framework */ = {isa = PBXFileReference; lastKnownFileType = wrapper.framework; name = TagLib.framework; path = "../Audio-Frameworks/taglib_source/TagLib.framework"; sourceTree = "<group>"; };
		95BB3DE31403957000B64788 /* DirectoryNavigationController.h */ = {isa = PBXFileReference; fileEncoding = 4; lastKnownFileType = sourcecode.c.h; path = DirectoryNavigationController.h; sourceTree = "<group>"; };
		95BB3DE41403957000B64788 /* DirectoryNavigationController.m */ = {isa = PBXFileReference; fileEncoding = 4; lastKnownFileType = sourcecode.c.objc; path = DirectoryNavigationController.m; sourceTree = "<group>"; };
		95BB3DE8140395CA00B64788 /* DirectoryNavigationModel.h */ = {isa = PBXFileReference; fileEncoding = 4; lastKnownFileType = sourcecode.c.h; path = DirectoryNavigationModel.h; sourceTree = "<group>"; };
		95BB3DE9140395CA00B64788 /* DirectoryNavigationModel.m */ = {isa = PBXFileReference; fileEncoding = 4; lastKnownFileType = sourcecode.c.objc; path = DirectoryNavigationModel.m; sourceTree = "<group>"; };
		95BB3E531403ADD300B64788 /* OOAudioPlayer.h */ = {isa = PBXFileReference; fileEncoding = 4; lastKnownFileType = sourcecode.c.h; name = OOAudioPlayer.h; path = Player/OOAudioPlayer.h; sourceTree = "<group>"; };
		95BB3E541403ADD300B64788 /* OOAudioPlayer.m */ = {isa = PBXFileReference; fileEncoding = 4; lastKnownFileType = sourcecode.c.objc; name = OOAudioPlayer.m; path = Player/OOAudioPlayer.m; sourceTree = "<group>"; };
		95BB3E771403CE2600B64788 /* FilePlayerController.h */ = {isa = PBXFileReference; fileEncoding = 4; lastKnownFileType = sourcecode.c.h; name = FilePlayerController.h; path = Player/FileController/FilePlayerController.h; sourceTree = "<group>"; };
		95BB3E781403CE2600B64788 /* FilePlayerController.m */ = {isa = PBXFileReference; fileEncoding = 4; lastKnownFileType = sourcecode.c.objc; name = FilePlayerController.m; path = Player/FileController/FilePlayerController.m; sourceTree = "<group>"; };
		95F6DBDD1408E879000F3557 /* cd.png */ = {isa = PBXFileReference; lastKnownFileType = image.png; path = cd.png; sourceTree = "<group>"; };
		95F6DBDF1408E879000F3557 /* disc.png */ = {isa = PBXFileReference; lastKnownFileType = image.png; path = disc.png; sourceTree = "<group>"; };
		95F6DBE11408E879000F3557 /* highlight.png */ = {isa = PBXFileReference; lastKnownFileType = image.png; path = highlight.png; sourceTree = "<group>"; };
		95F6DBEC1408E879000F3557 /* splitter.png */ = {isa = PBXFileReference; lastKnownFileType = image.png; path = splitter.png; sourceTree = "<group>"; };
		95F6DC091408EA43000F3557 /* flac.png */ = {isa = PBXFileReference; lastKnownFileType = image.png; path = flac.png; sourceTree = "<group>"; };
		95F6DC161408ED3A000F3557 /* cue.png */ = {isa = PBXFileReference; lastKnownFileType = image.png; path = cue.png; sourceTree = "<group>"; };
		95F6DC171408ED3A000F3557 /* m3u.png */ = {isa = PBXFileReference; lastKnownFileType = image.png; path = m3u.png; sourceTree = "<group>"; };
		95F6DC1A1408F6E3000F3557 /* MediaLibrary.h */ = {isa = PBXFileReference; fileEncoding = 4; lastKnownFileType = sourcecode.c.h; name = MediaLibrary.h; path = Player/MediaLibrary/Model/MediaLibrary.h; sourceTree = "<group>"; };
		95F6DC1B1408F6E3000F3557 /* MediaLibrary.m */ = {isa = PBXFileReference; fileEncoding = 4; lastKnownFileType = sourcecode.c.objc; name = MediaLibrary.m; path = Player/MediaLibrary/Model/MediaLibrary.m; sourceTree = "<group>"; };
		95F6DC1D1408F6E3000F3557 /* Track.h */ = {isa = PBXFileReference; fileEncoding = 4; lastKnownFileType = sourcecode.c.h; name = Track.h; path = Player/MediaLibrary/Model/Track.h; sourceTree = "<group>"; };
		95F6DC1E1408F6E4000F3557 /* Track.m */ = {isa = PBXFileReference; fileEncoding = 4; lastKnownFileType = sourcecode.c.objc; name = Track.m; path = Player/MediaLibrary/Model/Track.m; sourceTree = "<group>"; };
/* End PBXFileReference section */

/* Begin PBXFrameworksBuildPhase section */
		9517285E13FD38A10089AE61 /* Frameworks */ = {
			isa = PBXFrameworksBuildPhase;
			buildActionMask = 2147483647;
			files = (
				95ADE37C14DD48D000F65A91 /* TagLib.framework in Frameworks */,
				95ADE37A14DD48A100F65A91 /* FLAC.framework in Frameworks */,
				95ADE37514DD488700F65A91 /* CyberLink.framework in Frameworks */,
				95ADE37314DD478100F65A91 /* libz.dylib in Frameworks */,
				3201088596B4756681693705 /* libThree20UICommon.a in Frameworks */,
				320D7DCCE32703ACAB9A45E5 /* libThree20.a in Frameworks */,
				320A737074758E53BA54BE95 /* libThree20UINavigator.a in Frameworks */,
				320A2827FEC940B25BC42C65 /* libThree20Core.a in Frameworks */,
				320F2C48872C2E2C4DF86205 /* libThree20UI.a in Frameworks */,
				320A5A189C235877202780D5 /* libThree20Network.a in Frameworks */,
				320CC833B8AF0ACFD35E6225 /* libThree20Style.a in Frameworks */,
				9517344C1419F474004E51CE /* SystemConfiguration.framework in Frameworks */,
				9522C425140A47DB007FC3F7 /* libxml2.2.dylib in Frameworks */,
				9537ADAF14050B7700FBBBDE /* CoreData.framework in Frameworks */,
				9537AABB1403DD5300FBBBDE /* AVFoundation.framework in Frameworks */,
				320AF8492C47A4D819F7C451 /* QuartzCore.framework in Frameworks */,
				9517291E13FD3CC80089AE61 /* AudioToolbox.framework in Frameworks */,
				9517292013FD3CC80089AE61 /* CoreAudio.framework in Frameworks */,
				9517286613FD38A10089AE61 /* UIKit.framework in Frameworks */,
				9517286813FD38A10089AE61 /* Foundation.framework in Frameworks */,
				9517286A13FD38A10089AE61 /* CoreGraphics.framework in Frameworks */,
			);
			runOnlyForDeploymentPostprocessing = 0;
		};
/* End PBXFrameworksBuildPhase section */

/* Begin PBXGroup section */
		3201088596B4756681693703 /* Products */ = {
			isa = PBXGroup;
			children = (
				3201088596B4756681693704 /* libThree20UICommon.a */,
				9586CEE514DD26390055BA11 /* UICommonUnitTests.octest */,
			);
			name = Products;
			sourceTree = "<group>";
		};
		320A2827FEC940B25BC42C63 /* Products */ = {
			isa = PBXGroup;
			children = (
				320A2827FEC940B25BC42C64 /* libThree20Core.a */,
				9586CED914DD26390055BA11 /* CoreUnitTests.octest */,
			);
			name = Products;
			sourceTree = "<group>";
		};
		320A5A189C235877202780D3 /* Products */ = {
			isa = PBXGroup;
			children = (
				320A5A189C235877202780D4 /* libThree20Network.a */,
				9586CEDC14DD26390055BA11 /* NetworkUnitTests.octest */,
			);
			name = Products;
			sourceTree = "<group>";
		};
		320A737074758E53BA54BE93 /* Products */ = {
			isa = PBXGroup;
			children = (
				320A737074758E53BA54BE94 /* libThree20UINavigator.a */,
				9586CEE814DD26390055BA11 /* UINavigatorUnitTests.octest */,
			);
			name = Products;
			sourceTree = "<group>";
		};
		320CC833B8AF0ACFD35E6223 /* Products */ = {
			isa = PBXGroup;
			children = (
				320CC833B8AF0ACFD35E6224 /* libThree20Style.a */,
				9586CEDF14DD26390055BA11 /* StyleUnitTests.octest */,
			);
			name = Products;
			sourceTree = "<group>";
		};
		320D7DCCE32703ACAB9A45E3 /* Products */ = {
			isa = PBXGroup;
			children = (
				320D7DCCE32703ACAB9A45E4 /* libThree20.a */,
				9586CED614DD26390055BA11 /* Three20UnitTests.octest */,
			);
			name = Products;
			sourceTree = "<group>";
		};
		320F2C48872C2E2C4DF86203 /* Products */ = {
			isa = PBXGroup;
			children = (
				320F2C48872C2E2C4DF86204 /* libThree20UI.a */,
				9586CEE214DD26390055BA11 /* UIUnitTests.octest */,
			);
			name = Products;
			sourceTree = "<group>";
		};
		9517285613FD38A10089AE61 = {
			isa = PBXGroup;
			children = (
				959BD40414122FB700C2CBC8 /* icon.png */,
				959BD40214122F9C00C2CBC8 /* icon@2x.png */,
				9517286B13FD38A10089AE61 /* Origami */,
				9517286413FD38A10089AE61 /* Frameworks */,
				9517286213FD38A10089AE61 /* Products */,
			);
			sourceTree = "<group>";
		};
		9517286213FD38A10089AE61 /* Products */ = {
			isa = PBXGroup;
			children = (
				9517286113FD38A10089AE61 /* Origami.app */,
			);
			name = Products;
			sourceTree = "<group>";
		};
		9517286413FD38A10089AE61 /* Frameworks */ = {
			isa = PBXGroup;
			children = (
				9586CEEA14DD264A0055BA11 /* Three20 */,
				9517288013FD38C30089AE61 /* Linked Frameworks */,
				9517291B13FD3CC80089AE61 /* AudioToolbox.framework */,
				9537ADAE14050B7600FBBBDE /* CoreData.framework */,
				9517291D13FD3CC80089AE61 /* CoreAudio.framework */,
				9517286513FD38A10089AE61 /* UIKit.framework */,
				9517286713FD38A10089AE61 /* Foundation.framework */,
				9517286913FD38A10089AE61 /* CoreGraphics.framework */,
				320AF8492C47A4D819F7C450 /* QuartzCore.framework */,
				9537AABA1403DD5300FBBBDE /* AVFoundation.framework */,
				9517344B1419F474004E51CE /* SystemConfiguration.framework */,
				9522C424140A47DA007FC3F7 /* libxml2.2.dylib */,
				95ADE37214DD478100F65A91 /* libz.dylib */,
			);
			name = Frameworks;
			sourceTree = "<group>";
		};
		9517286B13FD38A10089AE61 /* Origami */ = {
			isa = PBXGroup;
			children = (
				95ADE2FD14DD467100F65A91 /* Audio */,
				9537AAAC1403D73800FBBBDE /* Common */,
				95BB3E521403AD8400B64788 /* Player */,
				95BB3DE21403954C00B64788 /* Navigation */,
				9517287413FD38A10089AE61 /* OrigamiAppDelegate.h */,
				9517287513FD38A10089AE61 /* OrigamiAppDelegate.m */,
				9517287713FD38A10089AE61 /* MainWindow.xib */,
				9517286C13FD38A10089AE61 /* Supporting Files */,
			);
			name = Origami;
			path = Sample;
			sourceTree = "<group>";
		};
		9517286C13FD38A10089AE61 /* Supporting Files */ = {
			isa = PBXGroup;
			children = (
				95F6DBDA1408E879000F3557 /* Icons */,
				95608649140674820099B6AF /* segoeui.TTF */,
				9517286D13FD38A10089AE61 /* Origami-Info.plist */,
				9517286E13FD38A10089AE61 /* InfoPlist.strings */,
				9517287113FD38A10089AE61 /* main.m */,
				9517287313FD38A10089AE61 /* Origami-Prefix.pch */,
			);
			name = "Supporting Files";
			sourceTree = "<group>";
		};
		9517288013FD38C30089AE61 /* Linked Frameworks */ = {
			isa = PBXGroup;
			children = (
				95ADE37B14DD48D000F65A91 /* TagLib.framework */,
				95ADE37914DD48A100F65A91 /* FLAC.framework */,
				95ADE37414DD488600F65A91 /* CyberLink.framework */,
			);
			name = "Linked Frameworks";
			sourceTree = "<group>";
		};
		9537AAAC1403D73800FBBBDE /* Common */ = {
			isa = PBXGroup;
			children = (
				95608646140662110099B6AF /* StyleSheet.h */,
				95608647140662110099B6AF /* StyleSheet.m */,
				9537AAAD1403D83200FBBBDE /* TableUrlItem.h */,
				9537AAAE1403D83200FBBBDE /* TableUrlItem.m */,
				9537ACAE1404E33C00FBBBDE /* NSString+URLEncode.h */,
				9537ACAF1404E33C00FBBBDE /* NSString+URLEncode.m */,
				956E066314052A0F001C53E1 /* TableTrackItem.h */,
				956E066414052A0F001C53E1 /* TableTrackItem.m */,
				95608722140694A20099B6AF /* CustomTableFlushViewCell.h */,
				95608723140694A20099B6AF /* CustomTableFlushViewCell.m */,
				958D23FD1407A9EA00B11133 /* PlayerControlView.h */,
				958D23FE1407A9EA00B11133 /* PlayerControlView.m */,
				951D00BB140961F20059ED65 /* CustomApp.h */,
				951D00BC140961F20059ED65 /* CustomApp.m */,
				9522C449140A684C007FC3F7 /* UPNPHelper.h */,
				9522C44A140A684C007FC3F7 /* UPNPHelper.m */,
				951734481419F2F1004E51CE /* Reachability.h */,
				951734491419F2F1004E51CE /* Reachability.m */,
			);
			name = Common;
			sourceTree = "<group>";
		};
		9537AD0D1404F6AD00FBBBDE /* MediaLibrary */ = {
			isa = PBXGroup;
			children = (
				956088A01406E2120099B6AF /* View */,
				9537AD0E1404F6D400FBBBDE /* Model */,
				9537AD121404FA1500FBBBDE /* LibraryController.h */,
				9537AD131404FA1500FBBBDE /* LibraryController.m */,
				958D2393140779FC00B11133 /* NowPlayingViewController.h */,
				958D2394140779FC00B11133 /* NowPlayingViewController.m */,
				958D2395140779FC00B11133 /* NowPlayingViewController.xib */,
			);
			name = MediaLibrary;
			sourceTree = "<group>";
		};
		9537AD0E1404F6D400FBBBDE /* Model */ = {
			isa = PBXGroup;
			children = (
				9537AD0F1404F6FD00FBBBDE /* MediaLibrary.xcdatamodeld */,
				9537ADAB140502BC00FBBBDE /* MediaLibraryDataSource.h */,
				9537ADAC140502BC00FBBBDE /* MediaLibraryDataSource.m */,
				9537AE0B14050FAD00FBBBDE /* LibraryModelCommon.h */,
				9537AE0C14050FAE00FBBBDE /* LibraryModelCommon.m */,
				95F6DC1A1408F6E3000F3557 /* MediaLibrary.h */,
				95F6DC1B1408F6E3000F3557 /* MediaLibrary.m */,
				95F6DC1D1408F6E3000F3557 /* Track.h */,
				95F6DC1E1408F6E4000F3557 /* Track.m */,
			);
			name = Model;
			sourceTree = "<group>";
		};
		956088A01406E2120099B6AF /* View */ = {
			isa = PBXGroup;
			children = (
				956086CB14067B1B0099B6AF /* AlbumView.h */,
				956086CC14067B1B0099B6AF /* AlbumView.m */,
				956088421406D45A0099B6AF /* TrackView.h */,
				956088431406D45A0099B6AF /* TrackView.m */,
			);
			name = View;
			sourceTree = "<group>";
		};
		9586CEEA14DD264A0055BA11 /* Three20 */ = {
			isa = PBXGroup;
			children = (
				320B6C86F11D9990244A9730 /* Three20.bundle */,
				3201088596B4756681693700 /* Three20UICommon.xcodeproj */,
				320D7DCCE32703ACAB9A45E0 /* Three20.xcodeproj */,
				320A737074758E53BA54BE90 /* Three20UINavigator.xcodeproj */,
				320A2827FEC940B25BC42C60 /* Three20Core.xcodeproj */,
				320F2C48872C2E2C4DF86200 /* Three20UI.xcodeproj */,
				320A5A189C235877202780D0 /* Three20Network.xcodeproj */,
				320CC833B8AF0ACFD35E6220 /* Three20Style.xcodeproj */,
			);
			name = Three20;
			sourceTree = "<group>";
		};
		95ADE2FD14DD467100F65A91 /* Audio */ = {
			isa = PBXGroup;
			children = (
				95ADE2FE14DD467100F65A91 /* TagLib */,
				95ADE2FF14DD467100F65A91 /* FileSource */,
				95ADE30014DD467100F65A91 /* CueSheet */,
				95ADE30114DD467100F65A91 /* Pls */,
				95ADE30214DD467100F65A91 /* M3U */,
				95ADE30314DD467100F65A91 /* HTTPSource */,
				95ADE30414DD467100F65A91 /* CoreAudio */,
				95ADE30514DD467100F65A91 /* Flac */,
				95ADE30614DD467100F65A91 /* Plugin.h */,
				95ADE30714DD467100F65A91 /* AudioPlayer.h */,
				95ADE30814DD467100F65A91 /* AudioPlayer.m */,
				95ADE30914DD467100F65A91 /* AudioContainer.h */,
				95ADE30A14DD467100F65A91 /* AudioContainer.m */,
				95ADE30B14DD467100F65A91 /* AudioDecoder.h */,
				95ADE30C14DD467100F65A91 /* AudioDecoder.m */,
				95ADE30D14DD467100F65A91 /* AudioMetadataReader.h */,
				95ADE30E14DD467100F65A91 /* AudioMetadataReader.m */,
				95ADE30F14DD467100F65A91 /* AudioMetadataWriter.h */,
				95ADE31014DD467100F65A91 /* AudioMetadataWriter.m */,
				95ADE31114DD467100F65A91 /* AudioPropertiesReader.h */,
				95ADE31214DD467100F65A91 /* AudioPropertiesReader.m */,
				95ADE31314DD467100F65A91 /* AudioSource.h */,
				95ADE31414DD467100F65A91 /* AudioSource.m */,
				95ADE31514DD467100F65A91 /* PluginController.h */,
				95ADE31614DD467100F65A91 /* PluginController.m */,
				95ADE31714DD467100F65A91 /* Status.h */,
				95ADE31814DD467100F65A91 /* Helper.h */,
				95ADE31914DD467100F65A91 /* Helper.m */,
				95ADE31A14DD467100F65A91 /* Output */,
				95ADE31B14DD467100F65A91 /* ThirdParty */,
				95ADE31C14DD467100F65A91 /* Utils */,
				95ADE31D14DD467100F65A91 /* Chain */,
			);
			name = Audio;
			path = ../../Audio/Audio;
			sourceTree = "<group>";
		};
		95ADE2FE14DD467100F65A91 /* TagLib */ = {
			isa = PBXGroup;
			children = (
				95ADE31F14DD467100F65A91 /* TagLibMetadataReader.h */,
				95ADE32014DD467100F65A91 /* TagLibMetadataReader.mm */,
			);
			name = TagLib;
			path = ../../Plugins/TagLib/TagLib;
			sourceTree = "<group>";
		};
		95ADE2FF14DD467100F65A91 /* FileSource */ = {
			isa = PBXGroup;
			children = (
				95ADE32114DD467100F65A91 /* FileSource.h */,
				95ADE32214DD467100F65A91 /* FileSource.m */,
			);
			name = FileSource;
			path = ../../Plugins/FileSource/FileSource;
			sourceTree = "<group>";
		};
		95ADE30014DD467100F65A91 /* CueSheet */ = {
			isa = PBXGroup;
			children = (
				95ADE32314DD467100F65A91 /* CueSheetContainer.h */,
				95ADE32414DD467100F65A91 /* CueSheetContainer.m */,
				95ADE32514DD467100F65A91 /* CueSheetDecoder.h */,
				95ADE32614DD467100F65A91 /* CueSheetDecoder.m */,
				95ADE32714DD467100F65A91 /* CueSheetMetadataReader.h */,
				95ADE32814DD467100F65A91 /* CueSheetMetadataReader.m */,
				95ADE32914DD467100F65A91 /* CueSheet.h */,
				95ADE32A14DD467100F65A91 /* CueSheet.m */,
				95ADE32B14DD467100F65A91 /* CueSheetTrack.h */,
				95ADE32C14DD467100F65A91 /* CueSheetTrack.m */,
			);
			name = CueSheet;
			path = ../../Plugins/CueSheet/CueSheet;
			sourceTree = "<group>";
		};
		95ADE30114DD467100F65A91 /* Pls */ = {
			isa = PBXGroup;
			children = (
				95ADE32D14DD467100F65A91 /* PlsContainer.h */,
				95ADE32E14DD467100F65A91 /* PlsContainer.m */,
			);
			name = Pls;
			path = ../../Plugins/Pls/Pls;
			sourceTree = "<group>";
		};
		95ADE30214DD467100F65A91 /* M3U */ = {
			isa = PBXGroup;
			children = (
				95ADE32F14DD467100F65A91 /* M3uContainer.h */,
				95ADE33014DD467100F65A91 /* M3uContainer.m */,
			);
			name = M3U;
			path = ../../Plugins/M3U/M3U;
			sourceTree = "<group>";
		};
		95ADE30314DD467100F65A91 /* HTTPSource */ = {
			isa = PBXGroup;
			children = (
				95ADE33114DD467100F65A91 /* HTTPSource.h */,
				95ADE33214DD467100F65A91 /* HTTPSource.m */,
			);
			name = HTTPSource;
			path = ../../Plugins/HTTPSource/HTTPSource;
			sourceTree = "<group>";
		};
		95ADE30414DD467100F65A91 /* CoreAudio */ = {
			isa = PBXGroup;
			children = (
				95ADE33314DD467100F65A91 /* CoreAudioDecoder.h */,
				95ADE33414DD467100F65A91 /* CoreAudioDecoder.m */,
			);
			name = CoreAudio;
			path = ../../Plugins/CoreAudio/CoreAudio;
			sourceTree = "<group>";
		};
		95ADE30514DD467100F65A91 /* Flac */ = {
			isa = PBXGroup;
			children = (
				95ADE33514DD467100F65A91 /* FlacDecoder.h */,
				95ADE33614DD467100F65A91 /* FlacDecoder.m */,
			);
			name = Flac;
			path = ../../Plugins/Flac/Flac;
			sourceTree = "<group>";
		};
		95ADE31A14DD467100F65A91 /* Output */ = {
			isa = PBXGroup;
			children = (
				95ADE33714DD467100F65A91 /* OutputCoreAudio.h */,
				95ADE33814DD467100F65A91 /* OutputCoreAudio.m */,
			);
			path = Output;
			sourceTree = "<group>";
		};
		95ADE31B14DD467100F65A91 /* ThirdParty */ = {
			isa = PBXGroup;
			children = (
				95ADE33914DD467100F65A91 /* CoreAudioUtils */,
				95ADE33A14DD467100F65A91 /* VirtualRingBuffer */,
			);
			path = ThirdParty;
			sourceTree = "<group>";
		};
		95ADE31C14DD467100F65A91 /* Utils */ = {
			isa = PBXGroup;
			children = (
				95ADE33F14DD467100F65A91 /* Semaphore.h */,
				95ADE34014DD467100F65A91 /* Semaphore.m */,
			);
			path = Utils;
			sourceTree = "<group>";
		};
		95ADE31D14DD467100F65A91 /* Chain */ = {
			isa = PBXGroup;
			children = (
				95ADE34114DD467100F65A91 /* BufferChain.h */,
				95ADE34214DD467100F65A91 /* BufferChain.m */,
				95ADE34314DD467100F65A91 /* ConverterNode.h */,
				95ADE34414DD467100F65A91 /* ConverterNode.m */,
				95ADE34514DD467100F65A91 /* InputNode.h */,
				95ADE34614DD467100F65A91 /* InputNode.m */,
				95ADE34714DD467100F65A91 /* Node.h */,
				95ADE34814DD467100F65A91 /* Node.m */,
				95ADE34914DD467100F65A91 /* OutputNode.h */,
				95ADE34A14DD467100F65A91 /* OutputNode.m */,
			);
			path = Chain;
			sourceTree = "<group>";
		};
		95ADE33914DD467100F65A91 /* CoreAudioUtils */ = {
			isa = PBXGroup;
			children = (
				95ADE33B14DD467100F65A91 /* CoreAudioUtils.h */,
				95ADE33C14DD467100F65A91 /* CoreAudioUtils.m */,
			);
			path = CoreAudioUtils;
			sourceTree = "<group>";
		};
		95ADE33A14DD467100F65A91 /* VirtualRingBuffer */ = {
			isa = PBXGroup;
			children = (
				95ADE33D14DD467100F65A91 /* VirtualRingBuffer.h */,
				95ADE33E14DD467100F65A91 /* VirtualRingBuffer.m */,
			);
			path = VirtualRingBuffer;
			sourceTree = "<group>";
		};
		95BB3DE21403954C00B64788 /* Navigation */ = {
			isa = PBXGroup;
			children = (
				95BB3DE31403957000B64788 /* DirectoryNavigationController.h */,
				95BB3DE41403957000B64788 /* DirectoryNavigationController.m */,
				95BB3DE8140395CA00B64788 /* DirectoryNavigationModel.h */,
				95BB3DE9140395CA00B64788 /* DirectoryNavigationModel.m */,
			);
			path = Navigation;
			sourceTree = "<group>";
		};
		95BB3E521403AD8400B64788 /* Player */ = {
			isa = PBXGroup;
			children = (
				9537AD0D1404F6AD00FBBBDE /* MediaLibrary */,
				95BB3E681403B30B00B64788 /* FileController */,
				95BB3E671403B2EC00B64788 /* ContainerController */,
				95BB3E531403ADD300B64788 /* OOAudioPlayer.h */,
				95BB3E541403ADD300B64788 /* OOAudioPlayer.m */,
			);
			name = Player;
			sourceTree = "<group>";
		};
		95BB3E671403B2EC00B64788 /* ContainerController */ = {
			isa = PBXGroup;
			children = (
				9537AAA71403D64500FBBBDE /* ContainerController.h */,
				9537AAA81403D64500FBBBDE /* ContainerController.m */,
			);
			name = ContainerController;
			sourceTree = "<group>";
		};
		95BB3E681403B30B00B64788 /* FileController */ = {
			isa = PBXGroup;
			children = (
				95BB3E771403CE2600B64788 /* FilePlayerController.h */,
				95BB3E781403CE2600B64788 /* FilePlayerController.m */,
			);
			name = FileController;
			sourceTree = "<group>";
		};
		95F6DBDA1408E879000F3557 /* Icons */ = {
			isa = PBXGroup;
			children = (
				951D00B514095C320059ED65 /* cue@2x.png */,
				951D00B614095C320059ED65 /* flac@2x.png */,
				951D00B714095C320059ED65 /* m3u@2x.png */,
				95F6DC171408ED3A000F3557 /* m3u.png */,
				95F6DC161408ED3A000F3557 /* cue.png */,
				95F6DC091408EA43000F3557 /* flac.png */,
				95F6DBDD1408E879000F3557 /* cd.png */,
				95F6DBDF1408E879000F3557 /* disc.png */,
				95F6DBE11408E879000F3557 /* highlight.png */,
				95F6DBEC1408E879000F3557 /* splitter.png */,
			);
			path = Icons;
			sourceTree = "<group>";
		};
/* End PBXGroup section */

/* Begin PBXNativeTarget section */
		9517286013FD38A10089AE61 /* Origami */ = {
			isa = PBXNativeTarget;
			buildConfigurationList = 9517287C13FD38A10089AE61 /* Build configuration list for PBXNativeTarget "Origami" */;
			buildPhases = (
				9517285D13FD38A10089AE61 /* Sources */,
				9517285E13FD38A10089AE61 /* Frameworks */,
				9517285F13FD38A10089AE61 /* Resources */,
				951729B413FD3E2E0089AE61 /* CopyFiles */,
				9517289C13FD39090089AE61 /* CopyFiles */,
			);
			buildRules = (
			);
			dependencies = (
				3201088596B4756681693701 /* PBXTargetDependency */,
				320D7DCCE32703ACAB9A45E1 /* PBXTargetDependency */,
				320A737074758E53BA54BE91 /* PBXTargetDependency */,
				320A2827FEC940B25BC42C61 /* PBXTargetDependency */,
				320F2C48872C2E2C4DF86201 /* PBXTargetDependency */,
				320A5A189C235877202780D1 /* PBXTargetDependency */,
				320CC833B8AF0ACFD35E6221 /* PBXTargetDependency */,
			);
			name = Origami;
			productName = Sample;
			productReference = 9517286113FD38A10089AE61 /* Origami.app */;
			productType = "com.apple.product-type.application";
		};
/* End PBXNativeTarget section */

/* Begin PBXProject section */
		9517285813FD38A10089AE61 /* Project object */ = {
			isa = PBXProject;
			attributes = {
				LastUpgradeCheck = 0420;
			};
			buildConfigurationList = 9517285B13FD38A10089AE61 /* Build configuration list for PBXProject "Origami" */;
			compatibilityVersion = "Xcode 3.2";
			developmentRegion = English;
			hasScannedForEncodings = 0;
			knownRegions = (
				en,
			);
			mainGroup = 9517285613FD38A10089AE61;
			productRefGroup = 9517286213FD38A10089AE61 /* Products */;
			projectDirPath = "";
			projectReferences = (
				{
					ProductGroup = 320D7DCCE32703ACAB9A45E3 /* Products */;
					ProjectRef = 320D7DCCE32703ACAB9A45E0 /* Three20.xcodeproj */;
				},
				{
					ProductGroup = 320A2827FEC940B25BC42C63 /* Products */;
					ProjectRef = 320A2827FEC940B25BC42C60 /* Three20Core.xcodeproj */;
				},
				{
					ProductGroup = 320A5A189C235877202780D3 /* Products */;
					ProjectRef = 320A5A189C235877202780D0 /* Three20Network.xcodeproj */;
				},
				{
					ProductGroup = 320CC833B8AF0ACFD35E6223 /* Products */;
					ProjectRef = 320CC833B8AF0ACFD35E6220 /* Three20Style.xcodeproj */;
				},
				{
					ProductGroup = 320F2C48872C2E2C4DF86203 /* Products */;
					ProjectRef = 320F2C48872C2E2C4DF86200 /* Three20UI.xcodeproj */;
				},
				{
					ProductGroup = 3201088596B4756681693703 /* Products */;
					ProjectRef = 3201088596B4756681693700 /* Three20UICommon.xcodeproj */;
				},
				{
					ProductGroup = 320A737074758E53BA54BE93 /* Products */;
					ProjectRef = 320A737074758E53BA54BE90 /* Three20UINavigator.xcodeproj */;
				},
			);
			projectRoot = "";
			targets = (
				9517286013FD38A10089AE61 /* Origami */,
			);
		};
/* End PBXProject section */

/* Begin PBXReferenceProxy section */
		3201088596B4756681693704 /* libThree20UICommon.a */ = {
			isa = PBXReferenceProxy;
			fileType = archive.ar;
			path = libThree20UICommon.a;
			remoteRef = 3201088596B4756681693706 /* PBXContainerItemProxy */;
			sourceTree = BUILT_PRODUCTS_DIR;
		};
		320A2827FEC940B25BC42C64 /* libThree20Core.a */ = {
			isa = PBXReferenceProxy;
			fileType = archive.ar;
			path = libThree20Core.a;
			remoteRef = 320A2827FEC940B25BC42C66 /* PBXContainerItemProxy */;
			sourceTree = BUILT_PRODUCTS_DIR;
		};
		320A5A189C235877202780D4 /* libThree20Network.a */ = {
			isa = PBXReferenceProxy;
			fileType = archive.ar;
			path = libThree20Network.a;
			remoteRef = 320A5A189C235877202780D6 /* PBXContainerItemProxy */;
			sourceTree = BUILT_PRODUCTS_DIR;
		};
		320A737074758E53BA54BE94 /* libThree20UINavigator.a */ = {
			isa = PBXReferenceProxy;
			fileType = archive.ar;
			path = libThree20UINavigator.a;
			remoteRef = 320A737074758E53BA54BE96 /* PBXContainerItemProxy */;
			sourceTree = BUILT_PRODUCTS_DIR;
		};
		320CC833B8AF0ACFD35E6224 /* libThree20Style.a */ = {
			isa = PBXReferenceProxy;
			fileType = archive.ar;
			path = libThree20Style.a;
			remoteRef = 320CC833B8AF0ACFD35E6226 /* PBXContainerItemProxy */;
			sourceTree = BUILT_PRODUCTS_DIR;
		};
		320D7DCCE32703ACAB9A45E4 /* libThree20.a */ = {
			isa = PBXReferenceProxy;
			fileType = archive.ar;
			path = libThree20.a;
			remoteRef = 320D7DCCE32703ACAB9A45E6 /* PBXContainerItemProxy */;
			sourceTree = BUILT_PRODUCTS_DIR;
		};
		320F2C48872C2E2C4DF86204 /* libThree20UI.a */ = {
			isa = PBXReferenceProxy;
			fileType = archive.ar;
			path = libThree20UI.a;
			remoteRef = 320F2C48872C2E2C4DF86206 /* PBXContainerItemProxy */;
			sourceTree = BUILT_PRODUCTS_DIR;
		};
		9586CED614DD26390055BA11 /* Three20UnitTests.octest */ = {
			isa = PBXReferenceProxy;
			fileType = wrapper.cfbundle;
			path = Three20UnitTests.octest;
			remoteRef = 9586CED514DD26390055BA11 /* PBXContainerItemProxy */;
			sourceTree = BUILT_PRODUCTS_DIR;
		};
		9586CED914DD26390055BA11 /* CoreUnitTests.octest */ = {
			isa = PBXReferenceProxy;
			fileType = wrapper.cfbundle;
			path = CoreUnitTests.octest;
			remoteRef = 9586CED814DD26390055BA11 /* PBXContainerItemProxy */;
			sourceTree = BUILT_PRODUCTS_DIR;
		};
		9586CEDC14DD26390055BA11 /* NetworkUnitTests.octest */ = {
			isa = PBXReferenceProxy;
			fileType = wrapper.cfbundle;
			path = NetworkUnitTests.octest;
			remoteRef = 9586CEDB14DD26390055BA11 /* PBXContainerItemProxy */;
			sourceTree = BUILT_PRODUCTS_DIR;
		};
		9586CEDF14DD26390055BA11 /* StyleUnitTests.octest */ = {
			isa = PBXReferenceProxy;
			fileType = wrapper.cfbundle;
			path = StyleUnitTests.octest;
			remoteRef = 9586CEDE14DD26390055BA11 /* PBXContainerItemProxy */;
			sourceTree = BUILT_PRODUCTS_DIR;
		};
		9586CEE214DD26390055BA11 /* UIUnitTests.octest */ = {
			isa = PBXReferenceProxy;
			fileType = wrapper.cfbundle;
			path = UIUnitTests.octest;
			remoteRef = 9586CEE114DD26390055BA11 /* PBXContainerItemProxy */;
			sourceTree = BUILT_PRODUCTS_DIR;
		};
		9586CEE514DD26390055BA11 /* UICommonUnitTests.octest */ = {
			isa = PBXReferenceProxy;
			fileType = wrapper.cfbundle;
			path = UICommonUnitTests.octest;
			remoteRef = 9586CEE414DD26390055BA11 /* PBXContainerItemProxy */;
			sourceTree = BUILT_PRODUCTS_DIR;
		};
		9586CEE814DD26390055BA11 /* UINavigatorUnitTests.octest */ = {
			isa = PBXReferenceProxy;
			fileType = wrapper.cfbundle;
			path = UINavigatorUnitTests.octest;
			remoteRef = 9586CEE714DD26390055BA11 /* PBXContainerItemProxy */;
			sourceTree = BUILT_PRODUCTS_DIR;
		};
/* End PBXReferenceProxy section */

/* Begin PBXResourcesBuildPhase section */
		9517285F13FD38A10089AE61 /* Resources */ = {
			isa = PBXResourcesBuildPhase;
			buildActionMask = 2147483647;
			files = (
				320B6C86F11D9990244A9731 /* Three20.bundle in Resources */,
				9517287013FD38A10089AE61 /* InfoPlist.strings in Resources */,
				9517287913FD38A10089AE61 /* MainWindow.xib in Resources */,
				9560864A140674820099B6AF /* segoeui.TTF in Resources */,
				958D2397140779FC00B11133 /* NowPlayingViewController.xib in Resources */,
				95F6DBF41408E879000F3557 /* cd.png in Resources */,
				95F6DBF61408E879000F3557 /* disc.png in Resources */,
				95F6DBF81408E879000F3557 /* highlight.png in Resources */,
				95F6DC031408E879000F3557 /* splitter.png in Resources */,
				95F6DC0A1408EA43000F3557 /* flac.png in Resources */,
				95F6DC181408ED3A000F3557 /* cue.png in Resources */,
				95F6DC191408ED3A000F3557 /* m3u.png in Resources */,
				951D00B814095C320059ED65 /* cue@2x.png in Resources */,
				951D00B914095C320059ED65 /* flac@2x.png in Resources */,
				951D00BA14095C320059ED65 /* m3u@2x.png in Resources */,
				959BD40314122F9D00C2CBC8 /* icon@2x.png in Resources */,
				959BD40514122FB700C2CBC8 /* icon.png in Resources */,
			);
			runOnlyForDeploymentPostprocessing = 0;
		};
/* End PBXResourcesBuildPhase section */

/* Begin PBXSourcesBuildPhase section */
		9517285D13FD38A10089AE61 /* Sources */ = {
			isa = PBXSourcesBuildPhase;
			buildActionMask = 2147483647;
			files = (
				9517287213FD38A10089AE61 /* main.m in Sources */,
				9517287613FD38A10089AE61 /* OrigamiAppDelegate.m in Sources */,
				95BB3DE61403957000B64788 /* DirectoryNavigationController.m in Sources */,
				95BB3DEA140395CA00B64788 /* DirectoryNavigationModel.m in Sources */,
				95BB3E551403ADD300B64788 /* OOAudioPlayer.m in Sources */,
				95BB3E7A1403CE2600B64788 /* FilePlayerController.m in Sources */,
				9537AAAA1403D64500FBBBDE /* ContainerController.m in Sources */,
				9537AAAF1403D83200FBBBDE /* TableUrlItem.m in Sources */,
				9537ACB01404E33C00FBBBDE /* NSString+URLEncode.m in Sources */,
				9537AD111404F6FD00FBBBDE /* MediaLibrary.xcdatamodeld in Sources */,
				9537AD151404FA1500FBBBDE /* LibraryController.m in Sources */,
				9537ADAD140502BD00FBBBDE /* MediaLibraryDataSource.m in Sources */,
				9537AE0D14050FAE00FBBBDE /* LibraryModelCommon.m in Sources */,
				956E066514052A0F001C53E1 /* TableTrackItem.m in Sources */,
				95608648140662110099B6AF /* StyleSheet.m in Sources */,
				956086CD14067B1B0099B6AF /* AlbumView.m in Sources */,
				95608724140694A30099B6AF /* CustomTableFlushViewCell.m in Sources */,
				956088441406D45B0099B6AF /* TrackView.m in Sources */,
				958D2396140779FC00B11133 /* NowPlayingViewController.m in Sources */,
				958D23FF1407A9EB00B11133 /* PlayerControlView.m in Sources */,
				95F6DC1C1408F6E3000F3557 /* MediaLibrary.m in Sources */,
				95F6DC1F1408F6E4000F3557 /* Track.m in Sources */,
				951D00BD140961F20059ED65 /* CustomApp.m in Sources */,
				9522C44B140A684C007FC3F7 /* UPNPHelper.m in Sources */,
				9517344A1419F2F1004E51CE /* Reachability.m in Sources */,
				95ADE34F14DD467100F65A91 /* TagLibMetadataReader.mm in Sources */,
				95ADE35014DD467100F65A91 /* FileSource.m in Sources */,
				95ADE35114DD467100F65A91 /* CueSheetContainer.m in Sources */,
				95ADE35214DD467100F65A91 /* CueSheetDecoder.m in Sources */,
				95ADE35314DD467100F65A91 /* CueSheetMetadataReader.m in Sources */,
				95ADE35414DD467100F65A91 /* CueSheet.m in Sources */,
				95ADE35514DD467100F65A91 /* CueSheetTrack.m in Sources */,
				95ADE35614DD467100F65A91 /* PlsContainer.m in Sources */,
				95ADE35714DD467100F65A91 /* M3uContainer.m in Sources */,
				95ADE35814DD467100F65A91 /* HTTPSource.m in Sources */,
				95ADE35914DD467100F65A91 /* CoreAudioDecoder.m in Sources */,
				95ADE35A14DD467100F65A91 /* FlacDecoder.m in Sources */,
				95ADE35B14DD467100F65A91 /* AudioPlayer.m in Sources */,
				95ADE35C14DD467100F65A91 /* AudioContainer.m in Sources */,
				95ADE35D14DD467100F65A91 /* AudioDecoder.m in Sources */,
				95ADE35E14DD467100F65A91 /* AudioMetadataReader.m in Sources */,
				95ADE35F14DD467100F65A91 /* AudioMetadataWriter.m in Sources */,
				95ADE36014DD467100F65A91 /* AudioPropertiesReader.m in Sources */,
				95ADE36114DD467100F65A91 /* AudioSource.m in Sources */,
				95ADE36214DD467100F65A91 /* PluginController.m in Sources */,
				95ADE36314DD467100F65A91 /* Helper.m in Sources */,
				95ADE36414DD467100F65A91 /* OutputCoreAudio.m in Sources */,
				95ADE36514DD467100F65A91 /* CoreAudioUtils.m in Sources */,
				95ADE36614DD467100F65A91 /* VirtualRingBuffer.m in Sources */,
				95ADE36714DD467100F65A91 /* Semaphore.m in Sources */,
				95ADE36814DD467100F65A91 /* BufferChain.m in Sources */,
				95ADE36914DD467100F65A91 /* ConverterNode.m in Sources */,
				95ADE36A14DD467100F65A91 /* InputNode.m in Sources */,
				95ADE36B14DD467100F65A91 /* Node.m in Sources */,
				95ADE36C14DD467100F65A91 /* OutputNode.m in Sources */,
			);
			runOnlyForDeploymentPostprocessing = 0;
		};
/* End PBXSourcesBuildPhase section */

/* Begin PBXTargetDependency section */
		3201088596B4756681693701 /* PBXTargetDependency */ = {
			isa = PBXTargetDependency;
			name = Three20UICommon;
			targetProxy = 3201088596B4756681693702 /* PBXContainerItemProxy */;
		};
		320A2827FEC940B25BC42C61 /* PBXTargetDependency */ = {
			isa = PBXTargetDependency;
			name = Three20Core;
			targetProxy = 320A2827FEC940B25BC42C62 /* PBXContainerItemProxy */;
		};
		320A5A189C235877202780D1 /* PBXTargetDependency */ = {
			isa = PBXTargetDependency;
			name = Three20Network;
			targetProxy = 320A5A189C235877202780D2 /* PBXContainerItemProxy */;
		};
		320A737074758E53BA54BE91 /* PBXTargetDependency */ = {
			isa = PBXTargetDependency;
			name = Three20UINavigator;
			targetProxy = 320A737074758E53BA54BE92 /* PBXContainerItemProxy */;
		};
		320CC833B8AF0ACFD35E6221 /* PBXTargetDependency */ = {
			isa = PBXTargetDependency;
			name = Three20Style;
			targetProxy = 320CC833B8AF0ACFD35E6222 /* PBXContainerItemProxy */;
		};
		320D7DCCE32703ACAB9A45E1 /* PBXTargetDependency */ = {
			isa = PBXTargetDependency;
			name = Three20;
			targetProxy = 320D7DCCE32703ACAB9A45E2 /* PBXContainerItemProxy */;
		};
		320F2C48872C2E2C4DF86201 /* PBXTargetDependency */ = {
			isa = PBXTargetDependency;
			name = Three20UI;
			targetProxy = 320F2C48872C2E2C4DF86202 /* PBXContainerItemProxy */;
		};
/* End PBXTargetDependency section */

/* Begin PBXVariantGroup section */
		9517286E13FD38A10089AE61 /* InfoPlist.strings */ = {
			isa = PBXVariantGroup;
			children = (
				9517286F13FD38A10089AE61 /* en */,
			);
			name = InfoPlist.strings;
			sourceTree = "<group>";
		};
		9517287713FD38A10089AE61 /* MainWindow.xib */ = {
			isa = PBXVariantGroup;
			children = (
				9517287813FD38A10089AE61 /* en */,
			);
			name = MainWindow.xib;
			sourceTree = "<group>";
		};
/* End PBXVariantGroup section */

/* Begin XCBuildConfiguration section */
		9517287A13FD38A10089AE61 /* Debug */ = {
			isa = XCBuildConfiguration;
			buildSettings = {
				ALWAYS_SEARCH_USER_PATHS = NO;
				ARCHS = "$(ARCHS_STANDARD_32_BIT)";
				"CODE_SIGN_IDENTITY[sdk=iphoneos*]" = "iPhone Developer";
				COPY_PHASE_STRIP = NO;
				FRAMEWORK_SEARCH_PATHS = (
					"\"../Audio-Frameworks/CyberLink\"",
					"\"../Audio-Frameworks/FLAC\"",
					"\"../Audio-Frameworks/taglib_source\"",
				);
				GCC_C_LANGUAGE_STANDARD = gnu99;
				GCC_DYNAMIC_NO_PIC = NO;
				GCC_OPTIMIZATION_LEVEL = 0;
				GCC_PREPROCESSOR_DEFINITIONS = (
					"DEBUG=1",
					"$(inherited)",
				);
				GCC_SYMBOLS_PRIVATE_EXTERN = NO;
				GCC_VERSION = com.apple.compilers.llvmgcc42;
				GCC_WARN_ABOUT_MISSING_PROTOTYPES = YES;
				GCC_WARN_ABOUT_RETURN_TYPE = YES;
				GCC_WARN_UNUSED_VARIABLE = YES;
				HEADER_SEARCH_PATHS = (
					../../three20/Build/Products/three20,
					"$(BUILT_PRODUCTS_DIR)/../three20",
					"$(BUILT_PRODUCTS_DIR)/../../three20",
					../ThirdParty/Three20/Build/Products/three20,
				);
				IPHONEOS_DEPLOYMENT_TARGET = 4.3;
				ONLY_ACTIVE_ARCH = NO;
				OTHER_LDFLAGS = "-ObjC";
				SDKROOT = iphoneos;
				VALID_ARCHS = "armv6 armv7";
			};
			name = Debug;
		};
		9517287B13FD38A10089AE61 /* Release */ = {
			isa = XCBuildConfiguration;
			buildSettings = {
				ALWAYS_SEARCH_USER_PATHS = NO;
				ARCHS = "$(ARCHS_STANDARD_32_BIT)";
				"CODE_SIGN_IDENTITY[sdk=iphoneos*]" = "iPhone Developer";
				COPY_PHASE_STRIP = YES;
				FRAMEWORK_SEARCH_PATHS = (
					"\"../Audio-Frameworks/CyberLink\"",
					"\"../Audio-Frameworks/FLAC\"",
					"\"../Audio-Frameworks/taglib_source\"",
				);
				GCC_C_LANGUAGE_STANDARD = gnu99;
				GCC_VERSION = com.apple.compilers.llvmgcc42;
				GCC_WARN_ABOUT_MISSING_PROTOTYPES = YES;
				GCC_WARN_ABOUT_RETURN_TYPE = YES;
				GCC_WARN_UNUSED_VARIABLE = YES;
				HEADER_SEARCH_PATHS = (
					../../three20/Build/Products/three20,
					"$(BUILT_PRODUCTS_DIR)/../three20",
					"$(BUILT_PRODUCTS_DIR)/../../three20",
					../ThirdParty/Three20/Build/Products/three20,
				);
				IPHONEOS_DEPLOYMENT_TARGET = 4.3;
				ONLY_ACTIVE_ARCH = NO;
				OTHER_CFLAGS = "-DNS_BLOCK_ASSERTIONS=1";
				OTHER_LDFLAGS = "-ObjC";
				SDKROOT = iphoneos;
				VALIDATE_PRODUCT = YES;
				VALID_ARCHS = "armv6 armv7";
			};
			name = Release;
		};
		9517287D13FD38A10089AE61 /* Debug */ = {
			isa = XCBuildConfiguration;
			buildSettings = {
				CODE_SIGN_IDENTITY = "iPhone Developer";
				GCC_PRECOMPILE_PREFIX_HEADER = YES;
				GCC_PREFIX_HEADER = "Sample/Origami-Prefix.pch";
				GCC_VERSION = com.apple.compilers.llvm.clang.1_0;
				GCC_WARN_ABOUT_MISSING_PROTOTYPES = NO;
				INFOPLIST_FILE = "Sample/Origami-Info.plist";
				IPHONEOS_DEPLOYMENT_TARGET = 4.0;
				LIBRARY_SEARCH_PATHS = "";
				PRODUCT_NAME = Origami;
				PROVISIONING_PROFILE = "";
				TARGETED_DEVICE_FAMILY = 1;
				WRAPPER_EXTENSION = app;
			};
			name = Debug;
		};
		9517287E13FD38A10089AE61 /* Release */ = {
			isa = XCBuildConfiguration;
			buildSettings = {
				CODE_SIGN_IDENTITY = "iPhone Developer";
				GCC_PRECOMPILE_PREFIX_HEADER = YES;
				GCC_PREFIX_HEADER = "Sample/Origami-Prefix.pch";
				GCC_VERSION = com.apple.compilers.llvm.clang.1_0;
				GCC_WARN_ABOUT_MISSING_PROTOTYPES = NO;
				INFOPLIST_FILE = "Sample/Origami-Info.plist";
				IPHONEOS_DEPLOYMENT_TARGET = 4.0;
				LIBRARY_SEARCH_PATHS = "";
				PRODUCT_NAME = Origami;
				PROVISIONING_PROFILE = "";
				TARGETED_DEVICE_FAMILY = 1;
				WRAPPER_EXTENSION = app;
			};
			name = Release;
		};
/* End XCBuildConfiguration section */

/* Begin XCConfigurationList section */
		9517285B13FD38A10089AE61 /* Build configuration list for PBXProject "Origami" */ = {
			isa = XCConfigurationList;
			buildConfigurations = (
				9517287A13FD38A10089AE61 /* Debug */,
				9517287B13FD38A10089AE61 /* Release */,
			);
			defaultConfigurationIsVisible = 0;
			defaultConfigurationName = Release;
		};
		9517287C13FD38A10089AE61 /* Build configuration list for PBXNativeTarget "Origami" */ = {
			isa = XCConfigurationList;
			buildConfigurations = (
				9517287D13FD38A10089AE61 /* Debug */,
				9517287E13FD38A10089AE61 /* Release */,
			);
			defaultConfigurationIsVisible = 0;
			defaultConfigurationName = Release;
		};
/* End XCConfigurationList section */

/* Begin XCVersionGroup section */
		9537AD0F1404F6FD00FBBBDE /* MediaLibrary.xcdatamodeld */ = {
			isa = XCVersionGroup;
			children = (
				9537AD101404F6FD00FBBBDE /* MediaLibrary.xcdatamodel */,
			);
			currentVersion = 9537AD101404F6FD00FBBBDE /* MediaLibrary.xcdatamodel */;
			name = MediaLibrary.xcdatamodeld;
			path = Player/MediaLibrary/Model/MediaLibrary.xcdatamodeld;
			sourceTree = "<group>";
			versionGroupType = wrapper.xcdatamodel;
		};
/* End XCVersionGroup section */
	};
	rootObject = 9517285813FD38A10089AE61 /* Project object */;
}
