// !$*UTF8*$!
{
	archiveVersion = 1;
	classes = {
	};
	objectVersion = 46;
	objects = {

/* Begin PBXBuildFile section */
		95BB3BA81402A18D00B64788 /* InfoPlist.strings in Resources */ = {isa = PBXBuildFile; fileRef = 95BB3BA61402A18D00B64788 /* InfoPlist.strings */; };
		95BB3BB01402A1B200B64788 /* UIKit.framework in Frameworks */ = {isa = PBXBuildFile; fileRef = 95BB3BAF1402A1B200B64788 /* UIKit.framework */; };
		95BB3BB21402A1B800B64788 /* Foundation.framework in Frameworks */ = {isa = PBXBuildFile; fileRef = 95BB3BB11402A1B800B64788 /* Foundation.framework */; };
		95BB3BD21402A1E200B64788 /* M3uContainer.m in Sources */ = {isa = PBXBuildFile; fileRef = 95BB3BD11402A1E200B64788 /* M3uContainer.m */; };
/* End PBXBuildFile section */

/* Begin PBXFileReference section */
		95BB3B9A1402A18D00B64788 /* M3U.bundle */ = {isa = PBXFileReference; explicitFileType = wrapper.cfbundle; includeInIndex = 0; path = M3U.bundle; sourceTree = BUILT_PRODUCTS_DIR; };
		95BB3BA11402A18D00B64788 /* CoreData.framework */ = {isa = PBXFileReference; lastKnownFileType = wrapper.framework; name = CoreData.framework; path = System/Library/Frameworks/CoreData.framework; sourceTree = SDKROOT; };
		95BB3BA21402A18D00B64788 /* Foundation.framework */ = {isa = PBXFileReference; lastKnownFileType = wrapper.framework; name = Foundation.framework; path = System/Library/Frameworks/Foundation.framework; sourceTree = SDKROOT; };
		95BB3BA51402A18D00B64788 /* M3U-Info.plist */ = {isa = PBXFileReference; lastKnownFileType = text.plist.xml; path = "M3U-Info.plist"; sourceTree = "<group>"; };
		95BB3BA71402A18D00B64788 /* en */ = {isa = PBXFileReference; lastKnownFileType = text.plist.strings; name = en; path = en.lproj/InfoPlist.strings; sourceTree = "<group>"; };
		95BB3BA91402A18D00B64788 /* M3U-Prefix.pch */ = {isa = PBXFileReference; lastKnownFileType = sourcecode.c.h; path = "M3U-Prefix.pch"; sourceTree = "<group>"; };
		95BB3BAF1402A1B200B64788 /* UIKit.framework */ = {isa = PBXFileReference; lastKnownFileType = wrapper.framework; name = UIKit.framework; path = System/Library/Frameworks/UIKit.framework; sourceTree = SDKROOT; };
		95BB3BB11402A1B800B64788 /* Foundation.framework */ = {isa = PBXFileReference; lastKnownFileType = wrapper.framework; name = Foundation.framework; path = System/Library/Frameworks/Foundation.framework; sourceTree = SDKROOT; };
		95BB3BD01402A1E200B64788 /* M3uContainer.h */ = {isa = PBXFileReference; fileEncoding = 4; lastKnownFileType = sourcecode.c.h; path = M3uContainer.h; sourceTree = "<group>"; };
		95BB3BD11402A1E200B64788 /* M3uContainer.m */ = {isa = PBXFileReference; fileEncoding = 4; lastKnownFileType = sourcecode.c.objc; path = M3uContainer.m; sourceTree = "<group>"; };
		95BB3BD31402A1EF00B64788 /* Plugin.h */ = {isa = PBXFileReference; fileEncoding = 4; lastKnownFileType = sourcecode.c.h; name = Plugin.h; path = ../../../Plugin.h; sourceTree = "<group>"; };
/* End PBXFileReference section */

/* Begin PBXFrameworksBuildPhase section */
		95BB3B971402A18D00B64788 /* Frameworks */ = {
			isa = PBXFrameworksBuildPhase;
			buildActionMask = 2147483647;
			files = (
				95BB3BB21402A1B800B64788 /* Foundation.framework in Frameworks */,
				95BB3BB01402A1B200B64788 /* UIKit.framework in Frameworks */,
			);
			runOnlyForDeploymentPostprocessing = 0;
		};
/* End PBXFrameworksBuildPhase section */

/* Begin PBXGroup section */
		95BB3B8F1402A18C00B64788 = {
			isa = PBXGroup;
			children = (
				95BB3BA31402A18D00B64788 /* M3U */,
				95BB3B9C1402A18D00B64788 /* Frameworks */,
				95BB3B9B1402A18D00B64788 /* Products */,
			);
			sourceTree = "<group>";
		};
		95BB3B9B1402A18D00B64788 /* Products */ = {
			isa = PBXGroup;
			children = (
				95BB3B9A1402A18D00B64788 /* M3U.bundle */,
			);
			name = Products;
			sourceTree = "<group>";
		};
		95BB3B9C1402A18D00B64788 /* Frameworks */ = {
			isa = PBXGroup;
			children = (
				95BB3BB11402A1B800B64788 /* Foundation.framework */,
				95BB3BAF1402A1B200B64788 /* UIKit.framework */,
				95BB3B9F1402A18D00B64788 /* Other Frameworks */,
			);
			name = Frameworks;
			sourceTree = "<group>";
		};
		95BB3B9F1402A18D00B64788 /* Other Frameworks */ = {
			isa = PBXGroup;
			children = (
				95BB3BA11402A18D00B64788 /* CoreData.framework */,
				95BB3BA21402A18D00B64788 /* Foundation.framework */,
			);
			name = "Other Frameworks";
			sourceTree = "<group>";
		};
		95BB3BA31402A18D00B64788 /* M3U */ = {
			isa = PBXGroup;
			children = (
				95BB3BD31402A1EF00B64788 /* Plugin.h */,
				95BB3BD01402A1E200B64788 /* M3uContainer.h */,
				95BB3BD11402A1E200B64788 /* M3uContainer.m */,
				95BB3BA41402A18D00B64788 /* Supporting Files */,
			);
			path = M3U;
			sourceTree = "<group>";
		};
		95BB3BA41402A18D00B64788 /* Supporting Files */ = {
			isa = PBXGroup;
			children = (
				95BB3BA51402A18D00B64788 /* M3U-Info.plist */,
				95BB3BA61402A18D00B64788 /* InfoPlist.strings */,
				95BB3BA91402A18D00B64788 /* M3U-Prefix.pch */,
			);
			name = "Supporting Files";
			sourceTree = "<group>";
		};
/* End PBXGroup section */

/* Begin PBXNativeTarget section */
		95BB3B991402A18D00B64788 /* M3uContainer */ = {
			isa = PBXNativeTarget;
			buildConfigurationList = 95BB3BAC1402A18D00B64788 /* Build configuration list for PBXNativeTarget "M3uContainer" */;
			buildPhases = (
				95BB3B961402A18D00B64788 /* Sources */,
				95BB3B971402A18D00B64788 /* Frameworks */,
				95BB3B981402A18D00B64788 /* Resources */,
			);
			buildRules = (
			);
			dependencies = (
			);
			name = M3uContainer;
			productName = M3U;
			productReference = 95BB3B9A1402A18D00B64788 /* M3U.bundle */;
			productType = "com.apple.product-type.bundle";
		};
/* End PBXNativeTarget section */

/* Begin PBXProject section */
		95BB3B911402A18C00B64788 /* Project object */ = {
			isa = PBXProject;
			attributes = {
				LastUpgradeCheck = 0420;
			};
			buildConfigurationList = 95BB3B941402A18C00B64788 /* Build configuration list for PBXProject "M3U" */;
			compatibilityVersion = "Xcode 3.2";
			developmentRegion = English;
			hasScannedForEncodings = 0;
			knownRegions = (
				en,
			);
			mainGroup = 95BB3B8F1402A18C00B64788;
			productRefGroup = 95BB3B9B1402A18D00B64788 /* Products */;
			projectDirPath = "";
			projectRoot = "";
			targets = (
				95BB3B991402A18D00B64788 /* M3uContainer */,
			);
		};
/* End PBXProject section */

/* Begin PBXResourcesBuildPhase section */
		95BB3B981402A18D00B64788 /* Resources */ = {
			isa = PBXResourcesBuildPhase;
			buildActionMask = 2147483647;
			files = (
				95BB3BA81402A18D00B64788 /* InfoPlist.strings in Resources */,
			);
			runOnlyForDeploymentPostprocessing = 0;
		};
/* End PBXResourcesBuildPhase section */

/* Begin PBXSourcesBuildPhase section */
		95BB3B961402A18D00B64788 /* Sources */ = {
			isa = PBXSourcesBuildPhase;
			buildActionMask = 2147483647;
			files = (
				95BB3BD21402A1E200B64788 /* M3uContainer.m in Sources */,
			);
			runOnlyForDeploymentPostprocessing = 0;
		};
/* End PBXSourcesBuildPhase section */

/* Begin PBXVariantGroup section */
		95BB3BA61402A18D00B64788 /* InfoPlist.strings */ = {
			isa = PBXVariantGroup;
			children = (
				95BB3BA71402A18D00B64788 /* en */,
			);
			name = InfoPlist.strings;
			sourceTree = "<group>";
		};
/* End PBXVariantGroup section */

/* Begin XCBuildConfiguration section */
		95BB3BAA1402A18D00B64788 /* Debug */ = {
			isa = XCBuildConfiguration;
			buildSettings = {
				ALWAYS_SEARCH_USER_PATHS = NO;
				ARCHS = "$(ARCHS_STANDARD_32_BIT)";
				COPY_PHASE_STRIP = NO;
				GCC_C_LANGUAGE_STANDARD = gnu99;
				GCC_DYNAMIC_NO_PIC = NO;
				GCC_ENABLE_OBJC_EXCEPTIONS = YES;
				GCC_OPTIMIZATION_LEVEL = 0;
				GCC_PREPROCESSOR_DEFINITIONS = (
					"DEBUG=1",
					"$(inherited)",
				);
				GCC_SYMBOLS_PRIVATE_EXTERN = NO;
				GCC_VERSION = com.apple.compilers.llvm.clang.1_0;
				GCC_WARN_64_TO_32_BIT_CONVERSION = YES;
				GCC_WARN_ABOUT_MISSING_PROTOTYPES = YES;
				GCC_WARN_ABOUT_RETURN_TYPE = YES;
				GCC_WARN_UNUSED_VARIABLE = YES;
				MACOSX_DEPLOYMENT_TARGET = 10.7;
				ONLY_ACTIVE_ARCH = YES;
				SDKROOT = iphoneos;
			};
			name = Debug;
		};
		95BB3BAB1402A18D00B64788 /* Release */ = {
			isa = XCBuildConfiguration;
			buildSettings = {
				ALWAYS_SEARCH_USER_PATHS = NO;
				ARCHS = "$(ARCHS_STANDARD_32_BIT)";
				COPY_PHASE_STRIP = YES;
				DEBUG_INFORMATION_FORMAT = "dwarf-with-dsym";
				GCC_C_LANGUAGE_STANDARD = gnu99;
				GCC_ENABLE_OBJC_EXCEPTIONS = YES;
				GCC_VERSION = com.apple.compilers.llvm.clang.1_0;
				GCC_WARN_64_TO_32_BIT_CONVERSION = YES;
				GCC_WARN_ABOUT_MISSING_PROTOTYPES = YES;
				GCC_WARN_ABOUT_RETURN_TYPE = YES;
				GCC_WARN_UNUSED_VARIABLE = YES;
				MACOSX_DEPLOYMENT_TARGET = 10.7;
				SDKROOT = iphoneos;
			};
			name = Release;
		};
		95BB3BAD1402A18D00B64788 /* Debug */ = {
			isa = XCBuildConfiguration;
			buildSettings = {
				GCC_PRECOMPILE_PREFIX_HEADER = YES;
				GCC_PREFIX_HEADER = "M3U/M3U-Prefix.pch";
				INFOPLIST_FILE = "M3U/M3U-Info.plist";
				INSTALL_PATH = "$(LOCAL_LIBRARY_DIR)/Bundles";
				PRODUCT_NAME = "$(TARGET_NAME)";
				WRAPPER_EXTENSION = bundle;
			};
			name = Debug;
		};
		95BB3BAE1402A18D00B64788 /* Release */ = {
			isa = XCBuildConfiguration;
			buildSettings = {
				GCC_PRECOMPILE_PREFIX_HEADER = YES;
				GCC_PREFIX_HEADER = "M3U/M3U-Prefix.pch";
				INFOPLIST_FILE = "M3U/M3U-Info.plist";
				INSTALL_PATH = "$(LOCAL_LIBRARY_DIR)/Bundles";
				PRODUCT_NAME = "$(TARGET_NAME)";
				WRAPPER_EXTENSION = bundle;
			};
			name = Release;
		};
/* End XCBuildConfiguration section */

/* Begin XCConfigurationList section */
		95BB3B941402A18C00B64788 /* Build configuration list for PBXProject "M3U" */ = {
			isa = XCConfigurationList;
			buildConfigurations = (
				95BB3BAA1402A18D00B64788 /* Debug */,
				95BB3BAB1402A18D00B64788 /* Release */,
			);
			defaultConfigurationIsVisible = 0;
			defaultConfigurationName = Release;
		};
		95BB3BAC1402A18D00B64788 /* Build configuration list for PBXNativeTarget "M3uContainer" */ = {
			isa = XCConfigurationList;
			buildConfigurations = (
				95BB3BAD1402A18D00B64788 /* Debug */,
				95BB3BAE1402A18D00B64788 /* Release */,
			);
			defaultConfigurationIsVisible = 0;
			defaultConfigurationName = Release;
		};
/* End XCConfigurationList section */
	};
	rootObject = 95BB3B911402A18C00B64788 /* Project object */;
}
