// !$*UTF8*$!
{
	archiveVersion = 1;
	classes = {
	};
	objectVersion = 46;
	objects = {

/* Begin PBXBuildFile section */
		9579AE9A141639960021CB01 /* InfoPlist.strings in Resources */ = {isa = PBXBuildFile; fileRef = 9579AE98141639960021CB01 /* InfoPlist.strings */; };
		9579AEA2141639D70021CB01 /* Foundation.framework in Frameworks */ = {isa = PBXBuildFile; fileRef = 9579AEA1141639D70021CB01 /* Foundation.framework */; };
		9579AEA7141639EF0021CB01 /* CoreAudio.framework in Frameworks */ = {isa = PBXBuildFile; fileRef = 9579AEA6141639EE0021CB01 /* CoreAudio.framework */; };
		9579AEA9141639F40021CB01 /* AudioToolbox.framework in Frameworks */ = {isa = PBXBuildFile; fileRef = 9579AEA8141639F40021CB01 /* AudioToolbox.framework */; };
		9579AEAC14163A040021CB01 /* CoreAudioDecoder.m in Sources */ = {isa = PBXBuildFile; fileRef = 9579AEAB14163A040021CB01 /* CoreAudioDecoder.m */; };
/* End PBXBuildFile section */

/* Begin PBXFileReference section */
		9579AE8C141639960021CB01 /* CoreAudio.bundle */ = {isa = PBXFileReference; explicitFileType = wrapper.cfbundle; includeInIndex = 0; path = CoreAudio.bundle; sourceTree = BUILT_PRODUCTS_DIR; };
		9579AE97141639960021CB01 /* CoreAudio-Info.plist */ = {isa = PBXFileReference; lastKnownFileType = text.plist.xml; path = "CoreAudio-Info.plist"; sourceTree = "<group>"; };
		9579AE99141639960021CB01 /* en */ = {isa = PBXFileReference; lastKnownFileType = text.plist.strings; name = en; path = en.lproj/InfoPlist.strings; sourceTree = "<group>"; };
		9579AE9B141639960021CB01 /* CoreAudio-Prefix.pch */ = {isa = PBXFileReference; lastKnownFileType = sourcecode.c.h; path = "CoreAudio-Prefix.pch"; sourceTree = "<group>"; };
		9579AEA1141639D70021CB01 /* Foundation.framework */ = {isa = PBXFileReference; lastKnownFileType = wrapper.framework; name = Foundation.framework; path = System/Library/Frameworks/Foundation.framework; sourceTree = SDKROOT; };
		9579AEA6141639EE0021CB01 /* CoreAudio.framework */ = {isa = PBXFileReference; lastKnownFileType = wrapper.framework; name = CoreAudio.framework; path = System/Library/Frameworks/CoreAudio.framework; sourceTree = SDKROOT; };
		9579AEA8141639F40021CB01 /* AudioToolbox.framework */ = {isa = PBXFileReference; lastKnownFileType = wrapper.framework; name = AudioToolbox.framework; path = System/Library/Frameworks/AudioToolbox.framework; sourceTree = SDKROOT; };
		9579AEAA14163A040021CB01 /* CoreAudioDecoder.h */ = {isa = PBXFileReference; fileEncoding = 4; lastKnownFileType = sourcecode.c.h; path = CoreAudioDecoder.h; sourceTree = "<group>"; };
		9579AEAB14163A040021CB01 /* CoreAudioDecoder.m */ = {isa = PBXFileReference; fileEncoding = 4; lastKnownFileType = sourcecode.c.objc; path = CoreAudioDecoder.m; sourceTree = "<group>"; };
		9579AEAD14163A150021CB01 /* Plugin.h */ = {isa = PBXFileReference; fileEncoding = 4; lastKnownFileType = sourcecode.c.h; name = Plugin.h; path = ../../../Plugin.h; sourceTree = "<group>"; };
/* End PBXFileReference section */

/* Begin PBXFrameworksBuildPhase section */
		9579AE89141639960021CB01 /* Frameworks */ = {
			isa = PBXFrameworksBuildPhase;
			buildActionMask = 2147483647;
			files = (
				9579AEA9141639F40021CB01 /* AudioToolbox.framework in Frameworks */,
				9579AEA7141639EF0021CB01 /* CoreAudio.framework in Frameworks */,
				9579AEA2141639D70021CB01 /* Foundation.framework in Frameworks */,
			);
			runOnlyForDeploymentPostprocessing = 0;
		};
/* End PBXFrameworksBuildPhase section */

/* Begin PBXGroup section */
		9579AE81141639960021CB01 = {
			isa = PBXGroup;
			children = (
				9579AE95141639960021CB01 /* CoreAudio */,
				9579AE8E141639960021CB01 /* Frameworks */,
				9579AE8D141639960021CB01 /* Products */,
			);
			sourceTree = "<group>";
		};
		9579AE8D141639960021CB01 /* Products */ = {
			isa = PBXGroup;
			children = (
				9579AE8C141639960021CB01 /* CoreAudio.bundle */,
			);
			name = Products;
			sourceTree = "<group>";
		};
		9579AE8E141639960021CB01 /* Frameworks */ = {
			isa = PBXGroup;
			children = (
				9579AEA8141639F40021CB01 /* AudioToolbox.framework */,
				9579AEA6141639EE0021CB01 /* CoreAudio.framework */,
				9579AEA1141639D70021CB01 /* Foundation.framework */,
				9579AE91141639960021CB01 /* Other Frameworks */,
			);
			name = Frameworks;
			sourceTree = "<group>";
		};
		9579AE91141639960021CB01 /* Other Frameworks */ = {
			isa = PBXGroup;
			children = (
			);
			name = "Other Frameworks";
			sourceTree = "<group>";
		};
		9579AE95141639960021CB01 /* CoreAudio */ = {
			isa = PBXGroup;
			children = (
				9579AEAA14163A040021CB01 /* CoreAudioDecoder.h */,
				9579AEAB14163A040021CB01 /* CoreAudioDecoder.m */,
				9579AEAD14163A150021CB01 /* Plugin.h */,
				9579AE96141639960021CB01 /* Supporting Files */,
			);
			path = CoreAudio;
			sourceTree = "<group>";
		};
		9579AE96141639960021CB01 /* Supporting Files */ = {
			isa = PBXGroup;
			children = (
				9579AE97141639960021CB01 /* CoreAudio-Info.plist */,
				9579AE98141639960021CB01 /* InfoPlist.strings */,
				9579AE9B141639960021CB01 /* CoreAudio-Prefix.pch */,
			);
			name = "Supporting Files";
			sourceTree = "<group>";
		};
/* End PBXGroup section */

/* Begin PBXNativeTarget section */
		9579AE8B141639960021CB01 /* CoreAudio */ = {
			isa = PBXNativeTarget;
			buildConfigurationList = 9579AE9E141639960021CB01 /* Build configuration list for PBXNativeTarget "CoreAudio" */;
			buildPhases = (
				9579AE88141639960021CB01 /* Sources */,
				9579AE89141639960021CB01 /* Frameworks */,
				9579AE8A141639960021CB01 /* Resources */,
			);
			buildRules = (
			);
			dependencies = (
			);
			name = CoreAudio;
			productName = CoreAudio;
			productReference = 9579AE8C141639960021CB01 /* CoreAudio.bundle */;
			productType = "com.apple.product-type.bundle";
		};
/* End PBXNativeTarget section */

/* Begin PBXProject section */
		9579AE83141639960021CB01 /* Project object */ = {
			isa = PBXProject;
			buildConfigurationList = 9579AE86141639960021CB01 /* Build configuration list for PBXProject "CoreAudio" */;
			compatibilityVersion = "Xcode 3.2";
			developmentRegion = English;
			hasScannedForEncodings = 0;
			knownRegions = (
				en,
			);
			mainGroup = 9579AE81141639960021CB01;
			productRefGroup = 9579AE8D141639960021CB01 /* Products */;
			projectDirPath = "";
			projectRoot = "";
			targets = (
				9579AE8B141639960021CB01 /* CoreAudio */,
			);
		};
/* End PBXProject section */

/* Begin PBXResourcesBuildPhase section */
		9579AE8A141639960021CB01 /* Resources */ = {
			isa = PBXResourcesBuildPhase;
			buildActionMask = 2147483647;
			files = (
				9579AE9A141639960021CB01 /* InfoPlist.strings in Resources */,
			);
			runOnlyForDeploymentPostprocessing = 0;
		};
/* End PBXResourcesBuildPhase section */

/* Begin PBXSourcesBuildPhase section */
		9579AE88141639960021CB01 /* Sources */ = {
			isa = PBXSourcesBuildPhase;
			buildActionMask = 2147483647;
			files = (
				9579AEAC14163A040021CB01 /* CoreAudioDecoder.m in Sources */,
			);
			runOnlyForDeploymentPostprocessing = 0;
		};
/* End PBXSourcesBuildPhase section */

/* Begin PBXVariantGroup section */
		9579AE98141639960021CB01 /* InfoPlist.strings */ = {
			isa = PBXVariantGroup;
			children = (
				9579AE99141639960021CB01 /* en */,
			);
			name = InfoPlist.strings;
			sourceTree = "<group>";
		};
/* End PBXVariantGroup section */

/* Begin XCBuildConfiguration section */
		9579AE9C141639960021CB01 /* Debug */ = {
			isa = XCBuildConfiguration;
			buildSettings = {
				ALWAYS_SEARCH_USER_PATHS = NO;
				ARCHS = "$(ARCHS_STANDARD_32_BIT)";
				COPY_PHASE_STRIP = NO;
				GCC_C_LANGUAGE_STANDARD = "compiler-default";
				GCC_DYNAMIC_NO_PIC = NO;
				GCC_ENABLE_OBJC_EXCEPTIONS = YES;
				GCC_OPTIMIZATION_LEVEL = 0;
				GCC_PREPROCESSOR_DEFINITIONS = "$(inherited)";
				GCC_SYMBOLS_PRIVATE_EXTERN = NO;
				GCC_VERSION = com.apple.compilers.llvm.clang.1_0;
				GCC_WARN_64_TO_32_BIT_CONVERSION = YES;
				GCC_WARN_ABOUT_MISSING_PROTOTYPES = YES;
				GCC_WARN_ABOUT_RETURN_TYPE = YES;
				GCC_WARN_UNUSED_VARIABLE = YES;
				MACOSX_DEPLOYMENT_TARGET = 10.7;
				ONLY_ACTIVE_ARCH = YES;
				SDKROOT = iphoneos;
			};
			name = Debug;
		};
		9579AE9D141639960021CB01 /* Release */ = {
			isa = XCBuildConfiguration;
			buildSettings = {
				ALWAYS_SEARCH_USER_PATHS = NO;
				ARCHS = "$(ARCHS_STANDARD_32_BIT)";
				COPY_PHASE_STRIP = YES;
				DEBUG_INFORMATION_FORMAT = "dwarf-with-dsym";
				GCC_C_LANGUAGE_STANDARD = "compiler-default";
				GCC_ENABLE_OBJC_EXCEPTIONS = YES;
				GCC_VERSION = com.apple.compilers.llvm.clang.1_0;
				GCC_WARN_64_TO_32_BIT_CONVERSION = YES;
				GCC_WARN_ABOUT_MISSING_PROTOTYPES = YES;
				GCC_WARN_ABOUT_RETURN_TYPE = YES;
				GCC_WARN_UNUSED_VARIABLE = YES;
				MACOSX_DEPLOYMENT_TARGET = 10.7;
				SDKROOT = iphoneos;
			};
			name = Release;
		};
		9579AE9F141639960021CB01 /* Debug */ = {
			isa = XCBuildConfiguration;
			buildSettings = {
				GCC_PRECOMPILE_PREFIX_HEADER = YES;
				GCC_PREFIX_HEADER = "CoreAudio/CoreAudio-Prefix.pch";
				INFOPLIST_FILE = "CoreAudio/CoreAudio-Info.plist";
				INSTALL_PATH = "$(LOCAL_LIBRARY_DIR)/Bundles";
				PRODUCT_NAME = "$(TARGET_NAME)";
				WRAPPER_EXTENSION = bundle;
			};
			name = Debug;
		};
		9579AEA0141639960021CB01 /* Release */ = {
			isa = XCBuildConfiguration;
			buildSettings = {
				GCC_PRECOMPILE_PREFIX_HEADER = YES;
				GCC_PREFIX_HEADER = "CoreAudio/CoreAudio-Prefix.pch";
				INFOPLIST_FILE = "CoreAudio/CoreAudio-Info.plist";
				INSTALL_PATH = "$(LOCAL_LIBRARY_DIR)/Bundles";
				PRODUCT_NAME = "$(TARGET_NAME)";
				WRAPPER_EXTENSION = bundle;
			};
			name = Release;
		};
/* End XCBuildConfiguration section */

/* Begin XCConfigurationList section */
		9579AE86141639960021CB01 /* Build configuration list for PBXProject "CoreAudio" */ = {
			isa = XCConfigurationList;
			buildConfigurations = (
				9579AE9C141639960021CB01 /* Debug */,
				9579AE9D141639960021CB01 /* Release */,
			);
			defaultConfigurationIsVisible = 0;
			defaultConfigurationName = Release;
		};
		9579AE9E141639960021CB01 /* Build configuration list for PBXNativeTarget "CoreAudio" */ = {
			isa = XCConfigurationList;
			buildConfigurations = (
				9579AE9F141639960021CB01 /* Debug */,
				9579AEA0141639960021CB01 /* Release */,
			);
			defaultConfigurationIsVisible = 0;
			defaultConfigurationName = Release;
		};
/* End XCConfigurationList section */
	};
	rootObject = 9579AE83141639960021CB01 /* Project object */;
}
